Microsoft Visual Studio Solution File, Format Version 9.00
# Visual Studio 2005
Project("{FAE04EC0-301F-11D3-BF4B-00C04F79EFBC}") = "Rb.Core", "..\Source\Rb.Core\Rb.Core.csproj", "{35CE14A7-E205-4B2B-ABF7-F1303673E8BA}"
EndProject
Project("{FAE04EC0-301F-11D3-BF4B-00C04F79EFBC}") = "Rb.Rendering", "..\Source\Rb.Rendering\Rb.Rendering.csproj", "{EC130734-6F0F-402B-8215-9F133F0ADEE4}"
EndProject
Project("{FAE04EC0-301F-11D3-BF4B-00C04F79EFBC}") = "Rb.Log", "..\Source\Rb.Log\Rb.Log.csproj", "{55C5FE75-D492-41DE-B355-4D2681ADA1A0}"
EndProject
Project("{FAE04EC0-301F-11D3-BF4B-00C04F79EFBC}") = "Rb.Log.Controls", "..\Source\Rb.Log.Controls\Rb.Log.Controls.csproj", "{AE4AA2A9-8D98-4F63-8ADF-561B3BF14D66}"
EndProject
Project("{FAE04EC0-301F-11D3-BF4B-00C04F79EFBC}") = "Rb.Log.Controls.Vs", "..\Source\Rb.Log.Controls.Vs\Rb.Log.Controls.Vs.csproj", "{592DDD2E-6E38-4EB1-AD47-800193530D3B}"
EndProject
Project("{FAE04EC0-301F-11D3-BF4B-00C04F79EFBC}") = "Rb.Network", "..\Source\Rb.Network\Rb.Network.csproj", "{A48EA0E0-8CB6-43F0-A4C0-CAE1544BECF0}"
EndProject
Project("{FAE04EC0-301F-11D3-BF4B-00C04F79EFBC}") = "Rb.AssemblySelector", "..\Source\Rb.AssemblySelector\Rb.AssemblySelector.csproj", "{2097B22A-91A5-4CFF-8CCB-846A10523CB9}"
EndProject
Project("{FAE04EC0-301F-11D3-BF4B-00C04F79EFBC}") = "Rb.Interaction", "..\Source\Rb.Interaction\Rb.Interaction.csproj", "{2C6A42E3-125C-4885-8D00-EBA1D271A6BA}"
EndProject
Project("{FAE04EC0-301F-11D3-BF4B-00C04F79EFBC}") = "Rb.Interaction.Windows", "..\Source\Rb.Interaction.Windows\Rb.Interaction.Windows.csproj", "{4ECD7CBC-1D3E-4C87-852E-77488B549711}"
EndProject
Project("{FAE04EC0-301F-11D3-BF4B-00C04F79EFBC}") = "Rb.Animation", "..\Source\Rb.Animation\Rb.Animation.csproj", "{0BC4E246-A4E1-431C-AC93-395AE22188E1}"
EndProject
Project("{FAE04EC0-301F-11D3-BF4B-00C04F79EFBC}") = "Rb.ComponentXmlLoader", "..\Source\Rb.ComponentXmlLoader\Rb.ComponentXmlLoader.csproj", "{61B562C4-66D5-4048-B482-858A791249A2}"
EndProject
Project("{FAE04EC0-301F-11D3-BF4B-00C04F79EFBC}") = "Rb.Muesli", "..\Source\Rb.Muesli\Rb.Muesli.csproj", "{B8CB331A-D8D9-48B6-ACBF-2276EC294427}"
EndProject
Project("{FAE04EC0-301F-11D3-BF4B-00C04F79EFBC}") = "Rb.Rendering.OpenGl", "..\Source\Rb.Rendering.OpenGl\Rb.Rendering.OpenGl.csproj", "{19DCB365-3040-4431-86E9-29183FA34EF7}"
EndProject
Project("{FAE04EC0-301F-11D3-BF4B-00C04F79EFBC}") = "Rb.Rendering.OpenGl.Windows", "..\Source\Rb.Rendering.OpenGl.Windows\Rb.Rendering.OpenGl.Windows.csproj", "{F2F59120-9F01-4910-BB19-16FA628AE56C}"
EndProject
Project("{FAE04EC0-301F-11D3-BF4B-00C04F79EFBC}") = "Rb.Rendering.Windows", "..\Source\Rb.Rendering.Windows\Rb.Rendering.Windows.csproj", "{39A57BC2-BE73-41A7-BBC2-A9D0C28D5A06}"
EndProject
Project("{FAE04EC0-301F-11D3-BF4B-00C04F79EFBC}") = "Rb.World", "..\Source\Rb.World\Rb.World.csproj", "{46980366-998B-4178-87B7-B04DD3B21979}"
EndProject
Project("{FAE04EC0-301F-11D3-BF4B-00C04F79EFBC}") = "Poc0.Core", "Source\Poc0.Core\Poc0.Core.csproj", "{FBEDE7DA-1ADD-424D-9EBE-48179585DE45}"
EndProject
Project("{FAE04EC0-301F-11D3-BF4B-00C04F79EFBC}") = "Poc0.LevelEditor", "Source\Poc0.LevelEditor\Poc0.LevelEditor.csproj", "{F224FA4B-D756-425B-BC3E-5CDC4E5A5F8B}"
	ProjectSection(ProjectDependencies) = postProject
		{F2F59120-9F01-4910-BB19-16FA628AE56C} = {F2F59120-9F01-4910-BB19-16FA628AE56C}
		{0BC4E246-A4E1-431C-AC93-395AE22188E1} = {0BC4E246-A4E1-431C-AC93-395AE22188E1}
		{19DCB365-3040-4431-86E9-29183FA34EF7} = {19DCB365-3040-4431-86E9-29183FA34EF7}
		{0DF278D5-B9D4-4BA0-90DC-E89F04FFC783} = {0DF278D5-B9D4-4BA0-90DC-E89F04FFC783}
		{A4E5C0BF-B76D-425D-8439-B07EB6B29444} = {A4E5C0BF-B76D-425D-8439-B07EB6B29444}
		{A48EA0E0-8CB6-43F0-A4C0-CAE1544BECF0} = {A48EA0E0-8CB6-43F0-A4C0-CAE1544BECF0}
	EndProjectSection
EndProject
Project("{FAE04EC0-301F-11D3-BF4B-00C04F79EFBC}") = "Poc0.LevelEditor.Core", "Source\Poc0.LevelEditor.Core\Poc0.LevelEditor.Core.csproj", "{7FD7B8DD-BBED-4AF7-9339-6F823540727E}"
EndProject
Project("{FAE04EC0-301F-11D3-BF4B-00C04F79EFBC}") = "Rb.Core.Assets.Windows", "..\Source\Rb.Core.Assets.Windows\Rb.Core.Assets.Windows.csproj", "{4A4B51E0-EE5D-4627-9192-542BA6FA8A7A}"
EndProject
Project("{FAE04EC0-301F-11D3-BF4B-00C04F79EFBC}") = "Rb.NiceControls", "..\Source\Rb.NiceControls\Rb.NiceControls.csproj", "{A4E5C0BF-B76D-425D-8439-B07EB6B29444}"
EndProject
Project("{FAE04EC0-301F-11D3-BF4B-00C04F79EFBC}") = "Rb.Rendering.OpenGl.Md3Loader", "..\Source\Rb.Rendering.OpenGl.Md3Loader\Rb.Rendering.OpenGl.Md3Loader.csproj", "{0DF278D5-B9D4-4BA0-90DC-E89F04FFC783}"
EndProject
Project("{FAE04EC0-301F-11D3-BF4B-00C04F79EFBC}") = "Rb.AppCore", "..\Source\Rb.AppCore\Rb.AppCore.csproj", "{51095D19-F325-49A4-89C1-18FA270515FD}"
EndProject
Project("{FAE04EC0-301F-11D3-BF4B-00C04F79EFBC}") = "Poc0.Core.Rendering.OpenGl", "Source\Poc0.Core.Rendering.OpenGl\Poc0.Core.Rendering.OpenGl.csproj", "{283867CD-C9C1-4953-8AD7-F7704C8D5913}"
EndProject
Project("{FAE04EC0-301F-11D3-BF4B-00C04F79EFBC}") = "Rb.Tools.LevelEditor.Core", "..\Tools\Source\Rb.Tools.LevelEditor.Core\Rb.Tools.LevelEditor.Core.csproj", "{CC99B187-FFD0-43C3-904C-7EA8CBCA9CF3}"
EndProject
Global
	GlobalSection(SolutionConfigurationPlatforms) = preSolution
		Debug|Any CPU = Debug|Any CPU
		NDoc|Any CPU = NDoc|Any CPU
		Release|Any CPU = Release|Any CPU
	EndGlobalSection
	GlobalSection(ProjectConfigurationPlatforms) = postSolution
		{35CE14A7-E205-4B2B-ABF7-F1303673E8BA}.Debug|Any CPU.ActiveCfg = Debug|Any CPU
		{35CE14A7-E205-4B2B-ABF7-F1303673E8BA}.Debug|Any CPU.Build.0 = Debug|Any CPU
		{35CE14A7-E205-4B2B-ABF7-F1303673E8BA}.NDoc|Any CPU.ActiveCfg = NDoc|Any CPU
		{35CE14A7-E205-4B2B-ABF7-F1303673E8BA}.NDoc|Any CPU.Build.0 = NDoc|Any CPU
		{35CE14A7-E205-4B2B-ABF7-F1303673E8BA}.Release|Any CPU.ActiveCfg = Release|Any CPU
		{35CE14A7-E205-4B2B-ABF7-F1303673E8BA}.Release|Any CPU.Build.0 = Release|Any CPU
		{EC130734-6F0F-402B-8215-9F133F0ADEE4}.Debug|Any CPU.ActiveCfg = Debug|Any CPU
		{EC130734-6F0F-402B-8215-9F133F0ADEE4}.Debug|Any CPU.Build.0 = Debug|Any CPU
		{EC130734-6F0F-402B-8215-9F133F0ADEE4}.NDoc|Any CPU.ActiveCfg = NDoc|Any CPU
		{EC130734-6F0F-402B-8215-9F133F0ADEE4}.NDoc|Any CPU.Build.0 = NDoc|Any CPU
		{EC130734-6F0F-402B-8215-9F133F0ADEE4}.Release|Any CPU.ActiveCfg = Release|Any CPU
		{EC130734-6F0F-402B-8215-9F133F0ADEE4}.Release|Any CPU.Build.0 = Release|Any CPU
		{55C5FE75-D492-41DE-B355-4D2681ADA1A0}.Debug|Any CPU.ActiveCfg = Debug|Any CPU
		{55C5FE75-D492-41DE-B355-4D2681ADA1A0}.Debug|Any CPU.Build.0 = Debug|Any CPU
		{55C5FE75-D492-41DE-B355-4D2681ADA1A0}.NDoc|Any CPU.ActiveCfg = NDoc|Any CPU
		{55C5FE75-D492-41DE-B355-4D2681ADA1A0}.NDoc|Any CPU.Build.0 = NDoc|Any CPU
		{55C5FE75-D492-41DE-B355-4D2681ADA1A0}.Release|Any CPU.ActiveCfg = Release|Any CPU
		{55C5FE75-D492-41DE-B355-4D2681ADA1A0}.Release|Any CPU.Build.0 = Release|Any CPU
		{AE4AA2A9-8D98-4F63-8ADF-561B3BF14D66}.Debug|Any CPU.ActiveCfg = Debug|Any CPU
		{AE4AA2A9-8D98-4F63-8ADF-561B3BF14D66}.Debug|Any CPU.Build.0 = Debug|Any CPU
		{AE4AA2A9-8D98-4F63-8ADF-561B3BF14D66}.NDoc|Any CPU.ActiveCfg = NDoc|Any CPU
		{AE4AA2A9-8D98-4F63-8ADF-561B3BF14D66}.NDoc|Any CPU.Build.0 = NDoc|Any CPU
		{AE4AA2A9-8D98-4F63-8ADF-561B3BF14D66}.Release|Any CPU.ActiveCfg = Release|Any CPU
		{AE4AA2A9-8D98-4F63-8ADF-561B3BF14D66}.Release|Any CPU.Build.0 = Release|Any CPU
		{592DDD2E-6E38-4EB1-AD47-800193530D3B}.Debug|Any CPU.ActiveCfg = Debug|Any CPU
		{592DDD2E-6E38-4EB1-AD47-800193530D3B}.Debug|Any CPU.Build.0 = Debug|Any CPU
		{592DDD2E-6E38-4EB1-AD47-800193530D3B}.NDoc|Any CPU.ActiveCfg = NDoc|Any CPU
		{592DDD2E-6E38-4EB1-AD47-800193530D3B}.NDoc|Any CPU.Build.0 = NDoc|Any CPU
		{592DDD2E-6E38-4EB1-AD47-800193530D3B}.Release|Any CPU.ActiveCfg = Release|Any CPU
		{592DDD2E-6E38-4EB1-AD47-800193530D3B}.Release|Any CPU.Build.0 = Release|Any CPU
		{A48EA0E0-8CB6-43F0-A4C0-CAE1544BECF0}.Debug|Any CPU.ActiveCfg = Debug|Any CPU
		{A48EA0E0-8CB6-43F0-A4C0-CAE1544BECF0}.Debug|Any CPU.Build.0 = Debug|Any CPU
		{A48EA0E0-8CB6-43F0-A4C0-CAE1544BECF0}.NDoc|Any CPU.ActiveCfg = NDoc|Any CPU
		{A48EA0E0-8CB6-43F0-A4C0-CAE1544BECF0}.NDoc|Any CPU.Build.0 = NDoc|Any CPU
		{A48EA0E0-8CB6-43F0-A4C0-CAE1544BECF0}.Release|Any CPU.ActiveCfg = Release|Any CPU
		{A48EA0E0-8CB6-43F0-A4C0-CAE1544BECF0}.Release|Any CPU.Build.0 = Release|Any CPU
		{2097B22A-91A5-4CFF-8CCB-846A10523CB9}.Debug|Any CPU.ActiveCfg = Debug|Any CPU
		{2097B22A-91A5-4CFF-8CCB-846A10523CB9}.Debug|Any CPU.Build.0 = Debug|Any CPU
		{2097B22A-91A5-4CFF-8CCB-846A10523CB9}.NDoc|Any CPU.ActiveCfg = NDoc|Any CPU
		{2097B22A-91A5-4CFF-8CCB-846A10523CB9}.NDoc|Any CPU.Build.0 = NDoc|Any CPU
		{2097B22A-91A5-4CFF-8CCB-846A10523CB9}.Release|Any CPU.ActiveCfg = Release|Any CPU
		{2097B22A-91A5-4CFF-8CCB-846A10523CB9}.Release|Any CPU.Build.0 = Release|Any CPU
		{2C6A42E3-125C-4885-8D00-EBA1D271A6BA}.Debug|Any CPU.ActiveCfg = Debug|Any CPU
		{2C6A42E3-125C-4885-8D00-EBA1D271A6BA}.Debug|Any CPU.Build.0 = Debug|Any CPU
		{2C6A42E3-125C-4885-8D00-EBA1D271A6BA}.NDoc|Any CPU.ActiveCfg = NDoc|Any CPU
		{2C6A42E3-125C-4885-8D00-EBA1D271A6BA}.NDoc|Any CPU.Build.0 = NDoc|Any CPU
		{2C6A42E3-125C-4885-8D00-EBA1D271A6BA}.Release|Any CPU.ActiveCfg = Release|Any CPU
		{2C6A42E3-125C-4885-8D00-EBA1D271A6BA}.Release|Any CPU.Build.0 = Release|Any CPU
		{4ECD7CBC-1D3E-4C87-852E-77488B549711}.Debug|Any CPU.ActiveCfg = Debug|Any CPU
		{4ECD7CBC-1D3E-4C87-852E-77488B549711}.Debug|Any CPU.Build.0 = Debug|Any CPU
		{4ECD7CBC-1D3E-4C87-852E-77488B549711}.NDoc|Any CPU.ActiveCfg = NDoc|Any CPU
		{4ECD7CBC-1D3E-4C87-852E-77488B549711}.NDoc|Any CPU.Build.0 = NDoc|Any CPU
		{4ECD7CBC-1D3E-4C87-852E-77488B549711}.Release|Any CPU.ActiveCfg = Release|Any CPU
		{4ECD7CBC-1D3E-4C87-852E-77488B549711}.Release|Any CPU.Build.0 = Release|Any CPU
		{0BC4E246-A4E1-431C-AC93-395AE22188E1}.Debug|Any CPU.ActiveCfg = Debug|Any CPU
		{0BC4E246-A4E1-431C-AC93-395AE22188E1}.Debug|Any CPU.Build.0 = Debug|Any CPU
		{0BC4E246-A4E1-431C-AC93-395AE22188E1}.NDoc|Any CPU.ActiveCfg = NDoc|Any CPU
		{0BC4E246-A4E1-431C-AC93-395AE22188E1}.NDoc|Any CPU.Build.0 = NDoc|Any CPU
		{0BC4E246-A4E1-431C-AC93-395AE22188E1}.Release|Any CPU.ActiveCfg = Release|Any CPU
		{0BC4E246-A4E1-431C-AC93-395AE22188E1}.Release|Any CPU.Build.0 = Release|Any CPU
		{61B562C4-66D5-4048-B482-858A791249A2}.Debug|Any CPU.ActiveCfg = Debug|Any CPU
		{61B562C4-66D5-4048-B482-858A791249A2}.Debug|Any CPU.Build.0 = Debug|Any CPU
		{61B562C4-66D5-4048-B482-858A791249A2}.NDoc|Any CPU.ActiveCfg = NDoc|Any CPU
		{61B562C4-66D5-4048-B482-858A791249A2}.NDoc|Any CPU.Build.0 = NDoc|Any CPU
		{61B562C4-66D5-4048-B482-858A791249A2}.Release|Any CPU.ActiveCfg = Release|Any CPU
		{61B562C4-66D5-4048-B482-858A791249A2}.Release|Any CPU.Build.0 = Release|Any CPU
		{B8CB331A-D8D9-48B6-ACBF-2276EC294427}.Debug|Any CPU.ActiveCfg = Debug|Any CPU
		{B8CB331A-D8D9-48B6-ACBF-2276EC294427}.Debug|Any CPU.Build.0 = Debug|Any CPU
		{B8CB331A-D8D9-48B6-ACBF-2276EC294427}.NDoc|Any CPU.ActiveCfg = NDoc|Any CPU
		{B8CB331A-D8D9-48B6-ACBF-2276EC294427}.NDoc|Any CPU.Build.0 = NDoc|Any CPU
		{B8CB331A-D8D9-48B6-ACBF-2276EC294427}.Release|Any CPU.ActiveCfg = Release|Any CPU
		{B8CB331A-D8D9-48B6-ACBF-2276EC294427}.Release|Any CPU.Build.0 = Release|Any CPU
		{19DCB365-3040-4431-86E9-29183FA34EF7}.Debug|Any CPU.ActiveCfg = Debug|Any CPU
		{19DCB365-3040-4431-86E9-29183FA34EF7}.Debug|Any CPU.Build.0 = Debug|Any CPU
		{19DCB365-3040-4431-86E9-29183FA34EF7}.NDoc|Any CPU.ActiveCfg = NDoc|Any CPU
		{19DCB365-3040-4431-86E9-29183FA34EF7}.NDoc|Any CPU.Build.0 = NDoc|Any CPU
		{19DCB365-3040-4431-86E9-29183FA34EF7}.Release|Any CPU.ActiveCfg = Release|Any CPU
		{19DCB365-3040-4431-86E9-29183FA34EF7}.Release|Any CPU.Build.0 = Release|Any CPU
		{F2F59120-9F01-4910-BB19-16FA628AE56C}.Debug|Any CPU.ActiveCfg = Debug|Any CPU
		{F2F59120-9F01-4910-BB19-16FA628AE56C}.Debug|Any CPU.Build.0 = Debug|Any CPU
		{F2F59120-9F01-4910-BB19-16FA628AE56C}.NDoc|Any CPU.ActiveCfg = NDoc|Any CPU
		{F2F59120-9F01-4910-BB19-16FA628AE56C}.NDoc|Any CPU.Build.0 = NDoc|Any CPU
		{F2F59120-9F01-4910-BB19-16FA628AE56C}.Release|Any CPU.ActiveCfg = Release|Any CPU
		{F2F59120-9F01-4910-BB19-16FA628AE56C}.Release|Any CPU.Build.0 = Release|Any CPU
		{39A57BC2-BE73-41A7-BBC2-A9D0C28D5A06}.Debug|Any CPU.ActiveCfg = Debug|Any CPU
		{39A57BC2-BE73-41A7-BBC2-A9D0C28D5A06}.Debug|Any CPU.Build.0 = Debug|Any CPU
		{39A57BC2-BE73-41A7-BBC2-A9D0C28D5A06}.NDoc|Any CPU.ActiveCfg = NDoc|Any CPU
		{39A57BC2-BE73-41A7-BBC2-A9D0C28D5A06}.NDoc|Any CPU.Build.0 = NDoc|Any CPU
		{39A57BC2-BE73-41A7-BBC2-A9D0C28D5A06}.Release|Any CPU.ActiveCfg = Release|Any CPU
		{39A57BC2-BE73-41A7-BBC2-A9D0C28D5A06}.Release|Any CPU.Build.0 = Release|Any CPU
		{46980366-998B-4178-87B7-B04DD3B21979}.Debug|Any CPU.ActiveCfg = Debug|Any CPU
		{46980366-998B-4178-87B7-B04DD3B21979}.Debug|Any CPU.Build.0 = Debug|Any CPU
		{46980366-998B-4178-87B7-B04DD3B21979}.NDoc|Any CPU.ActiveCfg = NDoc|Any CPU
		{46980366-998B-4178-87B7-B04DD3B21979}.NDoc|Any CPU.Build.0 = NDoc|Any CPU
		{46980366-998B-4178-87B7-B04DD3B21979}.Release|Any CPU.ActiveCfg = Release|Any CPU
		{46980366-998B-4178-87B7-B04DD3B21979}.Release|Any CPU.Build.0 = Release|Any CPU
		{FBEDE7DA-1ADD-424D-9EBE-48179585DE45}.Debug|Any CPU.ActiveCfg = Debug|Any CPU
		{FBEDE7DA-1ADD-424D-9EBE-48179585DE45}.Debug|Any CPU.Build.0 = Debug|Any CPU
		{FBEDE7DA-1ADD-424D-9EBE-48179585DE45}.NDoc|Any CPU.ActiveCfg = NDoc|Any CPU
		{FBEDE7DA-1ADD-424D-9EBE-48179585DE45}.NDoc|Any CPU.Build.0 = NDoc|Any CPU
		{FBEDE7DA-1ADD-424D-9EBE-48179585DE45}.Release|Any CPU.ActiveCfg = Release|Any CPU
		{FBEDE7DA-1ADD-424D-9EBE-48179585DE45}.Release|Any CPU.Build.0 = Release|Any CPU
		{F224FA4B-D756-425B-BC3E-5CDC4E5A5F8B}.Debug|Any CPU.ActiveCfg = Debug|Any CPU
		{F224FA4B-D756-425B-BC3E-5CDC4E5A5F8B}.Debug|Any CPU.Build.0 = Debug|Any CPU
		{F224FA4B-D756-425B-BC3E-5CDC4E5A5F8B}.NDoc|Any CPU.ActiveCfg = NDoc|Any CPU
		{F224FA4B-D756-425B-BC3E-5CDC4E5A5F8B}.NDoc|Any CPU.Build.0 = NDoc|Any CPU
		{F224FA4B-D756-425B-BC3E-5CDC4E5A5F8B}.Release|Any CPU.ActiveCfg = Release|Any CPU
		{F224FA4B-D756-425B-BC3E-5CDC4E5A5F8B}.Release|Any CPU.Build.0 = Release|Any CPU
		{7FD7B8DD-BBED-4AF7-9339-6F823540727E}.Debug|Any CPU.ActiveCfg = Debug|Any CPU
		{7FD7B8DD-BBED-4AF7-9339-6F823540727E}.Debug|Any CPU.Build.0 = Debug|Any CPU
		{7FD7B8DD-BBED-4AF7-9339-6F823540727E}.NDoc|Any CPU.ActiveCfg = NDoc|Any CPU
		{7FD7B8DD-BBED-4AF7-9339-6F823540727E}.NDoc|Any CPU.Build.0 = NDoc|Any CPU
		{7FD7B8DD-BBED-4AF7-9339-6F823540727E}.Release|Any CPU.ActiveCfg = Release|Any CPU
		{7FD7B8DD-BBED-4AF7-9339-6F823540727E}.Release|Any CPU.Build.0 = Release|Any CPU
		{4A4B51E0-EE5D-4627-9192-542BA6FA8A7A}.Debug|Any CPU.ActiveCfg = Debug|Any CPU
		{4A4B51E0-EE5D-4627-9192-542BA6FA8A7A}.Debug|Any CPU.Build.0 = Debug|Any CPU
		{4A4B51E0-EE5D-4627-9192-542BA6FA8A7A}.NDoc|Any CPU.ActiveCfg = Release|Any CPU
		{4A4B51E0-EE5D-4627-9192-542BA6FA8A7A}.NDoc|Any CPU.Build.0 = Release|Any CPU
		{4A4B51E0-EE5D-4627-9192-542BA6FA8A7A}.Release|Any CPU.ActiveCfg = Release|Any CPU
		{4A4B51E0-EE5D-4627-9192-542BA6FA8A7A}.Release|Any CPU.Build.0 = Release|Any CPU
		{A4E5C0BF-B76D-425D-8439-B07EB6B29444}.Debug|Any CPU.ActiveCfg = Debug|Any CPU
		{A4E5C0BF-B76D-425D-8439-B07EB6B29444}.Debug|Any CPU.Build.0 = Debug|Any CPU
		{A4E5C0BF-B76D-425D-8439-B07EB6B29444}.NDoc|Any CPU.ActiveCfg = Release|Any CPU
		{A4E5C0BF-B76D-425D-8439-B07EB6B29444}.NDoc|Any CPU.Build.0 = Release|Any CPU
		{A4E5C0BF-B76D-425D-8439-B07EB6B29444}.Release|Any CPU.ActiveCfg = Release|Any CPU
		{A4E5C0BF-B76D-425D-8439-B07EB6B29444}.Release|Any CPU.Build.0 = Release|Any CPU
		{0DF278D5-B9D4-4BA0-90DC-E89F04FFC783}.Debug|Any CPU.ActiveCfg = Debug|Any CPU
		{0DF278D5-B9D4-4BA0-90DC-E89F04FFC783}.Debug|Any CPU.Build.0 = Debug|Any CPU
		{0DF278D5-B9D4-4BA0-90DC-E89F04FFC783}.NDoc|Any CPU.ActiveCfg = Release|Any CPU
		{0DF278D5-B9D4-4BA0-90DC-E89F04FFC783}.NDoc|Any CPU.Build.0 = Release|Any CPU
		{0DF278D5-B9D4-4BA0-90DC-E89F04FFC783}.Release|Any CPU.ActiveCfg = Release|Any CPU
		{0DF278D5-B9D4-4BA0-90DC-E89F04FFC783}.Release|Any CPU.Build.0 = Release|Any CPU
		{51095D19-F325-49A4-89C1-18FA270515FD}.Debug|Any CPU.ActiveCfg = Debug|Any CPU
		{51095D19-F325-49A4-89C1-18FA270515FD}.Debug|Any CPU.Build.0 = Debug|Any CPU
		{51095D19-F325-49A4-89C1-18FA270515FD}.NDoc|Any CPU.ActiveCfg = Release|Any CPU
		{51095D19-F325-49A4-89C1-18FA270515FD}.NDoc|Any CPU.Build.0 = Release|Any CPU
		{51095D19-F325-49A4-89C1-18FA270515FD}.Release|Any CPU.ActiveCfg = Release|Any CPU
		{51095D19-F325-49A4-89C1-18FA270515FD}.Release|Any CPU.Build.0 = Release|Any CPU
		{283867CD-C9C1-4953-8AD7-F7704C8D5913}.Debug|Any CPU.ActiveCfg = Debug|Any CPU
		{283867CD-C9C1-4953-8AD7-F7704C8D5913}.Debug|Any CPU.Build.0 = Debug|Any CPU
		{283867CD-C9C1-4953-8AD7-F7704C8D5913}.NDoc|Any CPU.ActiveCfg = Release|Any CPU
		{283867CD-C9C1-4953-8AD7-F7704C8D5913}.NDoc|Any CPU.Build.0 = Release|Any CPU
		{283867CD-C9C1-4953-8AD7-F7704C8D5913}.Release|Any CPU.ActiveCfg = Release|Any CPU
		{283867CD-C9C1-4953-8AD7-F7704C8D5913}.Release|Any CPU.Build.0 = Release|Any CPU
		{CC99B187-FFD0-43C3-904C-7EA8CBCA9CF3}.Debug|Any CPU.ActiveCfg = Debug|Any CPU
		{CC99B187-FFD0-43C3-904C-7EA8CBCA9CF3}.Debug|Any CPU.Build.0 = Debug|Any CPU
		{CC99B187-FFD0-43C3-904C-7EA8CBCA9CF3}.NDoc|Any CPU.ActiveCfg = Release|Any CPU
		{CC99B187-FFD0-43C3-904C-7EA8CBCA9CF3}.NDoc|Any CPU.Build.0 = Release|Any CPU
		{CC99B187-FFD0-43C3-904C-7EA8CBCA9CF3}.Release|Any CPU.ActiveCfg = Release|Any CPU
		{CC99B187-FFD0-43C3-904C-7EA8CBCA9CF3}.Release|Any CPU.Build.0 = Release|Any CPU
	EndGlobalSection
	GlobalSection(SolutionProperties) = preSolution
		HideSolutionNode = FALSE
	EndGlobalSection
EndGlobal
