
Microsoft Visual Studio Solution File, Format Version 9.00
# Visual Studio 2005
Project("{FAE04EC0-301F-11D3-BF4B-00C04F79EFBC}") = "Rb.Rendering", ".\Source\Rb.Rendering\Rb.Rendering.2005.csproj", "{EC130734-6F0F-402B-8215-9F133F0ADEE4}"
EndProject
Project("{FAE04EC0-301F-11D3-BF4B-00C04F79EFBC}") = "Rb.Rendering.Interfaces", ".\Source\Rb.Rendering.Interfaces\Rb.Rendering.Interfaces.2005.csproj", "{8B059AC0-B98F-4D23-9F42-F8273DCB4034}"
EndProject
Project("{FAE04EC0-301F-11D3-BF4B-00C04F79EFBC}") = "Rb.Rendering.OpenGl", ".\Source\Rb.Rendering.OpenGl\Rb.Rendering.OpenGl.2005.csproj", "{19DCB365-3040-4431-86E9-29183FA34EF7}"
EndProject
Project("{FAE04EC0-301F-11D3-BF4B-00C04F79EFBC}") = "Rb.Rendering.OpenGl.Cg", ".\Source\Rb.Rendering.OpenGl.Cg\Rb.Rendering.OpenGl.Cg.2005.csproj", "{C0A53C66-30B1-4891-9E33-31F96D6590D8}"
EndProject
Project("{FAE04EC0-301F-11D3-BF4B-00C04F79EFBC}") = "Rb.Rendering.OpenGl.Windows", ".\Source\Rb.Rendering.OpenGl.Windows\Rb.Rendering.OpenGl.Windows.2005.csproj", "{F2F59120-9F01-4910-BB19-16FA628AE56C}"
EndProject
Project("{FAE04EC0-301F-11D3-BF4B-00C04F79EFBC}") = "Rb.Rendering.Windows", ".\Source\Rb.Rendering.Windows\Rb.Rendering.Windows.2005.csproj", "{39A57BC2-BE73-41A7-BBC2-A9D0C28D5A06}"
EndProject
Project("{FAE04EC0-301F-11D3-BF4B-00C04F79EFBC}") = "Rb.Core", ".\Source\Rb.Core\Rb.Core.2005.csproj", "{35CE14A7-E205-4B2B-ABF7-F1303673E8BA}"
EndProject
Project("{FAE04EC0-301F-11D3-BF4B-00C04F79EFBC}") = "Rb.Log", ".\Source\Rb.Log\Rb.Log.2005.csproj", "{55C5FE75-D492-41DE-B355-4D2681ADA1A0}"
EndProject
Project("{FAE04EC0-301F-11D3-BF4B-00C04F79EFBC}") = "Rb.Assets", ".\Source\Rb.Assets\Rb.Assets.2005.csproj", "{22440804-2D3F-4FEF-AD01-812923F6E04C}"
EndProject
Project("{FAE04EC0-301F-11D3-BF4B-00C04F79EFBC}") = "Rb.AssemblySelector", ".\Source\Rb.AssemblySelector\Rb.AssemblySelector.2005.csproj", "{2097B22A-91A5-4CFF-8CCB-846A10523CB9}"
EndProject
Global
	GlobalSection(SolutionConfigurationPlatforms) = preSolution
		Debug|Any CPU = Debug|Any CPU
		NDoc|Any CPU = NDoc|Any CPU
		Release|Any CPU = Release|Any CPU
	EndGlobalSection
	GlobalSection(ProjectConfigurationPlatforms) = postSolution
		{EC130734-6F0F-402B-8215-9F133F0ADEE4}.Debug|Any CPU.ActiveCfg = Debug|Any CPU
		{EC130734-6F0F-402B-8215-9F133F0ADEE4}.Debug|Any CPU.Build.0 = Debug|Any CPU
		{EC130734-6F0F-402B-8215-9F133F0ADEE4}.NDoc|Any CPU.ActiveCfg = NDoc|Any CPU
		{EC130734-6F0F-402B-8215-9F133F0ADEE4}.NDoc|Any CPU.Build.0 = NDoc|Any CPU
		{EC130734-6F0F-402B-8215-9F133F0ADEE4}.Release|Any CPU.ActiveCfg = Release|Any CPU
		{EC130734-6F0F-402B-8215-9F133F0ADEE4}.Release|Any CPU.Build.0 = Release|Any CPU
		{8B059AC0-B98F-4D23-9F42-F8273DCB4034}.Debug|Any CPU.ActiveCfg = Debug|Any CPU
		{8B059AC0-B98F-4D23-9F42-F8273DCB4034}.Debug|Any CPU.Build.0 = Debug|Any CPU
		{8B059AC0-B98F-4D23-9F42-F8273DCB4034}.NDoc|Any CPU.ActiveCfg = Release|Any CPU
		{8B059AC0-B98F-4D23-9F42-F8273DCB4034}.NDoc|Any CPU.Build.0 = Release|Any CPU
		{8B059AC0-B98F-4D23-9F42-F8273DCB4034}.Release|Any CPU.ActiveCfg = Release|Any CPU
		{8B059AC0-B98F-4D23-9F42-F8273DCB4034}.Release|Any CPU.Build.0 = Release|Any CPU
		{19DCB365-3040-4431-86E9-29183FA34EF7}.Debug|Any CPU.ActiveCfg = Debug|Any CPU
		{19DCB365-3040-4431-86E9-29183FA34EF7}.Debug|Any CPU.Build.0 = Debug|Any CPU
		{19DCB365-3040-4431-86E9-29183FA34EF7}.NDoc|Any CPU.ActiveCfg = NDoc|Any CPU
		{19DCB365-3040-4431-86E9-29183FA34EF7}.NDoc|Any CPU.Build.0 = NDoc|Any CPU
		{19DCB365-3040-4431-86E9-29183FA34EF7}.Release|Any CPU.ActiveCfg = Release|Any CPU
		{19DCB365-3040-4431-86E9-29183FA34EF7}.Release|Any CPU.Build.0 = Release|Any CPU
		{C0A53C66-30B1-4891-9E33-31F96D6590D8}.Debug|Any CPU.ActiveCfg = Debug|Any CPU
		{C0A53C66-30B1-4891-9E33-31F96D6590D8}.Debug|Any CPU.Build.0 = Debug|Any CPU
		{C0A53C66-30B1-4891-9E33-31F96D6590D8}.NDoc|Any CPU.ActiveCfg = Release|Any CPU
		{C0A53C66-30B1-4891-9E33-31F96D6590D8}.NDoc|Any CPU.Build.0 = Release|Any CPU
		{C0A53C66-30B1-4891-9E33-31F96D6590D8}.Release|Any CPU.ActiveCfg = Release|Any CPU
		{C0A53C66-30B1-4891-9E33-31F96D6590D8}.Release|Any CPU.Build.0 = Release|Any CPU
		{F2F59120-9F01-4910-BB19-16FA628AE56C}.Debug|Any CPU.ActiveCfg = Debug|Any CPU
		{F2F59120-9F01-4910-BB19-16FA628AE56C}.Debug|Any CPU.Build.0 = Debug|Any CPU
		{F2F59120-9F01-4910-BB19-16FA628AE56C}.NDoc|Any CPU.ActiveCfg = NDoc|Any CPU
		{F2F59120-9F01-4910-BB19-16FA628AE56C}.NDoc|Any CPU.Build.0 = NDoc|Any CPU
		{F2F59120-9F01-4910-BB19-16FA628AE56C}.Release|Any CPU.ActiveCfg = Release|Any CPU
		{F2F59120-9F01-4910-BB19-16FA628AE56C}.Release|Any CPU.Build.0 = Release|Any CPU
		{39A57BC2-BE73-41A7-BBC2-A9D0C28D5A06}.Debug|Any CPU.ActiveCfg = Debug|Any CPU
		{39A57BC2-BE73-41A7-BBC2-A9D0C28D5A06}.Debug|Any CPU.Build.0 = Debug|Any CPU
		{39A57BC2-BE73-41A7-BBC2-A9D0C28D5A06}.NDoc|Any CPU.ActiveCfg = NDoc|Any CPU
		{39A57BC2-BE73-41A7-BBC2-A9D0C28D5A06}.NDoc|Any CPU.Build.0 = NDoc|Any CPU
		{39A57BC2-BE73-41A7-BBC2-A9D0C28D5A06}.Release|Any CPU.ActiveCfg = Release|Any CPU
		{39A57BC2-BE73-41A7-BBC2-A9D0C28D5A06}.Release|Any CPU.Build.0 = Release|Any CPU
		{35CE14A7-E205-4B2B-ABF7-F1303673E8BA}.Debug|Any CPU.ActiveCfg = Debug|Any CPU
		{35CE14A7-E205-4B2B-ABF7-F1303673E8BA}.Debug|Any CPU.Build.0 = Debug|Any CPU
		{35CE14A7-E205-4B2B-ABF7-F1303673E8BA}.NDoc|Any CPU.ActiveCfg = NDoc|Any CPU
		{35CE14A7-E205-4B2B-ABF7-F1303673E8BA}.NDoc|Any CPU.Build.0 = NDoc|Any CPU
		{35CE14A7-E205-4B2B-ABF7-F1303673E8BA}.Release|Any CPU.ActiveCfg = Release|Any CPU
		{35CE14A7-E205-4B2B-ABF7-F1303673E8BA}.Release|Any CPU.Build.0 = Release|Any CPU
		{55C5FE75-D492-41DE-B355-4D2681ADA1A0}.Debug|Any CPU.ActiveCfg = Debug|Any CPU
		{55C5FE75-D492-41DE-B355-4D2681ADA1A0}.Debug|Any CPU.Build.0 = Debug|Any CPU
		{55C5FE75-D492-41DE-B355-4D2681ADA1A0}.NDoc|Any CPU.ActiveCfg = NDoc|Any CPU
		{55C5FE75-D492-41DE-B355-4D2681ADA1A0}.NDoc|Any CPU.Build.0 = NDoc|Any CPU
		{55C5FE75-D492-41DE-B355-4D2681ADA1A0}.Release|Any CPU.ActiveCfg = Release|Any CPU
		{55C5FE75-D492-41DE-B355-4D2681ADA1A0}.Release|Any CPU.Build.0 = Release|Any CPU
		{22440804-2D3F-4FEF-AD01-812923F6E04C}.Debug|Any CPU.ActiveCfg = Debug|Any CPU
		{22440804-2D3F-4FEF-AD01-812923F6E04C}.Debug|Any CPU.Build.0 = Debug|Any CPU
		{22440804-2D3F-4FEF-AD01-812923F6E04C}.NDoc|Any CPU.ActiveCfg = Release|Any CPU
		{22440804-2D3F-4FEF-AD01-812923F6E04C}.NDoc|Any CPU.Build.0 = Release|Any CPU
		{22440804-2D3F-4FEF-AD01-812923F6E04C}.Release|Any CPU.ActiveCfg = Release|Any CPU
		{22440804-2D3F-4FEF-AD01-812923F6E04C}.Release|Any CPU.Build.0 = Release|Any CPU
		{2097B22A-91A5-4CFF-8CCB-846A10523CB9}.Debug|Any CPU.ActiveCfg = Debug|Any CPU
		{2097B22A-91A5-4CFF-8CCB-846A10523CB9}.Debug|Any CPU.Build.0 = Debug|Any CPU
		{2097B22A-91A5-4CFF-8CCB-846A10523CB9}.NDoc|Any CPU.ActiveCfg = NDoc|Any CPU
		{2097B22A-91A5-4CFF-8CCB-846A10523CB9}.NDoc|Any CPU.Build.0 = NDoc|Any CPU
		{2097B22A-91A5-4CFF-8CCB-846A10523CB9}.Release|Any CPU.ActiveCfg = Release|Any CPU
		{2097B22A-91A5-4CFF-8CCB-846A10523CB9}.Release|Any CPU.Build.0 = Release|Any CPU
	EndGlobalSection
	GlobalSection(SolutionProperties) = preSolution
		HideSolutionNode = FALSE
	EndGlobalSection
EndGlobal
