Microsoft Visual Studio Solution File, Format Version 8.00
Project("{FAE04EC0-301F-11D3-BF4B-00C04F79EFBC}") = "RbEngine", "RbEngine\RbEngine.csproj", "{718184F8-7860-4811-A041-1A73384E902D}"
	ProjectSection(ProjectDependencies) = postProject
	EndProjectSection
EndProject
Project("{FAE04EC0-301F-11D3-BF4B-00C04F79EFBC}") = "RbOpenGlRendering", "RbOpenGlRendering\RbOpenGlRendering.csproj", "{26F15FA5-03D9-4A67-8568-8AC1A4ACB062}"
	ProjectSection(ProjectDependencies) = postProject
	EndProjectSection
EndProject
Project("{FAE04EC0-301F-11D3-BF4B-00C04F79EFBC}") = "RbTestApp", "RbTestApp\RbTestApp.csproj", "{C2EECB80-AD60-47B1-BD03-23144923F2E6}"
	ProjectSection(ProjectDependencies) = postProject
	EndProjectSection
EndProject
Project("{FAE04EC0-301F-11D3-BF4B-00C04F79EFBC}") = "RbControls", "RbControls\RbControls.csproj", "{00F2BBFF-CD5E-449B-9576-B8BAF0FD3239}"
	ProjectSection(ProjectDependencies) = postProject
	EndProjectSection
EndProject
Global
	GlobalSection(SolutionConfiguration) = preSolution
		Debug = Debug
		Documentation = Documentation
		Release = Release
	EndGlobalSection
	GlobalSection(ProjectConfiguration) = postSolution
		{718184F8-7860-4811-A041-1A73384E902D}.Debug.ActiveCfg = Debug|.NET
		{718184F8-7860-4811-A041-1A73384E902D}.Debug.Build.0 = Debug|.NET
		{718184F8-7860-4811-A041-1A73384E902D}.Documentation.ActiveCfg = Documentation|.NET
		{718184F8-7860-4811-A041-1A73384E902D}.Documentation.Build.0 = Documentation|.NET
		{718184F8-7860-4811-A041-1A73384E902D}.Release.ActiveCfg = Release|.NET
		{718184F8-7860-4811-A041-1A73384E902D}.Release.Build.0 = Release|.NET
		{26F15FA5-03D9-4A67-8568-8AC1A4ACB062}.Debug.ActiveCfg = Debug|.NET
		{26F15FA5-03D9-4A67-8568-8AC1A4ACB062}.Debug.Build.0 = Debug|.NET
		{26F15FA5-03D9-4A67-8568-8AC1A4ACB062}.Documentation.ActiveCfg = Documentation|.NET
		{26F15FA5-03D9-4A67-8568-8AC1A4ACB062}.Documentation.Build.0 = Documentation|.NET
		{26F15FA5-03D9-4A67-8568-8AC1A4ACB062}.Release.ActiveCfg = Release|.NET
		{26F15FA5-03D9-4A67-8568-8AC1A4ACB062}.Release.Build.0 = Release|.NET
		{C2EECB80-AD60-47B1-BD03-23144923F2E6}.Debug.ActiveCfg = Debug|.NET
		{C2EECB80-AD60-47B1-BD03-23144923F2E6}.Debug.Build.0 = Debug|.NET
		{C2EECB80-AD60-47B1-BD03-23144923F2E6}.Documentation.ActiveCfg = Debug|.NET
		{C2EECB80-AD60-47B1-BD03-23144923F2E6}.Documentation.Build.0 = Debug|.NET
		{C2EECB80-AD60-47B1-BD03-23144923F2E6}.Release.ActiveCfg = Release|.NET
		{C2EECB80-AD60-47B1-BD03-23144923F2E6}.Release.Build.0 = Release|.NET
		{00F2BBFF-CD5E-449B-9576-B8BAF0FD3239}.Debug.ActiveCfg = Debug|.NET
		{00F2BBFF-CD5E-449B-9576-B8BAF0FD3239}.Debug.Build.0 = Debug|.NET
		{00F2BBFF-CD5E-449B-9576-B8BAF0FD3239}.Documentation.ActiveCfg = Debug|.NET
		{00F2BBFF-CD5E-449B-9576-B8BAF0FD3239}.Documentation.Build.0 = Debug|.NET
		{00F2BBFF-CD5E-449B-9576-B8BAF0FD3239}.Release.ActiveCfg = Release|.NET
		{00F2BBFF-CD5E-449B-9576-B8BAF0FD3239}.Release.Build.0 = Release|.NET
	EndGlobalSection
	GlobalSection(ExtensibilityGlobals) = postSolution
	EndGlobalSection
	GlobalSection(ExtensibilityAddIns) = postSolution
	EndGlobalSection
EndGlobal
