
Microsoft Visual Studio Solution File, Format Version 9.00
# Visual Studio 2005
Project("{FAE04EC0-301F-11D3-BF4B-00C04F79EFBC}") = "Rb.Core.Tests", "Testing\Rb.Core.Tests\Rb.Core.Tests.csproj", "{63BABD0F-DDAC-4B7C-A528-E57AD43B2B12}"
EndProject
Project("{FAE04EC0-301F-11D3-BF4B-00C04F79EFBC}") = "Rb.Log.Tests", "Testing\Rb.Log.Tests\Rb.Log.Tests.csproj", "{13EA7D55-7792-4F10-81AE-94FE0E3DBB22}"
EndProject
Project("{FAE04EC0-301F-11D3-BF4B-00C04F79EFBC}") = "Rb.ComponentXmlLoader.Tests", "Testing\Rb.ComponentXmlLoader.Tests\Rb.ComponentXmlLoader.Tests.csproj", "{46367F66-7E89-448D-B038-2DA69C2754B6}"
EndProject
Project("{2150E333-8FDC-42A3-9474-1A3956D46DE8}") = "Referenced Projects", "Referenced Projects", "{B5687137-3314-49AD-AAA1-29BCC73E7DC4}"
EndProject
Project("{FAE04EC0-301F-11D3-BF4B-00C04F79EFBC}") = "Rb.Core", "Source\Rb.Core\Rb.Core.csproj", "{35CE14A7-E205-4B2B-ABF7-F1303673E8BA}"
EndProject
Project("{FAE04EC0-301F-11D3-BF4B-00C04F79EFBC}") = "Rb.ComponentXmlLoader", "Source\Rb.ComponentXmlLoader\Rb.ComponentXmlLoader.csproj", "{61B562C4-66D5-4048-B482-858A791249A2}"
EndProject
Project("{FAE04EC0-301F-11D3-BF4B-00C04F79EFBC}") = "Rb.Log", "Source\Rb.Log\Rb.Log.csproj", "{55C5FE75-D492-41DE-B355-4D2681ADA1A0}"
EndProject
Project("{FAE04EC0-301F-11D3-BF4B-00C04F79EFBC}") = "Rb.Network.Tests", "Testing\Rb.Network.Tests\Rb.Network.Tests.csproj", "{3412B756-8EB7-4D56-A07F-AFEF5D51895F}"
EndProject
Project("{FAE04EC0-301F-11D3-BF4B-00C04F79EFBC}") = "Rb.Network", "Source\Rb.Network\Rb.Network.csproj", "{A48EA0E0-8CB6-43F0-A4C0-CAE1544BECF0}"
EndProject
Project("{FAE04EC0-301F-11D3-BF4B-00C04F79EFBC}") = "Rb.Muesli", "Source\Rb.Muesli\Rb.Muesli.csproj", "{B8CB331A-D8D9-48B6-ACBF-2276EC294427}"
EndProject
Project("{FAE04EC0-301F-11D3-BF4B-00C04F79EFBC}") = "Rb.Muesli.Tests", "Testing\Rb.Muesli.Tests\Rb.Muesli.Tests.csproj", "{132DA5CB-DB76-491E-A019-F476EBAF8928}"
EndProject
Project("{FAE04EC0-301F-11D3-BF4B-00C04F79EFBC}") = "Rb.World", "Source\Rb.World\Rb.World.csproj", "{46980366-998B-4178-87B7-B04DD3B21979}"
EndProject
Project("{FAE04EC0-301F-11D3-BF4B-00C04F79EFBC}") = "Rb.World.Tests", "Testing\Rb.World.Tests\Rb.World.Tests.csproj", "{BABAC5CC-0261-4451-9EE6-0D2FBFE5C251}"
EndProject
Project("{FAE04EC0-301F-11D3-BF4B-00C04F79EFBC}") = "Rb.Rendering", "Source\Rb.Rendering\Rb.Rendering.csproj", "{EC130734-6F0F-402B-8215-9F133F0ADEE4}"
EndProject
Project("{FAE04EC0-301F-11D3-BF4B-00C04F79EFBC}") = "Rb.Tesselator", "Source\Rb.Tesselator\Rb.Tesselator.csproj", "{7E6047EB-64A1-48ED-8ADF-43F02F593B02}"
EndProject
Project("{FAE04EC0-301F-11D3-BF4B-00C04F79EFBC}") = "Rb.Tesselator.Tests", "Testing\Rb.Tesselator.Tests\Rb.Tesselator.Tests.csproj", "{23278FA2-744D-4D09-BACF-FD578BF0963A}"
EndProject
Global
	GlobalSection(SolutionConfigurationPlatforms) = preSolution
		Debug|Any CPU = Debug|Any CPU
		NDoc|Any CPU = NDoc|Any CPU
		Release|Any CPU = Release|Any CPU
	EndGlobalSection
	GlobalSection(ProjectConfigurationPlatforms) = postSolution
		{63BABD0F-DDAC-4B7C-A528-E57AD43B2B12}.Debug|Any CPU.ActiveCfg = Debug|Any CPU
		{63BABD0F-DDAC-4B7C-A528-E57AD43B2B12}.Debug|Any CPU.Build.0 = Debug|Any CPU
		{63BABD0F-DDAC-4B7C-A528-E57AD43B2B12}.NDoc|Any CPU.ActiveCfg = Release|Any CPU
		{63BABD0F-DDAC-4B7C-A528-E57AD43B2B12}.NDoc|Any CPU.Build.0 = Release|Any CPU
		{63BABD0F-DDAC-4B7C-A528-E57AD43B2B12}.Release|Any CPU.ActiveCfg = Release|Any CPU
		{63BABD0F-DDAC-4B7C-A528-E57AD43B2B12}.Release|Any CPU.Build.0 = Release|Any CPU
		{13EA7D55-7792-4F10-81AE-94FE0E3DBB22}.Debug|Any CPU.ActiveCfg = Debug|Any CPU
		{13EA7D55-7792-4F10-81AE-94FE0E3DBB22}.Debug|Any CPU.Build.0 = Debug|Any CPU
		{13EA7D55-7792-4F10-81AE-94FE0E3DBB22}.NDoc|Any CPU.ActiveCfg = Release|Any CPU
		{13EA7D55-7792-4F10-81AE-94FE0E3DBB22}.NDoc|Any CPU.Build.0 = Release|Any CPU
		{13EA7D55-7792-4F10-81AE-94FE0E3DBB22}.Release|Any CPU.ActiveCfg = Release|Any CPU
		{13EA7D55-7792-4F10-81AE-94FE0E3DBB22}.Release|Any CPU.Build.0 = Release|Any CPU
		{46367F66-7E89-448D-B038-2DA69C2754B6}.Debug|Any CPU.ActiveCfg = Debug|Any CPU
		{46367F66-7E89-448D-B038-2DA69C2754B6}.Debug|Any CPU.Build.0 = Debug|Any CPU
		{46367F66-7E89-448D-B038-2DA69C2754B6}.NDoc|Any CPU.ActiveCfg = Release|Any CPU
		{46367F66-7E89-448D-B038-2DA69C2754B6}.NDoc|Any CPU.Build.0 = Release|Any CPU
		{46367F66-7E89-448D-B038-2DA69C2754B6}.Release|Any CPU.ActiveCfg = Release|Any CPU
		{46367F66-7E89-448D-B038-2DA69C2754B6}.Release|Any CPU.Build.0 = Release|Any CPU
		{35CE14A7-E205-4B2B-ABF7-F1303673E8BA}.Debug|Any CPU.ActiveCfg = Debug|Any CPU
		{35CE14A7-E205-4B2B-ABF7-F1303673E8BA}.Debug|Any CPU.Build.0 = Debug|Any CPU
		{35CE14A7-E205-4B2B-ABF7-F1303673E8BA}.NDoc|Any CPU.ActiveCfg = NDoc|Any CPU
		{35CE14A7-E205-4B2B-ABF7-F1303673E8BA}.NDoc|Any CPU.Build.0 = NDoc|Any CPU
		{35CE14A7-E205-4B2B-ABF7-F1303673E8BA}.Release|Any CPU.ActiveCfg = Release|Any CPU
		{35CE14A7-E205-4B2B-ABF7-F1303673E8BA}.Release|Any CPU.Build.0 = Release|Any CPU
		{61B562C4-66D5-4048-B482-858A791249A2}.Debug|Any CPU.ActiveCfg = Debug|Any CPU
		{61B562C4-66D5-4048-B482-858A791249A2}.Debug|Any CPU.Build.0 = Debug|Any CPU
		{61B562C4-66D5-4048-B482-858A791249A2}.NDoc|Any CPU.ActiveCfg = NDoc|Any CPU
		{61B562C4-66D5-4048-B482-858A791249A2}.NDoc|Any CPU.Build.0 = NDoc|Any CPU
		{61B562C4-66D5-4048-B482-858A791249A2}.Release|Any CPU.ActiveCfg = Release|Any CPU
		{61B562C4-66D5-4048-B482-858A791249A2}.Release|Any CPU.Build.0 = Release|Any CPU
		{55C5FE75-D492-41DE-B355-4D2681ADA1A0}.Debug|Any CPU.ActiveCfg = Debug|Any CPU
		{55C5FE75-D492-41DE-B355-4D2681ADA1A0}.Debug|Any CPU.Build.0 = Debug|Any CPU
		{55C5FE75-D492-41DE-B355-4D2681ADA1A0}.NDoc|Any CPU.ActiveCfg = NDoc|Any CPU
		{55C5FE75-D492-41DE-B355-4D2681ADA1A0}.NDoc|Any CPU.Build.0 = NDoc|Any CPU
		{55C5FE75-D492-41DE-B355-4D2681ADA1A0}.Release|Any CPU.ActiveCfg = Release|Any CPU
		{55C5FE75-D492-41DE-B355-4D2681ADA1A0}.Release|Any CPU.Build.0 = Release|Any CPU
		{3412B756-8EB7-4D56-A07F-AFEF5D51895F}.Debug|Any CPU.ActiveCfg = Debug|Any CPU
		{3412B756-8EB7-4D56-A07F-AFEF5D51895F}.Debug|Any CPU.Build.0 = Debug|Any CPU
		{3412B756-8EB7-4D56-A07F-AFEF5D51895F}.NDoc|Any CPU.ActiveCfg = Release|Any CPU
		{3412B756-8EB7-4D56-A07F-AFEF5D51895F}.NDoc|Any CPU.Build.0 = Release|Any CPU
		{3412B756-8EB7-4D56-A07F-AFEF5D51895F}.Release|Any CPU.ActiveCfg = Release|Any CPU
		{3412B756-8EB7-4D56-A07F-AFEF5D51895F}.Release|Any CPU.Build.0 = Release|Any CPU
		{A48EA0E0-8CB6-43F0-A4C0-CAE1544BECF0}.Debug|Any CPU.ActiveCfg = Debug|Any CPU
		{A48EA0E0-8CB6-43F0-A4C0-CAE1544BECF0}.Debug|Any CPU.Build.0 = Debug|Any CPU
		{A48EA0E0-8CB6-43F0-A4C0-CAE1544BECF0}.NDoc|Any CPU.ActiveCfg = NDoc|Any CPU
		{A48EA0E0-8CB6-43F0-A4C0-CAE1544BECF0}.NDoc|Any CPU.Build.0 = NDoc|Any CPU
		{A48EA0E0-8CB6-43F0-A4C0-CAE1544BECF0}.Release|Any CPU.ActiveCfg = Release|Any CPU
		{A48EA0E0-8CB6-43F0-A4C0-CAE1544BECF0}.Release|Any CPU.Build.0 = Release|Any CPU
		{B8CB331A-D8D9-48B6-ACBF-2276EC294427}.Debug|Any CPU.ActiveCfg = Debug|Any CPU
		{B8CB331A-D8D9-48B6-ACBF-2276EC294427}.Debug|Any CPU.Build.0 = Debug|Any CPU
		{B8CB331A-D8D9-48B6-ACBF-2276EC294427}.NDoc|Any CPU.ActiveCfg = NDoc|Any CPU
		{B8CB331A-D8D9-48B6-ACBF-2276EC294427}.NDoc|Any CPU.Build.0 = NDoc|Any CPU
		{B8CB331A-D8D9-48B6-ACBF-2276EC294427}.Release|Any CPU.ActiveCfg = Release|Any CPU
		{B8CB331A-D8D9-48B6-ACBF-2276EC294427}.Release|Any CPU.Build.0 = Release|Any CPU
		{132DA5CB-DB76-491E-A019-F476EBAF8928}.Debug|Any CPU.ActiveCfg = Debug|Any CPU
		{132DA5CB-DB76-491E-A019-F476EBAF8928}.Debug|Any CPU.Build.0 = Debug|Any CPU
		{132DA5CB-DB76-491E-A019-F476EBAF8928}.NDoc|Any CPU.ActiveCfg = Release|Any CPU
		{132DA5CB-DB76-491E-A019-F476EBAF8928}.NDoc|Any CPU.Build.0 = Release|Any CPU
		{132DA5CB-DB76-491E-A019-F476EBAF8928}.Release|Any CPU.ActiveCfg = Release|Any CPU
		{132DA5CB-DB76-491E-A019-F476EBAF8928}.Release|Any CPU.Build.0 = Release|Any CPU
		{46980366-998B-4178-87B7-B04DD3B21979}.Debug|Any CPU.ActiveCfg = Debug|Any CPU
		{46980366-998B-4178-87B7-B04DD3B21979}.Debug|Any CPU.Build.0 = Debug|Any CPU
		{46980366-998B-4178-87B7-B04DD3B21979}.NDoc|Any CPU.ActiveCfg = NDoc|Any CPU
		{46980366-998B-4178-87B7-B04DD3B21979}.NDoc|Any CPU.Build.0 = NDoc|Any CPU
		{46980366-998B-4178-87B7-B04DD3B21979}.Release|Any CPU.ActiveCfg = Release|Any CPU
		{46980366-998B-4178-87B7-B04DD3B21979}.Release|Any CPU.Build.0 = Release|Any CPU
		{BABAC5CC-0261-4451-9EE6-0D2FBFE5C251}.Debug|Any CPU.ActiveCfg = Debug|Any CPU
		{BABAC5CC-0261-4451-9EE6-0D2FBFE5C251}.Debug|Any CPU.Build.0 = Debug|Any CPU
		{BABAC5CC-0261-4451-9EE6-0D2FBFE5C251}.NDoc|Any CPU.ActiveCfg = Release|Any CPU
		{BABAC5CC-0261-4451-9EE6-0D2FBFE5C251}.NDoc|Any CPU.Build.0 = Release|Any CPU
		{BABAC5CC-0261-4451-9EE6-0D2FBFE5C251}.Release|Any CPU.ActiveCfg = Release|Any CPU
		{BABAC5CC-0261-4451-9EE6-0D2FBFE5C251}.Release|Any CPU.Build.0 = Release|Any CPU
		{EC130734-6F0F-402B-8215-9F133F0ADEE4}.Debug|Any CPU.ActiveCfg = Debug|Any CPU
		{EC130734-6F0F-402B-8215-9F133F0ADEE4}.Debug|Any CPU.Build.0 = Debug|Any CPU
		{EC130734-6F0F-402B-8215-9F133F0ADEE4}.NDoc|Any CPU.ActiveCfg = NDoc|Any CPU
		{EC130734-6F0F-402B-8215-9F133F0ADEE4}.NDoc|Any CPU.Build.0 = NDoc|Any CPU
		{EC130734-6F0F-402B-8215-9F133F0ADEE4}.Release|Any CPU.ActiveCfg = Release|Any CPU
		{EC130734-6F0F-402B-8215-9F133F0ADEE4}.Release|Any CPU.Build.0 = Release|Any CPU
		{7E6047EB-64A1-48ED-8ADF-43F02F593B02}.Debug|Any CPU.ActiveCfg = Debug|Any CPU
		{7E6047EB-64A1-48ED-8ADF-43F02F593B02}.Debug|Any CPU.Build.0 = Debug|Any CPU
		{7E6047EB-64A1-48ED-8ADF-43F02F593B02}.NDoc|Any CPU.ActiveCfg = Release|Any CPU
		{7E6047EB-64A1-48ED-8ADF-43F02F593B02}.NDoc|Any CPU.Build.0 = Release|Any CPU
		{7E6047EB-64A1-48ED-8ADF-43F02F593B02}.Release|Any CPU.ActiveCfg = Release|Any CPU
		{7E6047EB-64A1-48ED-8ADF-43F02F593B02}.Release|Any CPU.Build.0 = Release|Any CPU
		{23278FA2-744D-4D09-BACF-FD578BF0963A}.Debug|Any CPU.ActiveCfg = Debug|Any CPU
		{23278FA2-744D-4D09-BACF-FD578BF0963A}.Debug|Any CPU.Build.0 = Debug|Any CPU
		{23278FA2-744D-4D09-BACF-FD578BF0963A}.NDoc|Any CPU.ActiveCfg = Release|Any CPU
		{23278FA2-744D-4D09-BACF-FD578BF0963A}.NDoc|Any CPU.Build.0 = Release|Any CPU
		{23278FA2-744D-4D09-BACF-FD578BF0963A}.Release|Any CPU.ActiveCfg = Release|Any CPU
		{23278FA2-744D-4D09-BACF-FD578BF0963A}.Release|Any CPU.Build.0 = Release|Any CPU
	EndGlobalSection
	GlobalSection(SolutionProperties) = preSolution
		HideSolutionNode = FALSE
	EndGlobalSection
	GlobalSection(NestedProjects) = preSolution
		{35CE14A7-E205-4B2B-ABF7-F1303673E8BA} = {B5687137-3314-49AD-AAA1-29BCC73E7DC4}
		{61B562C4-66D5-4048-B482-858A791249A2} = {B5687137-3314-49AD-AAA1-29BCC73E7DC4}
		{55C5FE75-D492-41DE-B355-4D2681ADA1A0} = {B5687137-3314-49AD-AAA1-29BCC73E7DC4}
		{A48EA0E0-8CB6-43F0-A4C0-CAE1544BECF0} = {B5687137-3314-49AD-AAA1-29BCC73E7DC4}
		{B8CB331A-D8D9-48B6-ACBF-2276EC294427} = {B5687137-3314-49AD-AAA1-29BCC73E7DC4}
		{46980366-998B-4178-87B7-B04DD3B21979} = {B5687137-3314-49AD-AAA1-29BCC73E7DC4}
		{EC130734-6F0F-402B-8215-9F133F0ADEE4} = {B5687137-3314-49AD-AAA1-29BCC73E7DC4}
		{7E6047EB-64A1-48ED-8ADF-43F02F593B02} = {B5687137-3314-49AD-AAA1-29BCC73E7DC4}
	EndGlobalSection
EndGlobal
