
Microsoft Visual Studio Solution File, Format Version 9.00
# Visual Studio 2005
Project("{FAE04EC0-301F-11D3-BF4B-00C04F79EFBC}") = "RbCollada", "..\Source\RbCollada\RbCollada.csproj", "{9DF0911A-E008-44FA-B7E2-58D2064543EB}"
EndProject
Project("{FAE04EC0-301F-11D3-BF4B-00C04F79EFBC}") = "RbControls", "..\Source\RbControls\RbControls.csproj", "{00F2BBFF-CD5E-449B-9576-B8BAF0FD3239}"
EndProject
Project("{FAE04EC0-301F-11D3-BF4B-00C04F79EFBC}") = "RbEngine", "..\Source\RbEngine\RbEngine.csproj", "{718184F8-7860-4811-A041-1A73384E902D}"
EndProject
Project("{FAE04EC0-301F-11D3-BF4B-00C04F79EFBC}") = "RbOpenGlMd3Loader", "..\Source\RbOpenGlMd3Loader\RbOpenGlMd3Loader.csproj", "{A618D894-9BAE-41EC-AE85-A4AE3321AAB6}"
EndProject
Project("{FAE04EC0-301F-11D3-BF4B-00C04F79EFBC}") = "RbTestApp", "..\Source\RbTestApp\RbTestApp.csproj", "{C2EECB80-AD60-47B1-BD03-23144923F2E6}"
EndProject
Project("{FAE04EC0-301F-11D3-BF4B-00C04F79EFBC}") = "RbOpenGlRendering", "..\Source\RbOpenGlRendering\RbOpenGlRendering.csproj", "{26F15FA5-03D9-4A67-8568-8AC1A4ACB062}"
EndProject
Global
	GlobalSection(SolutionConfigurationPlatforms) = preSolution
		Debug|Any CPU = Debug|Any CPU
		Documentation|Any CPU = Documentation|Any CPU
		Release|Any CPU = Release|Any CPU
	EndGlobalSection
	GlobalSection(ProjectConfigurationPlatforms) = postSolution
		{9DF0911A-E008-44FA-B7E2-58D2064543EB}.Debug|Any CPU.ActiveCfg = Debug|Any CPU
		{9DF0911A-E008-44FA-B7E2-58D2064543EB}.Debug|Any CPU.Build.0 = Debug|Any CPU
		{9DF0911A-E008-44FA-B7E2-58D2064543EB}.Documentation|Any CPU.ActiveCfg = Debug|Any CPU
		{9DF0911A-E008-44FA-B7E2-58D2064543EB}.Documentation|Any CPU.Build.0 = Debug|Any CPU
		{9DF0911A-E008-44FA-B7E2-58D2064543EB}.Release|Any CPU.ActiveCfg = Release|Any CPU
		{9DF0911A-E008-44FA-B7E2-58D2064543EB}.Release|Any CPU.Build.0 = Release|Any CPU
		{00F2BBFF-CD5E-449B-9576-B8BAF0FD3239}.Debug|Any CPU.ActiveCfg = Debug|Any CPU
		{00F2BBFF-CD5E-449B-9576-B8BAF0FD3239}.Debug|Any CPU.Build.0 = Debug|Any CPU
		{00F2BBFF-CD5E-449B-9576-B8BAF0FD3239}.Documentation|Any CPU.ActiveCfg = Documentation|Any CPU
		{00F2BBFF-CD5E-449B-9576-B8BAF0FD3239}.Documentation|Any CPU.Build.0 = Documentation|Any CPU
		{00F2BBFF-CD5E-449B-9576-B8BAF0FD3239}.Release|Any CPU.ActiveCfg = Release|Any CPU
		{00F2BBFF-CD5E-449B-9576-B8BAF0FD3239}.Release|Any CPU.Build.0 = Release|Any CPU
		{718184F8-7860-4811-A041-1A73384E902D}.Debug|Any CPU.ActiveCfg = Debug|Any CPU
		{718184F8-7860-4811-A041-1A73384E902D}.Debug|Any CPU.Build.0 = Debug|Any CPU
		{718184F8-7860-4811-A041-1A73384E902D}.Documentation|Any CPU.ActiveCfg = Documentation|Any CPU
		{718184F8-7860-4811-A041-1A73384E902D}.Documentation|Any CPU.Build.0 = Documentation|Any CPU
		{718184F8-7860-4811-A041-1A73384E902D}.Release|Any CPU.ActiveCfg = Release|Any CPU
		{718184F8-7860-4811-A041-1A73384E902D}.Release|Any CPU.Build.0 = Release|Any CPU
		{A618D894-9BAE-41EC-AE85-A4AE3321AAB6}.Debug|Any CPU.ActiveCfg = Debug|Any CPU
		{A618D894-9BAE-41EC-AE85-A4AE3321AAB6}.Debug|Any CPU.Build.0 = Debug|Any CPU
		{A618D894-9BAE-41EC-AE85-A4AE3321AAB6}.Documentation|Any CPU.ActiveCfg = Debug|Any CPU
		{A618D894-9BAE-41EC-AE85-A4AE3321AAB6}.Documentation|Any CPU.Build.0 = Debug|Any CPU
		{A618D894-9BAE-41EC-AE85-A4AE3321AAB6}.Release|Any CPU.ActiveCfg = Release|Any CPU
		{A618D894-9BAE-41EC-AE85-A4AE3321AAB6}.Release|Any CPU.Build.0 = Release|Any CPU
		{C2EECB80-AD60-47B1-BD03-23144923F2E6}.Debug|Any CPU.ActiveCfg = Debug|Any CPU
		{C2EECB80-AD60-47B1-BD03-23144923F2E6}.Debug|Any CPU.Build.0 = Debug|Any CPU
		{C2EECB80-AD60-47B1-BD03-23144923F2E6}.Documentation|Any CPU.ActiveCfg = Documentation|Any CPU
		{C2EECB80-AD60-47B1-BD03-23144923F2E6}.Documentation|Any CPU.Build.0 = Documentation|Any CPU
		{C2EECB80-AD60-47B1-BD03-23144923F2E6}.Release|Any CPU.ActiveCfg = Release|Any CPU
		{C2EECB80-AD60-47B1-BD03-23144923F2E6}.Release|Any CPU.Build.0 = Release|Any CPU
		{26F15FA5-03D9-4A67-8568-8AC1A4ACB062}.Debug|Any CPU.ActiveCfg = Debug|Any CPU
		{26F15FA5-03D9-4A67-8568-8AC1A4ACB062}.Debug|Any CPU.Build.0 = Debug|Any CPU
		{26F15FA5-03D9-4A67-8568-8AC1A4ACB062}.Documentation|Any CPU.ActiveCfg = Documentation|Any CPU
		{26F15FA5-03D9-4A67-8568-8AC1A4ACB062}.Documentation|Any CPU.Build.0 = Documentation|Any CPU
		{26F15FA5-03D9-4A67-8568-8AC1A4ACB062}.Release|Any CPU.ActiveCfg = Release|Any CPU
		{26F15FA5-03D9-4A67-8568-8AC1A4ACB062}.Release|Any CPU.Build.0 = Release|Any CPU
	EndGlobalSection
	GlobalSection(SolutionProperties) = preSolution
		HideSolutionNode = FALSE
	EndGlobalSection
EndGlobal
