
Microsoft Visual Studio Solution File, Format Version 9.00
# Visual Studio 2005
Project("{FAE04EC0-301F-11D3-BF4B-00C04F79EFBC}") = "Poc1.Universe", "Source\Poc1.Universe\Poc1.Universe.csproj", "{5CC992B9-1B66-4ECC-8657-624DA59B3D2D}"
EndProject
Project("{FAE04EC0-301F-11D3-BF4B-00C04F79EFBC}") = "Rb.Core", "..\Source\Rb.Core\Rb.Core.csproj", "{35CE14A7-E205-4B2B-ABF7-F1303673E8BA}"
EndProject
Project("{FAE04EC0-301F-11D3-BF4B-00C04F79EFBC}") = "Rb.Log", "..\Source\Rb.Log\Rb.Log.csproj", "{55C5FE75-D492-41DE-B355-4D2681ADA1A0}"
EndProject
Project("{FAE04EC0-301F-11D3-BF4B-00C04F79EFBC}") = "Rb.Rendering", "..\Source\Rb.Rendering\Rb.Rendering.csproj", "{EC130734-6F0F-402B-8215-9F133F0ADEE4}"
EndProject
Project("{FAE04EC0-301F-11D3-BF4B-00C04F79EFBC}") = "Rb.Rendering.Interfaces", "..\Source\Rb.Rendering.Interfaces\Rb.Rendering.Interfaces.csproj", "{8B059AC0-B98F-4D23-9F42-F8273DCB4034}"
EndProject
Project("{FAE04EC0-301F-11D3-BF4B-00C04F79EFBC}") = "Rb.Rendering.Windows", "..\Source\Rb.Rendering.Windows\Rb.Rendering.Windows.csproj", "{39A57BC2-BE73-41A7-BBC2-A9D0C28D5A06}"
EndProject
Project("{FAE04EC0-301F-11D3-BF4B-00C04F79EFBC}") = "Rb.Log.Controls.Vs", "..\Source\Rb.Log.Controls.Vs\Rb.Log.Controls.Vs.csproj", "{592DDD2E-6E38-4EB1-AD47-800193530D3B}"
EndProject
Project("{FAE04EC0-301F-11D3-BF4B-00C04F79EFBC}") = "Rb.Assets", "..\Source\Rb.Assets\Rb.Assets.csproj", "{22440804-2D3F-4FEF-AD01-812923F6E04C}"
EndProject
Project("{FAE04EC0-301F-11D3-BF4B-00C04F79EFBC}") = "Poc1.Universe.OpenGl", "Source\Poc1.Universe.OpenGl\Poc1.Universe.OpenGl.csproj", "{47A25602-A103-457D-A8C5-76C01CB3A237}"
EndProject
Project("{FAE04EC0-301F-11D3-BF4B-00C04F79EFBC}") = "Rb.AssemblySelector", "..\Source\Rb.AssemblySelector\Rb.AssemblySelector.csproj", "{2097B22A-91A5-4CFF-8CCB-846A10523CB9}"
EndProject
Project("{FAE04EC0-301F-11D3-BF4B-00C04F79EFBC}") = "Poc1.GameClient", "Source\Poc1.GameClient\Poc1.GameClient.csproj", "{6A396404-1A0C-418A-AE8D-6BA8B93526C5}"
	ProjectSection(ProjectDependencies) = postProject
		{47A25602-A103-457D-A8C5-76C01CB3A237} = {47A25602-A103-457D-A8C5-76C01CB3A237}
	EndProjectSection
EndProject
Project("{FAE04EC0-301F-11D3-BF4B-00C04F79EFBC}") = "Rb.Rendering.OpenGl", "..\Source\Rb.Rendering.OpenGl\Rb.Rendering.OpenGl.csproj", "{19DCB365-3040-4431-86E9-29183FA34EF7}"
EndProject
Project("{FAE04EC0-301F-11D3-BF4B-00C04F79EFBC}") = "Rb.Rendering.OpenGl.Windows", "..\Source\Rb.Rendering.OpenGl.Windows\Rb.Rendering.OpenGl.Windows.csproj", "{F2F59120-9F01-4910-BB19-16FA628AE56C}"
EndProject
Project("{FAE04EC0-301F-11D3-BF4B-00C04F79EFBC}") = "Rb.Rendering.OpenGl.Cg", "..\Source\Rb.Rendering.OpenGl.Cg\Rb.Rendering.OpenGl.Cg.csproj", "{C0A53C66-30B1-4891-9E33-31F96D6590D8}"
EndProject
Project("{FAE04EC0-301F-11D3-BF4B-00C04F79EFBC}") = "Rb.Log.Controls", "..\Source\Rb.Log.Controls\Rb.Log.Controls.csproj", "{AE4AA2A9-8D98-4F63-8ADF-561B3BF14D66}"
EndProject
Global
	GlobalSection(SolutionConfigurationPlatforms) = preSolution
		Debug|Any CPU = Debug|Any CPU
		NDoc|Any CPU = NDoc|Any CPU
		Release|Any CPU = Release|Any CPU
	EndGlobalSection
	GlobalSection(ProjectConfigurationPlatforms) = postSolution
		{5CC992B9-1B66-4ECC-8657-624DA59B3D2D}.Debug|Any CPU.ActiveCfg = Debug|Any CPU
		{5CC992B9-1B66-4ECC-8657-624DA59B3D2D}.Debug|Any CPU.Build.0 = Debug|Any CPU
		{5CC992B9-1B66-4ECC-8657-624DA59B3D2D}.NDoc|Any CPU.ActiveCfg = Release|Any CPU
		{5CC992B9-1B66-4ECC-8657-624DA59B3D2D}.NDoc|Any CPU.Build.0 = Release|Any CPU
		{5CC992B9-1B66-4ECC-8657-624DA59B3D2D}.Release|Any CPU.ActiveCfg = Release|Any CPU
		{5CC992B9-1B66-4ECC-8657-624DA59B3D2D}.Release|Any CPU.Build.0 = Release|Any CPU
		{35CE14A7-E205-4B2B-ABF7-F1303673E8BA}.Debug|Any CPU.ActiveCfg = Debug|Any CPU
		{35CE14A7-E205-4B2B-ABF7-F1303673E8BA}.Debug|Any CPU.Build.0 = Debug|Any CPU
		{35CE14A7-E205-4B2B-ABF7-F1303673E8BA}.NDoc|Any CPU.ActiveCfg = NDoc|Any CPU
		{35CE14A7-E205-4B2B-ABF7-F1303673E8BA}.NDoc|Any CPU.Build.0 = NDoc|Any CPU
		{35CE14A7-E205-4B2B-ABF7-F1303673E8BA}.Release|Any CPU.ActiveCfg = Release|Any CPU
		{35CE14A7-E205-4B2B-ABF7-F1303673E8BA}.Release|Any CPU.Build.0 = Release|Any CPU
		{55C5FE75-D492-41DE-B355-4D2681ADA1A0}.Debug|Any CPU.ActiveCfg = Debug|Any CPU
		{55C5FE75-D492-41DE-B355-4D2681ADA1A0}.Debug|Any CPU.Build.0 = Debug|Any CPU
		{55C5FE75-D492-41DE-B355-4D2681ADA1A0}.NDoc|Any CPU.ActiveCfg = NDoc|Any CPU
		{55C5FE75-D492-41DE-B355-4D2681ADA1A0}.NDoc|Any CPU.Build.0 = NDoc|Any CPU
		{55C5FE75-D492-41DE-B355-4D2681ADA1A0}.Release|Any CPU.ActiveCfg = Release|Any CPU
		{55C5FE75-D492-41DE-B355-4D2681ADA1A0}.Release|Any CPU.Build.0 = Release|Any CPU
		{EC130734-6F0F-402B-8215-9F133F0ADEE4}.Debug|Any CPU.ActiveCfg = Debug|Any CPU
		{EC130734-6F0F-402B-8215-9F133F0ADEE4}.Debug|Any CPU.Build.0 = Debug|Any CPU
		{EC130734-6F0F-402B-8215-9F133F0ADEE4}.NDoc|Any CPU.ActiveCfg = NDoc|Any CPU
		{EC130734-6F0F-402B-8215-9F133F0ADEE4}.NDoc|Any CPU.Build.0 = NDoc|Any CPU
		{EC130734-6F0F-402B-8215-9F133F0ADEE4}.Release|Any CPU.ActiveCfg = Release|Any CPU
		{EC130734-6F0F-402B-8215-9F133F0ADEE4}.Release|Any CPU.Build.0 = Release|Any CPU
		{8B059AC0-B98F-4D23-9F42-F8273DCB4034}.Debug|Any CPU.ActiveCfg = Debug|Any CPU
		{8B059AC0-B98F-4D23-9F42-F8273DCB4034}.Debug|Any CPU.Build.0 = Debug|Any CPU
		{8B059AC0-B98F-4D23-9F42-F8273DCB4034}.NDoc|Any CPU.ActiveCfg = Release|Any CPU
		{8B059AC0-B98F-4D23-9F42-F8273DCB4034}.NDoc|Any CPU.Build.0 = Release|Any CPU
		{8B059AC0-B98F-4D23-9F42-F8273DCB4034}.Release|Any CPU.ActiveCfg = Release|Any CPU
		{8B059AC0-B98F-4D23-9F42-F8273DCB4034}.Release|Any CPU.Build.0 = Release|Any CPU
		{39A57BC2-BE73-41A7-BBC2-A9D0C28D5A06}.Debug|Any CPU.ActiveCfg = Debug|Any CPU
		{39A57BC2-BE73-41A7-BBC2-A9D0C28D5A06}.Debug|Any CPU.Build.0 = Debug|Any CPU
		{39A57BC2-BE73-41A7-BBC2-A9D0C28D5A06}.NDoc|Any CPU.ActiveCfg = NDoc|Any CPU
		{39A57BC2-BE73-41A7-BBC2-A9D0C28D5A06}.NDoc|Any CPU.Build.0 = NDoc|Any CPU
		{39A57BC2-BE73-41A7-BBC2-A9D0C28D5A06}.Release|Any CPU.ActiveCfg = Release|Any CPU
		{39A57BC2-BE73-41A7-BBC2-A9D0C28D5A06}.Release|Any CPU.Build.0 = Release|Any CPU
		{592DDD2E-6E38-4EB1-AD47-800193530D3B}.Debug|Any CPU.ActiveCfg = Debug|Any CPU
		{592DDD2E-6E38-4EB1-AD47-800193530D3B}.Debug|Any CPU.Build.0 = Debug|Any CPU
		{592DDD2E-6E38-4EB1-AD47-800193530D3B}.NDoc|Any CPU.ActiveCfg = NDoc|Any CPU
		{592DDD2E-6E38-4EB1-AD47-800193530D3B}.NDoc|Any CPU.Build.0 = NDoc|Any CPU
		{592DDD2E-6E38-4EB1-AD47-800193530D3B}.Release|Any CPU.ActiveCfg = Release|Any CPU
		{592DDD2E-6E38-4EB1-AD47-800193530D3B}.Release|Any CPU.Build.0 = Release|Any CPU
		{22440804-2D3F-4FEF-AD01-812923F6E04C}.Debug|Any CPU.ActiveCfg = Debug|Any CPU
		{22440804-2D3F-4FEF-AD01-812923F6E04C}.Debug|Any CPU.Build.0 = Debug|Any CPU
		{22440804-2D3F-4FEF-AD01-812923F6E04C}.NDoc|Any CPU.ActiveCfg = Release|Any CPU
		{22440804-2D3F-4FEF-AD01-812923F6E04C}.NDoc|Any CPU.Build.0 = Release|Any CPU
		{22440804-2D3F-4FEF-AD01-812923F6E04C}.Release|Any CPU.ActiveCfg = Release|Any CPU
		{22440804-2D3F-4FEF-AD01-812923F6E04C}.Release|Any CPU.Build.0 = Release|Any CPU
		{47A25602-A103-457D-A8C5-76C01CB3A237}.Debug|Any CPU.ActiveCfg = Debug|Any CPU
		{47A25602-A103-457D-A8C5-76C01CB3A237}.Debug|Any CPU.Build.0 = Debug|Any CPU
		{47A25602-A103-457D-A8C5-76C01CB3A237}.NDoc|Any CPU.ActiveCfg = Release|Any CPU
		{47A25602-A103-457D-A8C5-76C01CB3A237}.NDoc|Any CPU.Build.0 = Release|Any CPU
		{47A25602-A103-457D-A8C5-76C01CB3A237}.Release|Any CPU.ActiveCfg = Release|Any CPU
		{47A25602-A103-457D-A8C5-76C01CB3A237}.Release|Any CPU.Build.0 = Release|Any CPU
		{2097B22A-91A5-4CFF-8CCB-846A10523CB9}.Debug|Any CPU.ActiveCfg = Debug|Any CPU
		{2097B22A-91A5-4CFF-8CCB-846A10523CB9}.Debug|Any CPU.Build.0 = Debug|Any CPU
		{2097B22A-91A5-4CFF-8CCB-846A10523CB9}.NDoc|Any CPU.ActiveCfg = NDoc|Any CPU
		{2097B22A-91A5-4CFF-8CCB-846A10523CB9}.NDoc|Any CPU.Build.0 = NDoc|Any CPU
		{2097B22A-91A5-4CFF-8CCB-846A10523CB9}.Release|Any CPU.ActiveCfg = Release|Any CPU
		{2097B22A-91A5-4CFF-8CCB-846A10523CB9}.Release|Any CPU.Build.0 = Release|Any CPU
		{6A396404-1A0C-418A-AE8D-6BA8B93526C5}.Debug|Any CPU.ActiveCfg = Debug|Any CPU
		{6A396404-1A0C-418A-AE8D-6BA8B93526C5}.Debug|Any CPU.Build.0 = Debug|Any CPU
		{6A396404-1A0C-418A-AE8D-6BA8B93526C5}.NDoc|Any CPU.ActiveCfg = Release|Any CPU
		{6A396404-1A0C-418A-AE8D-6BA8B93526C5}.NDoc|Any CPU.Build.0 = Release|Any CPU
		{6A396404-1A0C-418A-AE8D-6BA8B93526C5}.Release|Any CPU.ActiveCfg = Release|Any CPU
		{6A396404-1A0C-418A-AE8D-6BA8B93526C5}.Release|Any CPU.Build.0 = Release|Any CPU
		{19DCB365-3040-4431-86E9-29183FA34EF7}.Debug|Any CPU.ActiveCfg = Debug|Any CPU
		{19DCB365-3040-4431-86E9-29183FA34EF7}.Debug|Any CPU.Build.0 = Debug|Any CPU
		{19DCB365-3040-4431-86E9-29183FA34EF7}.NDoc|Any CPU.ActiveCfg = NDoc|Any CPU
		{19DCB365-3040-4431-86E9-29183FA34EF7}.NDoc|Any CPU.Build.0 = NDoc|Any CPU
		{19DCB365-3040-4431-86E9-29183FA34EF7}.Release|Any CPU.ActiveCfg = Release|Any CPU
		{19DCB365-3040-4431-86E9-29183FA34EF7}.Release|Any CPU.Build.0 = Release|Any CPU
		{F2F59120-9F01-4910-BB19-16FA628AE56C}.Debug|Any CPU.ActiveCfg = Debug|Any CPU
		{F2F59120-9F01-4910-BB19-16FA628AE56C}.Debug|Any CPU.Build.0 = Debug|Any CPU
		{F2F59120-9F01-4910-BB19-16FA628AE56C}.NDoc|Any CPU.ActiveCfg = NDoc|Any CPU
		{F2F59120-9F01-4910-BB19-16FA628AE56C}.NDoc|Any CPU.Build.0 = NDoc|Any CPU
		{F2F59120-9F01-4910-BB19-16FA628AE56C}.Release|Any CPU.ActiveCfg = Release|Any CPU
		{F2F59120-9F01-4910-BB19-16FA628AE56C}.Release|Any CPU.Build.0 = Release|Any CPU
		{C0A53C66-30B1-4891-9E33-31F96D6590D8}.Debug|Any CPU.ActiveCfg = Debug|Any CPU
		{C0A53C66-30B1-4891-9E33-31F96D6590D8}.Debug|Any CPU.Build.0 = Debug|Any CPU
		{C0A53C66-30B1-4891-9E33-31F96D6590D8}.NDoc|Any CPU.ActiveCfg = Release|Any CPU
		{C0A53C66-30B1-4891-9E33-31F96D6590D8}.NDoc|Any CPU.Build.0 = Release|Any CPU
		{C0A53C66-30B1-4891-9E33-31F96D6590D8}.Release|Any CPU.ActiveCfg = Release|Any CPU
		{C0A53C66-30B1-4891-9E33-31F96D6590D8}.Release|Any CPU.Build.0 = Release|Any CPU
		{AE4AA2A9-8D98-4F63-8ADF-561B3BF14D66}.Debug|Any CPU.ActiveCfg = Debug|Any CPU
		{AE4AA2A9-8D98-4F63-8ADF-561B3BF14D66}.Debug|Any CPU.Build.0 = Debug|Any CPU
		{AE4AA2A9-8D98-4F63-8ADF-561B3BF14D66}.NDoc|Any CPU.ActiveCfg = NDoc|Any CPU
		{AE4AA2A9-8D98-4F63-8ADF-561B3BF14D66}.NDoc|Any CPU.Build.0 = NDoc|Any CPU
		{AE4AA2A9-8D98-4F63-8ADF-561B3BF14D66}.Release|Any CPU.ActiveCfg = Release|Any CPU
		{AE4AA2A9-8D98-4F63-8ADF-561B3BF14D66}.Release|Any CPU.Build.0 = Release|Any CPU
	EndGlobalSection
	GlobalSection(SolutionProperties) = preSolution
		HideSolutionNode = FALSE
	EndGlobalSection
EndGlobal
