
Microsoft Visual Studio Solution File, Format Version 9.00
# Visual Studio 2005
Project("{FAE04EC0-301F-11D3-BF4B-00C04F79EFBC}") = "Rb.AssemblySelector", "..\Source\Rb.AssemblySelector\Rb.AssemblySelector.2005.csproj", "{2097B22A-91A5-4CFF-8CCB-846A10523CB9}"
EndProject
Project("{FAE04EC0-301F-11D3-BF4B-00C04F79EFBC}") = "Poc1.GameClient", "Source\Poc1.GameClient\Poc1.GameClient.2005.csproj", "{6A396404-1A0C-418A-AE8D-6BA8B93526C5}"
EndProject
Project("{FAE04EC0-301F-11D3-BF4B-00C04F79EFBC}") = "Rb.Log.Controls", "..\Source\Rb.Log.Controls\Rb.Log.Controls.2005.csproj", "{AE4AA2A9-8D98-4F63-8ADF-561B3BF14D66}"
EndProject
Project("{FAE04EC0-301F-11D3-BF4B-00C04F79EFBC}") = "Rb.Interaction", "..\Source\Rb.Interaction\Rb.Interaction.2005.csproj", "{2C6A42E3-125C-4885-8D00-EBA1D271A6BA}"
EndProject
Project("{FAE04EC0-301F-11D3-BF4B-00C04F79EFBC}") = "Rb.Interaction.Windows", "..\Source\Rb.Interaction.Windows\Rb.Interaction.Windows.2005.csproj", "{4ECD7CBC-1D3E-4C87-852E-77488B549711}"
EndProject
Project("{FAE04EC0-301F-11D3-BF4B-00C04F79EFBC}") = "Rb.ComponentXmlLoader", "..\Source\Rb.ComponentXmlLoader\Rb.ComponentXmlLoader.2005.csproj", "{61B562C4-66D5-4048-B482-858A791249A2}"
EndProject
Project("{FAE04EC0-301F-11D3-BF4B-00C04F79EFBC}") = "Rb.Rendering.Interfaces", "..\Source\Rb.Rendering.Interfaces\Rb.Rendering.Interfaces.2005.csproj", "{8B059AC0-B98F-4D23-9F42-F8273DCB4034}"
EndProject
Project("{FAE04EC0-301F-11D3-BF4B-00C04F79EFBC}") = "Rb.Rendering", "..\Source\Rb.Rendering\Rb.Rendering.2005.csproj", "{EC130734-6F0F-402B-8215-9F133F0ADEE4}"
EndProject
Project("{FAE04EC0-301F-11D3-BF4B-00C04F79EFBC}") = "Rb.Core", "..\Source\Rb.Core\Rb.Core.2005.csproj", "{35CE14A7-E205-4B2B-ABF7-F1303673E8BA}"
EndProject
Project("{FAE04EC0-301F-11D3-BF4B-00C04F79EFBC}") = "Poc1.Universe", "Source\Poc1.Universe\Poc1.Universe.2005.csproj", "{5CC992B9-1B66-4ECC-8657-624DA59B3D2D}"
EndProject
Project("{FAE04EC0-301F-11D3-BF4B-00C04F79EFBC}") = "Rb.Assets", "..\Source\Rb.Assets\Rb.Assets.2005.csproj", "{22440804-2D3F-4FEF-AD01-812923F6E04C}"
EndProject
Project("{FAE04EC0-301F-11D3-BF4B-00C04F79EFBC}") = "Rb.Log", "..\Source\Rb.Log\Rb.Log.2005.csproj", "{55C5FE75-D492-41DE-B355-4D2681ADA1A0}"
EndProject
Project("{FAE04EC0-301F-11D3-BF4B-00C04F79EFBC}") = "Rb.Rendering.Windows", "..\Source\Rb.Rendering.Windows\Rb.Rendering.Windows.2005.csproj", "{39A57BC2-BE73-41A7-BBC2-A9D0C28D5A06}"
EndProject
Project("{FAE04EC0-301F-11D3-BF4B-00C04F79EFBC}") = "Rb.Log.Controls.Vs", "..\Source\Rb.Log.Controls.Vs\Rb.Log.Controls.Vs.2005.csproj", "{592DDD2E-6E38-4EB1-AD47-800193530D3B}"
EndProject
Project("{FAE04EC0-301F-11D3-BF4B-00C04F79EFBC}") = "Rb.LogViewer", "..\Source\Rb.LogViewer\Rb.LogViewer.2005.csproj", "{78507092-001D-4771-B893-687A22AAB924}"
EndProject
Project("{FAE04EC0-301F-11D3-BF4B-00C04F79EFBC}") = "Rb.ProfileViewerControls", "..\Source\Rb.ProfileViewerControls\Rb.ProfileViewerControls.2005.csproj", "{484AA727-6DEE-4F49-8DD6-E3FE24458169}"
EndProject
Project("{FAE04EC0-301F-11D3-BF4B-00C04F79EFBC}") = "Rb.NiceControls", "..\Source\Rb.NiceControls\Rb.NiceControls.2005.csproj", "{A4E5C0BF-B76D-425D-8439-B07EB6B29444}"
EndProject
Project("{8BC9CEB8-8B4A-11D0-8D11-00A0C91BC942}") = "Poc1.Fast", "Source\Poc1.Fast\Poc1.Fast.vcproj", "{2EA4865D-CDBB-4EC3-83A3-4703FE7B7A28}"
EndProject
Project("{FAE04EC0-301F-11D3-BF4B-00C04F79EFBC}") = "Poc1.TerrainPatchTest", "Source\Poc1.TerrainPatchTest\Poc1.TerrainPatchTest.2005.csproj", "{69A52F76-3407-4A37-B675-2513641A12F0}"
EndProject
Project("{8BC9CEB8-8B4A-11D0-8D11-00A0C91BC942}") = "Poc1.Fast.Terrain", "Source\Poc1.Fast.Terrain\Poc1.Fast.Terrain.vcproj", "{22C72F9C-B313-4366-BBE2-84A649775E75}"
EndProject
Project("{8BC9CEB8-8B4A-11D0-8D11-00A0C91BC942}") = "Poc1.Fast.Particles", "Source\Poc1.Fast.Particles\Poc1.Fast.Particles.vcproj", "{D8C474A5-FBA5-4D56-8753-6C9BE9BB2FA4}"
EndProject
Project("{FAE04EC0-301F-11D3-BF4B-00C04F79EFBC}") = "Poc1.Particles", "Source\Poc1.Particles\Poc1.Particles.2005.csproj", "{F8D9E178-27FE-4218-BA9E-1FED20449EB9}"
EndProject
Project("{FAE04EC0-301F-11D3-BF4B-00C04F79EFBC}") = "Rb.Rendering.OpenGl", "..\Source\Rb.Rendering.OpenGl\Rb.Rendering.OpenGl.2005.csproj", "{19DCB365-3040-4431-86E9-29183FA34EF7}"
EndProject
Project("{FAE04EC0-301F-11D3-BF4B-00C04F79EFBC}") = "Rb.Rendering.OpenGl.Cg", "..\Source\Rb.Rendering.OpenGl.Cg\Rb.Rendering.OpenGl.Cg.2005.csproj", "{C0A53C66-30B1-4891-9E33-31F96D6590D8}"
EndProject
Project("{FAE04EC0-301F-11D3-BF4B-00C04F79EFBC}") = "Rb.Rendering.OpenGl.Windows", "..\Source\Rb.Rendering.OpenGl.Windows\Rb.Rendering.OpenGl.Windows.2005.csproj", "{F2F59120-9F01-4910-BB19-16FA628AE56C}"
EndProject
Global
	GlobalSection(SolutionConfigurationPlatforms) = preSolution
		Debug|Any CPU = Debug|Any CPU
		Debug|Mixed Platforms = Debug|Mixed Platforms
		Debug|Win32 = Debug|Win32
		NDoc|Any CPU = NDoc|Any CPU
		NDoc|Mixed Platforms = NDoc|Mixed Platforms
		NDoc|Win32 = NDoc|Win32
		Release|Any CPU = Release|Any CPU
		Release|Mixed Platforms = Release|Mixed Platforms
		Release|Win32 = Release|Win32
	EndGlobalSection
	GlobalSection(ProjectConfigurationPlatforms) = postSolution
		{2097B22A-91A5-4CFF-8CCB-846A10523CB9}.Debug|Any CPU.ActiveCfg = Debug|Any CPU
		{2097B22A-91A5-4CFF-8CCB-846A10523CB9}.Debug|Any CPU.Build.0 = Debug|Any CPU
		{2097B22A-91A5-4CFF-8CCB-846A10523CB9}.Debug|Mixed Platforms.ActiveCfg = Debug|Any CPU
		{2097B22A-91A5-4CFF-8CCB-846A10523CB9}.Debug|Mixed Platforms.Build.0 = Debug|Any CPU
		{2097B22A-91A5-4CFF-8CCB-846A10523CB9}.Debug|Win32.ActiveCfg = Debug|Any CPU
		{2097B22A-91A5-4CFF-8CCB-846A10523CB9}.NDoc|Any CPU.ActiveCfg = NDoc|Any CPU
		{2097B22A-91A5-4CFF-8CCB-846A10523CB9}.NDoc|Any CPU.Build.0 = NDoc|Any CPU
		{2097B22A-91A5-4CFF-8CCB-846A10523CB9}.NDoc|Mixed Platforms.ActiveCfg = NDoc|Any CPU
		{2097B22A-91A5-4CFF-8CCB-846A10523CB9}.NDoc|Mixed Platforms.Build.0 = NDoc|Any CPU
		{2097B22A-91A5-4CFF-8CCB-846A10523CB9}.NDoc|Win32.ActiveCfg = NDoc|Any CPU
		{2097B22A-91A5-4CFF-8CCB-846A10523CB9}.Release|Any CPU.ActiveCfg = Release|Any CPU
		{2097B22A-91A5-4CFF-8CCB-846A10523CB9}.Release|Any CPU.Build.0 = Release|Any CPU
		{2097B22A-91A5-4CFF-8CCB-846A10523CB9}.Release|Mixed Platforms.ActiveCfg = Release|Any CPU
		{2097B22A-91A5-4CFF-8CCB-846A10523CB9}.Release|Mixed Platforms.Build.0 = Release|Any CPU
		{2097B22A-91A5-4CFF-8CCB-846A10523CB9}.Release|Win32.ActiveCfg = Release|Any CPU
		{6A396404-1A0C-418A-AE8D-6BA8B93526C5}.Debug|Any CPU.ActiveCfg = Debug|Any CPU
		{6A396404-1A0C-418A-AE8D-6BA8B93526C5}.Debug|Any CPU.Build.0 = Debug|Any CPU
		{6A396404-1A0C-418A-AE8D-6BA8B93526C5}.Debug|Mixed Platforms.ActiveCfg = Debug|Any CPU
		{6A396404-1A0C-418A-AE8D-6BA8B93526C5}.Debug|Mixed Platforms.Build.0 = Debug|Any CPU
		{6A396404-1A0C-418A-AE8D-6BA8B93526C5}.Debug|Win32.ActiveCfg = Debug|Any CPU
		{6A396404-1A0C-418A-AE8D-6BA8B93526C5}.NDoc|Any CPU.ActiveCfg = Release|Any CPU
		{6A396404-1A0C-418A-AE8D-6BA8B93526C5}.NDoc|Any CPU.Build.0 = Release|Any CPU
		{6A396404-1A0C-418A-AE8D-6BA8B93526C5}.NDoc|Mixed Platforms.ActiveCfg = Release|Any CPU
		{6A396404-1A0C-418A-AE8D-6BA8B93526C5}.NDoc|Mixed Platforms.Build.0 = Release|Any CPU
		{6A396404-1A0C-418A-AE8D-6BA8B93526C5}.NDoc|Win32.ActiveCfg = Release|Any CPU
		{6A396404-1A0C-418A-AE8D-6BA8B93526C5}.Release|Any CPU.ActiveCfg = Release|Any CPU
		{6A396404-1A0C-418A-AE8D-6BA8B93526C5}.Release|Any CPU.Build.0 = Release|Any CPU
		{6A396404-1A0C-418A-AE8D-6BA8B93526C5}.Release|Mixed Platforms.ActiveCfg = Release|Any CPU
		{6A396404-1A0C-418A-AE8D-6BA8B93526C5}.Release|Mixed Platforms.Build.0 = Release|Any CPU
		{6A396404-1A0C-418A-AE8D-6BA8B93526C5}.Release|Win32.ActiveCfg = Release|Any CPU
		{AE4AA2A9-8D98-4F63-8ADF-561B3BF14D66}.Debug|Any CPU.ActiveCfg = Debug|Any CPU
		{AE4AA2A9-8D98-4F63-8ADF-561B3BF14D66}.Debug|Any CPU.Build.0 = Debug|Any CPU
		{AE4AA2A9-8D98-4F63-8ADF-561B3BF14D66}.Debug|Mixed Platforms.ActiveCfg = Debug|Any CPU
		{AE4AA2A9-8D98-4F63-8ADF-561B3BF14D66}.Debug|Mixed Platforms.Build.0 = Debug|Any CPU
		{AE4AA2A9-8D98-4F63-8ADF-561B3BF14D66}.Debug|Win32.ActiveCfg = Debug|Any CPU
		{AE4AA2A9-8D98-4F63-8ADF-561B3BF14D66}.NDoc|Any CPU.ActiveCfg = NDoc|Any CPU
		{AE4AA2A9-8D98-4F63-8ADF-561B3BF14D66}.NDoc|Any CPU.Build.0 = NDoc|Any CPU
		{AE4AA2A9-8D98-4F63-8ADF-561B3BF14D66}.NDoc|Mixed Platforms.ActiveCfg = NDoc|Any CPU
		{AE4AA2A9-8D98-4F63-8ADF-561B3BF14D66}.NDoc|Mixed Platforms.Build.0 = NDoc|Any CPU
		{AE4AA2A9-8D98-4F63-8ADF-561B3BF14D66}.NDoc|Win32.ActiveCfg = NDoc|Any CPU
		{AE4AA2A9-8D98-4F63-8ADF-561B3BF14D66}.Release|Any CPU.ActiveCfg = Release|Any CPU
		{AE4AA2A9-8D98-4F63-8ADF-561B3BF14D66}.Release|Any CPU.Build.0 = Release|Any CPU
		{AE4AA2A9-8D98-4F63-8ADF-561B3BF14D66}.Release|Mixed Platforms.ActiveCfg = Release|Any CPU
		{AE4AA2A9-8D98-4F63-8ADF-561B3BF14D66}.Release|Mixed Platforms.Build.0 = Release|Any CPU
		{AE4AA2A9-8D98-4F63-8ADF-561B3BF14D66}.Release|Win32.ActiveCfg = Release|Any CPU
		{2C6A42E3-125C-4885-8D00-EBA1D271A6BA}.Debug|Any CPU.ActiveCfg = Debug|Any CPU
		{2C6A42E3-125C-4885-8D00-EBA1D271A6BA}.Debug|Any CPU.Build.0 = Debug|Any CPU
		{2C6A42E3-125C-4885-8D00-EBA1D271A6BA}.Debug|Mixed Platforms.ActiveCfg = Debug|Any CPU
		{2C6A42E3-125C-4885-8D00-EBA1D271A6BA}.Debug|Mixed Platforms.Build.0 = Debug|Any CPU
		{2C6A42E3-125C-4885-8D00-EBA1D271A6BA}.Debug|Win32.ActiveCfg = Debug|Any CPU
		{2C6A42E3-125C-4885-8D00-EBA1D271A6BA}.NDoc|Any CPU.ActiveCfg = NDoc|Any CPU
		{2C6A42E3-125C-4885-8D00-EBA1D271A6BA}.NDoc|Any CPU.Build.0 = NDoc|Any CPU
		{2C6A42E3-125C-4885-8D00-EBA1D271A6BA}.NDoc|Mixed Platforms.ActiveCfg = NDoc|Any CPU
		{2C6A42E3-125C-4885-8D00-EBA1D271A6BA}.NDoc|Mixed Platforms.Build.0 = NDoc|Any CPU
		{2C6A42E3-125C-4885-8D00-EBA1D271A6BA}.NDoc|Win32.ActiveCfg = NDoc|Any CPU
		{2C6A42E3-125C-4885-8D00-EBA1D271A6BA}.Release|Any CPU.ActiveCfg = Release|Any CPU
		{2C6A42E3-125C-4885-8D00-EBA1D271A6BA}.Release|Any CPU.Build.0 = Release|Any CPU
		{2C6A42E3-125C-4885-8D00-EBA1D271A6BA}.Release|Mixed Platforms.ActiveCfg = Release|Any CPU
		{2C6A42E3-125C-4885-8D00-EBA1D271A6BA}.Release|Mixed Platforms.Build.0 = Release|Any CPU
		{2C6A42E3-125C-4885-8D00-EBA1D271A6BA}.Release|Win32.ActiveCfg = Release|Any CPU
		{4ECD7CBC-1D3E-4C87-852E-77488B549711}.Debug|Any CPU.ActiveCfg = Debug|Any CPU
		{4ECD7CBC-1D3E-4C87-852E-77488B549711}.Debug|Any CPU.Build.0 = Debug|Any CPU
		{4ECD7CBC-1D3E-4C87-852E-77488B549711}.Debug|Mixed Platforms.ActiveCfg = Debug|Any CPU
		{4ECD7CBC-1D3E-4C87-852E-77488B549711}.Debug|Mixed Platforms.Build.0 = Debug|Any CPU
		{4ECD7CBC-1D3E-4C87-852E-77488B549711}.Debug|Win32.ActiveCfg = Debug|Any CPU
		{4ECD7CBC-1D3E-4C87-852E-77488B549711}.NDoc|Any CPU.ActiveCfg = NDoc|Any CPU
		{4ECD7CBC-1D3E-4C87-852E-77488B549711}.NDoc|Any CPU.Build.0 = NDoc|Any CPU
		{4ECD7CBC-1D3E-4C87-852E-77488B549711}.NDoc|Mixed Platforms.ActiveCfg = NDoc|Any CPU
		{4ECD7CBC-1D3E-4C87-852E-77488B549711}.NDoc|Mixed Platforms.Build.0 = NDoc|Any CPU
		{4ECD7CBC-1D3E-4C87-852E-77488B549711}.NDoc|Win32.ActiveCfg = NDoc|Any CPU
		{4ECD7CBC-1D3E-4C87-852E-77488B549711}.Release|Any CPU.ActiveCfg = Release|Any CPU
		{4ECD7CBC-1D3E-4C87-852E-77488B549711}.Release|Any CPU.Build.0 = Release|Any CPU
		{4ECD7CBC-1D3E-4C87-852E-77488B549711}.Release|Mixed Platforms.ActiveCfg = Release|Any CPU
		{4ECD7CBC-1D3E-4C87-852E-77488B549711}.Release|Mixed Platforms.Build.0 = Release|Any CPU
		{4ECD7CBC-1D3E-4C87-852E-77488B549711}.Release|Win32.ActiveCfg = Release|Any CPU
		{61B562C4-66D5-4048-B482-858A791249A2}.Debug|Any CPU.ActiveCfg = Debug|Any CPU
		{61B562C4-66D5-4048-B482-858A791249A2}.Debug|Any CPU.Build.0 = Debug|Any CPU
		{61B562C4-66D5-4048-B482-858A791249A2}.Debug|Mixed Platforms.ActiveCfg = Debug|Any CPU
		{61B562C4-66D5-4048-B482-858A791249A2}.Debug|Mixed Platforms.Build.0 = Debug|Any CPU
		{61B562C4-66D5-4048-B482-858A791249A2}.Debug|Win32.ActiveCfg = Debug|Any CPU
		{61B562C4-66D5-4048-B482-858A791249A2}.NDoc|Any CPU.ActiveCfg = NDoc|Any CPU
		{61B562C4-66D5-4048-B482-858A791249A2}.NDoc|Any CPU.Build.0 = NDoc|Any CPU
		{61B562C4-66D5-4048-B482-858A791249A2}.NDoc|Mixed Platforms.ActiveCfg = NDoc|Any CPU
		{61B562C4-66D5-4048-B482-858A791249A2}.NDoc|Mixed Platforms.Build.0 = NDoc|Any CPU
		{61B562C4-66D5-4048-B482-858A791249A2}.NDoc|Win32.ActiveCfg = NDoc|Any CPU
		{61B562C4-66D5-4048-B482-858A791249A2}.Release|Any CPU.ActiveCfg = Release|Any CPU
		{61B562C4-66D5-4048-B482-858A791249A2}.Release|Any CPU.Build.0 = Release|Any CPU
		{61B562C4-66D5-4048-B482-858A791249A2}.Release|Mixed Platforms.ActiveCfg = Release|Any CPU
		{61B562C4-66D5-4048-B482-858A791249A2}.Release|Mixed Platforms.Build.0 = Release|Any CPU
		{61B562C4-66D5-4048-B482-858A791249A2}.Release|Win32.ActiveCfg = Release|Any CPU
		{8B059AC0-B98F-4D23-9F42-F8273DCB4034}.Debug|Any CPU.ActiveCfg = Debug|Any CPU
		{8B059AC0-B98F-4D23-9F42-F8273DCB4034}.Debug|Any CPU.Build.0 = Debug|Any CPU
		{8B059AC0-B98F-4D23-9F42-F8273DCB4034}.Debug|Mixed Platforms.ActiveCfg = Debug|Any CPU
		{8B059AC0-B98F-4D23-9F42-F8273DCB4034}.Debug|Mixed Platforms.Build.0 = Debug|Any CPU
		{8B059AC0-B98F-4D23-9F42-F8273DCB4034}.Debug|Win32.ActiveCfg = Debug|Any CPU
		{8B059AC0-B98F-4D23-9F42-F8273DCB4034}.NDoc|Any CPU.ActiveCfg = Release|Any CPU
		{8B059AC0-B98F-4D23-9F42-F8273DCB4034}.NDoc|Any CPU.Build.0 = Release|Any CPU
		{8B059AC0-B98F-4D23-9F42-F8273DCB4034}.NDoc|Mixed Platforms.ActiveCfg = Release|Any CPU
		{8B059AC0-B98F-4D23-9F42-F8273DCB4034}.NDoc|Mixed Platforms.Build.0 = Release|Any CPU
		{8B059AC0-B98F-4D23-9F42-F8273DCB4034}.NDoc|Win32.ActiveCfg = Release|Any CPU
		{8B059AC0-B98F-4D23-9F42-F8273DCB4034}.Release|Any CPU.ActiveCfg = Release|Any CPU
		{8B059AC0-B98F-4D23-9F42-F8273DCB4034}.Release|Any CPU.Build.0 = Release|Any CPU
		{8B059AC0-B98F-4D23-9F42-F8273DCB4034}.Release|Mixed Platforms.ActiveCfg = Release|Any CPU
		{8B059AC0-B98F-4D23-9F42-F8273DCB4034}.Release|Mixed Platforms.Build.0 = Release|Any CPU
		{8B059AC0-B98F-4D23-9F42-F8273DCB4034}.Release|Win32.ActiveCfg = Release|Any CPU
		{EC130734-6F0F-402B-8215-9F133F0ADEE4}.Debug|Any CPU.ActiveCfg = Debug|Any CPU
		{EC130734-6F0F-402B-8215-9F133F0ADEE4}.Debug|Any CPU.Build.0 = Debug|Any CPU
		{EC130734-6F0F-402B-8215-9F133F0ADEE4}.Debug|Mixed Platforms.ActiveCfg = Debug|Any CPU
		{EC130734-6F0F-402B-8215-9F133F0ADEE4}.Debug|Mixed Platforms.Build.0 = Debug|Any CPU
		{EC130734-6F0F-402B-8215-9F133F0ADEE4}.Debug|Win32.ActiveCfg = Debug|Any CPU
		{EC130734-6F0F-402B-8215-9F133F0ADEE4}.NDoc|Any CPU.ActiveCfg = NDoc|Any CPU
		{EC130734-6F0F-402B-8215-9F133F0ADEE4}.NDoc|Any CPU.Build.0 = NDoc|Any CPU
		{EC130734-6F0F-402B-8215-9F133F0ADEE4}.NDoc|Mixed Platforms.ActiveCfg = NDoc|Any CPU
		{EC130734-6F0F-402B-8215-9F133F0ADEE4}.NDoc|Mixed Platforms.Build.0 = NDoc|Any CPU
		{EC130734-6F0F-402B-8215-9F133F0ADEE4}.NDoc|Win32.ActiveCfg = NDoc|Any CPU
		{EC130734-6F0F-402B-8215-9F133F0ADEE4}.Release|Any CPU.ActiveCfg = Release|Any CPU
		{EC130734-6F0F-402B-8215-9F133F0ADEE4}.Release|Any CPU.Build.0 = Release|Any CPU
		{EC130734-6F0F-402B-8215-9F133F0ADEE4}.Release|Mixed Platforms.ActiveCfg = Release|Any CPU
		{EC130734-6F0F-402B-8215-9F133F0ADEE4}.Release|Mixed Platforms.Build.0 = Release|Any CPU
		{EC130734-6F0F-402B-8215-9F133F0ADEE4}.Release|Win32.ActiveCfg = Release|Any CPU
		{35CE14A7-E205-4B2B-ABF7-F1303673E8BA}.Debug|Any CPU.ActiveCfg = Debug|Any CPU
		{35CE14A7-E205-4B2B-ABF7-F1303673E8BA}.Debug|Any CPU.Build.0 = Debug|Any CPU
		{35CE14A7-E205-4B2B-ABF7-F1303673E8BA}.Debug|Mixed Platforms.ActiveCfg = Debug|Any CPU
		{35CE14A7-E205-4B2B-ABF7-F1303673E8BA}.Debug|Mixed Platforms.Build.0 = Debug|Any CPU
		{35CE14A7-E205-4B2B-ABF7-F1303673E8BA}.Debug|Win32.ActiveCfg = Debug|Any CPU
		{35CE14A7-E205-4B2B-ABF7-F1303673E8BA}.NDoc|Any CPU.ActiveCfg = NDoc|Any CPU
		{35CE14A7-E205-4B2B-ABF7-F1303673E8BA}.NDoc|Any CPU.Build.0 = NDoc|Any CPU
		{35CE14A7-E205-4B2B-ABF7-F1303673E8BA}.NDoc|Mixed Platforms.ActiveCfg = NDoc|Any CPU
		{35CE14A7-E205-4B2B-ABF7-F1303673E8BA}.NDoc|Mixed Platforms.Build.0 = NDoc|Any CPU
		{35CE14A7-E205-4B2B-ABF7-F1303673E8BA}.NDoc|Win32.ActiveCfg = NDoc|Any CPU
		{35CE14A7-E205-4B2B-ABF7-F1303673E8BA}.Release|Any CPU.ActiveCfg = Release|Any CPU
		{35CE14A7-E205-4B2B-ABF7-F1303673E8BA}.Release|Any CPU.Build.0 = Release|Any CPU
		{35CE14A7-E205-4B2B-ABF7-F1303673E8BA}.Release|Mixed Platforms.ActiveCfg = Release|Any CPU
		{35CE14A7-E205-4B2B-ABF7-F1303673E8BA}.Release|Mixed Platforms.Build.0 = Release|Any CPU
		{35CE14A7-E205-4B2B-ABF7-F1303673E8BA}.Release|Win32.ActiveCfg = Release|Any CPU
		{5CC992B9-1B66-4ECC-8657-624DA59B3D2D}.Debug|Any CPU.ActiveCfg = Debug|Any CPU
		{5CC992B9-1B66-4ECC-8657-624DA59B3D2D}.Debug|Any CPU.Build.0 = Debug|Any CPU
		{5CC992B9-1B66-4ECC-8657-624DA59B3D2D}.Debug|Mixed Platforms.ActiveCfg = Debug|Any CPU
		{5CC992B9-1B66-4ECC-8657-624DA59B3D2D}.Debug|Mixed Platforms.Build.0 = Debug|Any CPU
		{5CC992B9-1B66-4ECC-8657-624DA59B3D2D}.Debug|Win32.ActiveCfg = Debug|Any CPU
		{5CC992B9-1B66-4ECC-8657-624DA59B3D2D}.NDoc|Any CPU.ActiveCfg = Release|Any CPU
		{5CC992B9-1B66-4ECC-8657-624DA59B3D2D}.NDoc|Any CPU.Build.0 = Release|Any CPU
		{5CC992B9-1B66-4ECC-8657-624DA59B3D2D}.NDoc|Mixed Platforms.ActiveCfg = Release|Any CPU
		{5CC992B9-1B66-4ECC-8657-624DA59B3D2D}.NDoc|Mixed Platforms.Build.0 = Release|Any CPU
		{5CC992B9-1B66-4ECC-8657-624DA59B3D2D}.NDoc|Win32.ActiveCfg = Release|Any CPU
		{5CC992B9-1B66-4ECC-8657-624DA59B3D2D}.Release|Any CPU.ActiveCfg = Release|Any CPU
		{5CC992B9-1B66-4ECC-8657-624DA59B3D2D}.Release|Any CPU.Build.0 = Release|Any CPU
		{5CC992B9-1B66-4ECC-8657-624DA59B3D2D}.Release|Mixed Platforms.ActiveCfg = Release|Any CPU
		{5CC992B9-1B66-4ECC-8657-624DA59B3D2D}.Release|Mixed Platforms.Build.0 = Release|Any CPU
		{5CC992B9-1B66-4ECC-8657-624DA59B3D2D}.Release|Win32.ActiveCfg = Release|Any CPU
		{22440804-2D3F-4FEF-AD01-812923F6E04C}.Debug|Any CPU.ActiveCfg = Debug|Any CPU
		{22440804-2D3F-4FEF-AD01-812923F6E04C}.Debug|Any CPU.Build.0 = Debug|Any CPU
		{22440804-2D3F-4FEF-AD01-812923F6E04C}.Debug|Mixed Platforms.ActiveCfg = Debug|Any CPU
		{22440804-2D3F-4FEF-AD01-812923F6E04C}.Debug|Mixed Platforms.Build.0 = Debug|Any CPU
		{22440804-2D3F-4FEF-AD01-812923F6E04C}.Debug|Win32.ActiveCfg = Debug|Any CPU
		{22440804-2D3F-4FEF-AD01-812923F6E04C}.NDoc|Any CPU.ActiveCfg = Release|Any CPU
		{22440804-2D3F-4FEF-AD01-812923F6E04C}.NDoc|Any CPU.Build.0 = Release|Any CPU
		{22440804-2D3F-4FEF-AD01-812923F6E04C}.NDoc|Mixed Platforms.ActiveCfg = Release|Any CPU
		{22440804-2D3F-4FEF-AD01-812923F6E04C}.NDoc|Mixed Platforms.Build.0 = Release|Any CPU
		{22440804-2D3F-4FEF-AD01-812923F6E04C}.NDoc|Win32.ActiveCfg = Release|Any CPU
		{22440804-2D3F-4FEF-AD01-812923F6E04C}.Release|Any CPU.ActiveCfg = Release|Any CPU
		{22440804-2D3F-4FEF-AD01-812923F6E04C}.Release|Any CPU.Build.0 = Release|Any CPU
		{22440804-2D3F-4FEF-AD01-812923F6E04C}.Release|Mixed Platforms.ActiveCfg = Release|Any CPU
		{22440804-2D3F-4FEF-AD01-812923F6E04C}.Release|Mixed Platforms.Build.0 = Release|Any CPU
		{22440804-2D3F-4FEF-AD01-812923F6E04C}.Release|Win32.ActiveCfg = Release|Any CPU
		{55C5FE75-D492-41DE-B355-4D2681ADA1A0}.Debug|Any CPU.ActiveCfg = Debug|Any CPU
		{55C5FE75-D492-41DE-B355-4D2681ADA1A0}.Debug|Any CPU.Build.0 = Debug|Any CPU
		{55C5FE75-D492-41DE-B355-4D2681ADA1A0}.Debug|Mixed Platforms.ActiveCfg = Debug|Any CPU
		{55C5FE75-D492-41DE-B355-4D2681ADA1A0}.Debug|Mixed Platforms.Build.0 = Debug|Any CPU
		{55C5FE75-D492-41DE-B355-4D2681ADA1A0}.Debug|Win32.ActiveCfg = Debug|Any CPU
		{55C5FE75-D492-41DE-B355-4D2681ADA1A0}.NDoc|Any CPU.ActiveCfg = NDoc|Any CPU
		{55C5FE75-D492-41DE-B355-4D2681ADA1A0}.NDoc|Any CPU.Build.0 = NDoc|Any CPU
		{55C5FE75-D492-41DE-B355-4D2681ADA1A0}.NDoc|Mixed Platforms.ActiveCfg = NDoc|Any CPU
		{55C5FE75-D492-41DE-B355-4D2681ADA1A0}.NDoc|Mixed Platforms.Build.0 = NDoc|Any CPU
		{55C5FE75-D492-41DE-B355-4D2681ADA1A0}.NDoc|Win32.ActiveCfg = NDoc|Any CPU
		{55C5FE75-D492-41DE-B355-4D2681ADA1A0}.Release|Any CPU.ActiveCfg = Release|Any CPU
		{55C5FE75-D492-41DE-B355-4D2681ADA1A0}.Release|Any CPU.Build.0 = Release|Any CPU
		{55C5FE75-D492-41DE-B355-4D2681ADA1A0}.Release|Mixed Platforms.ActiveCfg = Release|Any CPU
		{55C5FE75-D492-41DE-B355-4D2681ADA1A0}.Release|Mixed Platforms.Build.0 = Release|Any CPU
		{55C5FE75-D492-41DE-B355-4D2681ADA1A0}.Release|Win32.ActiveCfg = Release|Any CPU
		{39A57BC2-BE73-41A7-BBC2-A9D0C28D5A06}.Debug|Any CPU.ActiveCfg = Debug|Any CPU
		{39A57BC2-BE73-41A7-BBC2-A9D0C28D5A06}.Debug|Any CPU.Build.0 = Debug|Any CPU
		{39A57BC2-BE73-41A7-BBC2-A9D0C28D5A06}.Debug|Mixed Platforms.ActiveCfg = Debug|Any CPU
		{39A57BC2-BE73-41A7-BBC2-A9D0C28D5A06}.Debug|Mixed Platforms.Build.0 = Debug|Any CPU
		{39A57BC2-BE73-41A7-BBC2-A9D0C28D5A06}.Debug|Win32.ActiveCfg = Debug|Any CPU
		{39A57BC2-BE73-41A7-BBC2-A9D0C28D5A06}.NDoc|Any CPU.ActiveCfg = NDoc|Any CPU
		{39A57BC2-BE73-41A7-BBC2-A9D0C28D5A06}.NDoc|Any CPU.Build.0 = NDoc|Any CPU
		{39A57BC2-BE73-41A7-BBC2-A9D0C28D5A06}.NDoc|Mixed Platforms.ActiveCfg = NDoc|Any CPU
		{39A57BC2-BE73-41A7-BBC2-A9D0C28D5A06}.NDoc|Mixed Platforms.Build.0 = NDoc|Any CPU
		{39A57BC2-BE73-41A7-BBC2-A9D0C28D5A06}.NDoc|Win32.ActiveCfg = NDoc|Any CPU
		{39A57BC2-BE73-41A7-BBC2-A9D0C28D5A06}.Release|Any CPU.ActiveCfg = Release|Any CPU
		{39A57BC2-BE73-41A7-BBC2-A9D0C28D5A06}.Release|Any CPU.Build.0 = Release|Any CPU
		{39A57BC2-BE73-41A7-BBC2-A9D0C28D5A06}.Release|Mixed Platforms.ActiveCfg = Release|Any CPU
		{39A57BC2-BE73-41A7-BBC2-A9D0C28D5A06}.Release|Mixed Platforms.Build.0 = Release|Any CPU
		{39A57BC2-BE73-41A7-BBC2-A9D0C28D5A06}.Release|Win32.ActiveCfg = Release|Any CPU
		{592DDD2E-6E38-4EB1-AD47-800193530D3B}.Debug|Any CPU.ActiveCfg = Debug|Any CPU
		{592DDD2E-6E38-4EB1-AD47-800193530D3B}.Debug|Any CPU.Build.0 = Debug|Any CPU
		{592DDD2E-6E38-4EB1-AD47-800193530D3B}.Debug|Mixed Platforms.ActiveCfg = Debug|Any CPU
		{592DDD2E-6E38-4EB1-AD47-800193530D3B}.Debug|Mixed Platforms.Build.0 = Debug|Any CPU
		{592DDD2E-6E38-4EB1-AD47-800193530D3B}.Debug|Win32.ActiveCfg = Debug|Any CPU
		{592DDD2E-6E38-4EB1-AD47-800193530D3B}.NDoc|Any CPU.ActiveCfg = NDoc|Any CPU
		{592DDD2E-6E38-4EB1-AD47-800193530D3B}.NDoc|Any CPU.Build.0 = NDoc|Any CPU
		{592DDD2E-6E38-4EB1-AD47-800193530D3B}.NDoc|Mixed Platforms.ActiveCfg = NDoc|Any CPU
		{592DDD2E-6E38-4EB1-AD47-800193530D3B}.NDoc|Mixed Platforms.Build.0 = NDoc|Any CPU
		{592DDD2E-6E38-4EB1-AD47-800193530D3B}.NDoc|Win32.ActiveCfg = NDoc|Any CPU
		{592DDD2E-6E38-4EB1-AD47-800193530D3B}.Release|Any CPU.ActiveCfg = Release|Any CPU
		{592DDD2E-6E38-4EB1-AD47-800193530D3B}.Release|Any CPU.Build.0 = Release|Any CPU
		{592DDD2E-6E38-4EB1-AD47-800193530D3B}.Release|Mixed Platforms.ActiveCfg = Release|Any CPU
		{592DDD2E-6E38-4EB1-AD47-800193530D3B}.Release|Mixed Platforms.Build.0 = Release|Any CPU
		{592DDD2E-6E38-4EB1-AD47-800193530D3B}.Release|Win32.ActiveCfg = Release|Any CPU
		{78507092-001D-4771-B893-687A22AAB924}.Debug|Any CPU.ActiveCfg = Debug|Any CPU
		{78507092-001D-4771-B893-687A22AAB924}.Debug|Any CPU.Build.0 = Debug|Any CPU
		{78507092-001D-4771-B893-687A22AAB924}.Debug|Mixed Platforms.ActiveCfg = Debug|Any CPU
		{78507092-001D-4771-B893-687A22AAB924}.Debug|Mixed Platforms.Build.0 = Debug|Any CPU
		{78507092-001D-4771-B893-687A22AAB924}.Debug|Win32.ActiveCfg = Debug|Any CPU
		{78507092-001D-4771-B893-687A22AAB924}.NDoc|Any CPU.ActiveCfg = Release|Any CPU
		{78507092-001D-4771-B893-687A22AAB924}.NDoc|Any CPU.Build.0 = Release|Any CPU
		{78507092-001D-4771-B893-687A22AAB924}.NDoc|Mixed Platforms.ActiveCfg = Release|Any CPU
		{78507092-001D-4771-B893-687A22AAB924}.NDoc|Mixed Platforms.Build.0 = Release|Any CPU
		{78507092-001D-4771-B893-687A22AAB924}.NDoc|Win32.ActiveCfg = Release|Any CPU
		{78507092-001D-4771-B893-687A22AAB924}.Release|Any CPU.ActiveCfg = Release|Any CPU
		{78507092-001D-4771-B893-687A22AAB924}.Release|Any CPU.Build.0 = Release|Any CPU
		{78507092-001D-4771-B893-687A22AAB924}.Release|Mixed Platforms.ActiveCfg = Release|Any CPU
		{78507092-001D-4771-B893-687A22AAB924}.Release|Mixed Platforms.Build.0 = Release|Any CPU
		{78507092-001D-4771-B893-687A22AAB924}.Release|Win32.ActiveCfg = Release|Any CPU
		{484AA727-6DEE-4F49-8DD6-E3FE24458169}.Debug|Any CPU.ActiveCfg = Debug|Any CPU
		{484AA727-6DEE-4F49-8DD6-E3FE24458169}.Debug|Any CPU.Build.0 = Debug|Any CPU
		{484AA727-6DEE-4F49-8DD6-E3FE24458169}.Debug|Mixed Platforms.ActiveCfg = Debug|Any CPU
		{484AA727-6DEE-4F49-8DD6-E3FE24458169}.Debug|Mixed Platforms.Build.0 = Debug|Any CPU
		{484AA727-6DEE-4F49-8DD6-E3FE24458169}.Debug|Win32.ActiveCfg = Debug|Any CPU
		{484AA727-6DEE-4F49-8DD6-E3FE24458169}.NDoc|Any CPU.ActiveCfg = Release|Any CPU
		{484AA727-6DEE-4F49-8DD6-E3FE24458169}.NDoc|Any CPU.Build.0 = Release|Any CPU
		{484AA727-6DEE-4F49-8DD6-E3FE24458169}.NDoc|Mixed Platforms.ActiveCfg = Release|Any CPU
		{484AA727-6DEE-4F49-8DD6-E3FE24458169}.NDoc|Mixed Platforms.Build.0 = Release|Any CPU
		{484AA727-6DEE-4F49-8DD6-E3FE24458169}.NDoc|Win32.ActiveCfg = Release|Any CPU
		{484AA727-6DEE-4F49-8DD6-E3FE24458169}.Release|Any CPU.ActiveCfg = Release|Any CPU
		{484AA727-6DEE-4F49-8DD6-E3FE24458169}.Release|Any CPU.Build.0 = Release|Any CPU
		{484AA727-6DEE-4F49-8DD6-E3FE24458169}.Release|Mixed Platforms.ActiveCfg = Release|Any CPU
		{484AA727-6DEE-4F49-8DD6-E3FE24458169}.Release|Mixed Platforms.Build.0 = Release|Any CPU
		{484AA727-6DEE-4F49-8DD6-E3FE24458169}.Release|Win32.ActiveCfg = Release|Any CPU
		{A4E5C0BF-B76D-425D-8439-B07EB6B29444}.Debug|Any CPU.ActiveCfg = Debug|Any CPU
		{A4E5C0BF-B76D-425D-8439-B07EB6B29444}.Debug|Any CPU.Build.0 = Debug|Any CPU
		{A4E5C0BF-B76D-425D-8439-B07EB6B29444}.Debug|Mixed Platforms.ActiveCfg = Debug|Any CPU
		{A4E5C0BF-B76D-425D-8439-B07EB6B29444}.Debug|Mixed Platforms.Build.0 = Debug|Any CPU
		{A4E5C0BF-B76D-425D-8439-B07EB6B29444}.Debug|Win32.ActiveCfg = Debug|Any CPU
		{A4E5C0BF-B76D-425D-8439-B07EB6B29444}.NDoc|Any CPU.ActiveCfg = Release|Any CPU
		{A4E5C0BF-B76D-425D-8439-B07EB6B29444}.NDoc|Any CPU.Build.0 = Release|Any CPU
		{A4E5C0BF-B76D-425D-8439-B07EB6B29444}.NDoc|Mixed Platforms.ActiveCfg = Release|Any CPU
		{A4E5C0BF-B76D-425D-8439-B07EB6B29444}.NDoc|Mixed Platforms.Build.0 = Release|Any CPU
		{A4E5C0BF-B76D-425D-8439-B07EB6B29444}.NDoc|Win32.ActiveCfg = Release|Any CPU
		{A4E5C0BF-B76D-425D-8439-B07EB6B29444}.Release|Any CPU.ActiveCfg = Release|Any CPU
		{A4E5C0BF-B76D-425D-8439-B07EB6B29444}.Release|Any CPU.Build.0 = Release|Any CPU
		{A4E5C0BF-B76D-425D-8439-B07EB6B29444}.Release|Mixed Platforms.ActiveCfg = Release|Any CPU
		{A4E5C0BF-B76D-425D-8439-B07EB6B29444}.Release|Mixed Platforms.Build.0 = Release|Any CPU
		{A4E5C0BF-B76D-425D-8439-B07EB6B29444}.Release|Win32.ActiveCfg = Release|Any CPU
		{2EA4865D-CDBB-4EC3-83A3-4703FE7B7A28}.Debug|Any CPU.ActiveCfg = Debug|Win32
		{2EA4865D-CDBB-4EC3-83A3-4703FE7B7A28}.Debug|Mixed Platforms.ActiveCfg = Debug|Win32
		{2EA4865D-CDBB-4EC3-83A3-4703FE7B7A28}.Debug|Mixed Platforms.Build.0 = Debug|Win32
		{2EA4865D-CDBB-4EC3-83A3-4703FE7B7A28}.Debug|Win32.ActiveCfg = Debug|Win32
		{2EA4865D-CDBB-4EC3-83A3-4703FE7B7A28}.Debug|Win32.Build.0 = Debug|Win32
		{2EA4865D-CDBB-4EC3-83A3-4703FE7B7A28}.NDoc|Any CPU.ActiveCfg = Release|Win32
		{2EA4865D-CDBB-4EC3-83A3-4703FE7B7A28}.NDoc|Mixed Platforms.ActiveCfg = Release|Win32
		{2EA4865D-CDBB-4EC3-83A3-4703FE7B7A28}.NDoc|Mixed Platforms.Build.0 = Release|Win32
		{2EA4865D-CDBB-4EC3-83A3-4703FE7B7A28}.NDoc|Win32.ActiveCfg = Release|Win32
		{2EA4865D-CDBB-4EC3-83A3-4703FE7B7A28}.NDoc|Win32.Build.0 = Release|Win32
		{2EA4865D-CDBB-4EC3-83A3-4703FE7B7A28}.Release|Any CPU.ActiveCfg = Release|Win32
		{2EA4865D-CDBB-4EC3-83A3-4703FE7B7A28}.Release|Mixed Platforms.ActiveCfg = Release|Win32
		{2EA4865D-CDBB-4EC3-83A3-4703FE7B7A28}.Release|Mixed Platforms.Build.0 = Release|Win32
		{2EA4865D-CDBB-4EC3-83A3-4703FE7B7A28}.Release|Win32.ActiveCfg = Release|Win32
		{2EA4865D-CDBB-4EC3-83A3-4703FE7B7A28}.Release|Win32.Build.0 = Release|Win32
		{69A52F76-3407-4A37-B675-2513641A12F0}.Debug|Any CPU.ActiveCfg = Debug|Any CPU
		{69A52F76-3407-4A37-B675-2513641A12F0}.Debug|Any CPU.Build.0 = Debug|Any CPU
		{69A52F76-3407-4A37-B675-2513641A12F0}.Debug|Mixed Platforms.ActiveCfg = Debug|Any CPU
		{69A52F76-3407-4A37-B675-2513641A12F0}.Debug|Mixed Platforms.Build.0 = Debug|Any CPU
		{69A52F76-3407-4A37-B675-2513641A12F0}.Debug|Win32.ActiveCfg = Debug|Any CPU
		{69A52F76-3407-4A37-B675-2513641A12F0}.NDoc|Any CPU.ActiveCfg = Release|Any CPU
		{69A52F76-3407-4A37-B675-2513641A12F0}.NDoc|Any CPU.Build.0 = Release|Any CPU
		{69A52F76-3407-4A37-B675-2513641A12F0}.NDoc|Mixed Platforms.ActiveCfg = Release|Any CPU
		{69A52F76-3407-4A37-B675-2513641A12F0}.NDoc|Mixed Platforms.Build.0 = Release|Any CPU
		{69A52F76-3407-4A37-B675-2513641A12F0}.NDoc|Win32.ActiveCfg = Release|Any CPU
		{69A52F76-3407-4A37-B675-2513641A12F0}.Release|Any CPU.ActiveCfg = Release|Any CPU
		{69A52F76-3407-4A37-B675-2513641A12F0}.Release|Any CPU.Build.0 = Release|Any CPU
		{69A52F76-3407-4A37-B675-2513641A12F0}.Release|Mixed Platforms.ActiveCfg = Release|Any CPU
		{69A52F76-3407-4A37-B675-2513641A12F0}.Release|Mixed Platforms.Build.0 = Release|Any CPU
		{69A52F76-3407-4A37-B675-2513641A12F0}.Release|Win32.ActiveCfg = Release|Any CPU
		{22C72F9C-B313-4366-BBE2-84A649775E75}.Debug|Any CPU.ActiveCfg = Debug|Win32
		{22C72F9C-B313-4366-BBE2-84A649775E75}.Debug|Mixed Platforms.ActiveCfg = Debug|Win32
		{22C72F9C-B313-4366-BBE2-84A649775E75}.Debug|Mixed Platforms.Build.0 = Debug|Win32
		{22C72F9C-B313-4366-BBE2-84A649775E75}.Debug|Win32.ActiveCfg = Debug|Win32
		{22C72F9C-B313-4366-BBE2-84A649775E75}.Debug|Win32.Build.0 = Debug|Win32
		{22C72F9C-B313-4366-BBE2-84A649775E75}.NDoc|Any CPU.ActiveCfg = Release|Win32
		{22C72F9C-B313-4366-BBE2-84A649775E75}.NDoc|Mixed Platforms.ActiveCfg = Release|Win32
		{22C72F9C-B313-4366-BBE2-84A649775E75}.NDoc|Mixed Platforms.Build.0 = Release|Win32
		{22C72F9C-B313-4366-BBE2-84A649775E75}.NDoc|Win32.ActiveCfg = Release|Win32
		{22C72F9C-B313-4366-BBE2-84A649775E75}.NDoc|Win32.Build.0 = Release|Win32
		{22C72F9C-B313-4366-BBE2-84A649775E75}.Release|Any CPU.ActiveCfg = Release|Win32
		{22C72F9C-B313-4366-BBE2-84A649775E75}.Release|Mixed Platforms.ActiveCfg = Release|Win32
		{22C72F9C-B313-4366-BBE2-84A649775E75}.Release|Mixed Platforms.Build.0 = Release|Win32
		{22C72F9C-B313-4366-BBE2-84A649775E75}.Release|Win32.ActiveCfg = Release|Win32
		{22C72F9C-B313-4366-BBE2-84A649775E75}.Release|Win32.Build.0 = Release|Win32
		{D8C474A5-FBA5-4D56-8753-6C9BE9BB2FA4}.Debug|Any CPU.ActiveCfg = Debug|Win32
		{D8C474A5-FBA5-4D56-8753-6C9BE9BB2FA4}.Debug|Mixed Platforms.ActiveCfg = Debug|Win32
		{D8C474A5-FBA5-4D56-8753-6C9BE9BB2FA4}.Debug|Mixed Platforms.Build.0 = Debug|Win32
		{D8C474A5-FBA5-4D56-8753-6C9BE9BB2FA4}.Debug|Win32.ActiveCfg = Debug|Win32
		{D8C474A5-FBA5-4D56-8753-6C9BE9BB2FA4}.Debug|Win32.Build.0 = Debug|Win32
		{D8C474A5-FBA5-4D56-8753-6C9BE9BB2FA4}.NDoc|Any CPU.ActiveCfg = Release|Win32
		{D8C474A5-FBA5-4D56-8753-6C9BE9BB2FA4}.NDoc|Mixed Platforms.ActiveCfg = Release|Win32
		{D8C474A5-FBA5-4D56-8753-6C9BE9BB2FA4}.NDoc|Mixed Platforms.Build.0 = Release|Win32
		{D8C474A5-FBA5-4D56-8753-6C9BE9BB2FA4}.NDoc|Win32.ActiveCfg = Release|Win32
		{D8C474A5-FBA5-4D56-8753-6C9BE9BB2FA4}.NDoc|Win32.Build.0 = Release|Win32
		{D8C474A5-FBA5-4D56-8753-6C9BE9BB2FA4}.Release|Any CPU.ActiveCfg = Release|Win32
		{D8C474A5-FBA5-4D56-8753-6C9BE9BB2FA4}.Release|Mixed Platforms.ActiveCfg = Release|Win32
		{D8C474A5-FBA5-4D56-8753-6C9BE9BB2FA4}.Release|Mixed Platforms.Build.0 = Release|Win32
		{D8C474A5-FBA5-4D56-8753-6C9BE9BB2FA4}.Release|Win32.ActiveCfg = Release|Win32
		{D8C474A5-FBA5-4D56-8753-6C9BE9BB2FA4}.Release|Win32.Build.0 = Release|Win32
		{F8D9E178-27FE-4218-BA9E-1FED20449EB9}.Debug|Any CPU.ActiveCfg = Debug|Any CPU
		{F8D9E178-27FE-4218-BA9E-1FED20449EB9}.Debug|Any CPU.Build.0 = Debug|Any CPU
		{F8D9E178-27FE-4218-BA9E-1FED20449EB9}.Debug|Mixed Platforms.ActiveCfg = Debug|Any CPU
		{F8D9E178-27FE-4218-BA9E-1FED20449EB9}.Debug|Mixed Platforms.Build.0 = Debug|Any CPU
		{F8D9E178-27FE-4218-BA9E-1FED20449EB9}.Debug|Win32.ActiveCfg = Debug|Any CPU
		{F8D9E178-27FE-4218-BA9E-1FED20449EB9}.NDoc|Any CPU.ActiveCfg = Release|Any CPU
		{F8D9E178-27FE-4218-BA9E-1FED20449EB9}.NDoc|Any CPU.Build.0 = Release|Any CPU
		{F8D9E178-27FE-4218-BA9E-1FED20449EB9}.NDoc|Mixed Platforms.ActiveCfg = Release|Any CPU
		{F8D9E178-27FE-4218-BA9E-1FED20449EB9}.NDoc|Mixed Platforms.Build.0 = Release|Any CPU
		{F8D9E178-27FE-4218-BA9E-1FED20449EB9}.NDoc|Win32.ActiveCfg = Release|Any CPU
		{F8D9E178-27FE-4218-BA9E-1FED20449EB9}.Release|Any CPU.ActiveCfg = Release|Any CPU
		{F8D9E178-27FE-4218-BA9E-1FED20449EB9}.Release|Any CPU.Build.0 = Release|Any CPU
		{F8D9E178-27FE-4218-BA9E-1FED20449EB9}.Release|Mixed Platforms.ActiveCfg = Release|Any CPU
		{F8D9E178-27FE-4218-BA9E-1FED20449EB9}.Release|Mixed Platforms.Build.0 = Release|Any CPU
		{F8D9E178-27FE-4218-BA9E-1FED20449EB9}.Release|Win32.ActiveCfg = Release|Any CPU
		{19DCB365-3040-4431-86E9-29183FA34EF7}.Debug|Any CPU.ActiveCfg = Debug|Any CPU
		{19DCB365-3040-4431-86E9-29183FA34EF7}.Debug|Any CPU.Build.0 = Debug|Any CPU
		{19DCB365-3040-4431-86E9-29183FA34EF7}.Debug|Mixed Platforms.ActiveCfg = Debug|Any CPU
		{19DCB365-3040-4431-86E9-29183FA34EF7}.Debug|Mixed Platforms.Build.0 = Debug|Any CPU
		{19DCB365-3040-4431-86E9-29183FA34EF7}.Debug|Win32.ActiveCfg = Debug|Any CPU
		{19DCB365-3040-4431-86E9-29183FA34EF7}.NDoc|Any CPU.ActiveCfg = NDoc|Any CPU
		{19DCB365-3040-4431-86E9-29183FA34EF7}.NDoc|Any CPU.Build.0 = NDoc|Any CPU
		{19DCB365-3040-4431-86E9-29183FA34EF7}.NDoc|Mixed Platforms.ActiveCfg = NDoc|Any CPU
		{19DCB365-3040-4431-86E9-29183FA34EF7}.NDoc|Mixed Platforms.Build.0 = NDoc|Any CPU
		{19DCB365-3040-4431-86E9-29183FA34EF7}.NDoc|Win32.ActiveCfg = NDoc|Any CPU
		{19DCB365-3040-4431-86E9-29183FA34EF7}.Release|Any CPU.ActiveCfg = Release|Any CPU
		{19DCB365-3040-4431-86E9-29183FA34EF7}.Release|Any CPU.Build.0 = Release|Any CPU
		{19DCB365-3040-4431-86E9-29183FA34EF7}.Release|Mixed Platforms.ActiveCfg = Release|Any CPU
		{19DCB365-3040-4431-86E9-29183FA34EF7}.Release|Mixed Platforms.Build.0 = Release|Any CPU
		{19DCB365-3040-4431-86E9-29183FA34EF7}.Release|Win32.ActiveCfg = Release|Any CPU
		{C0A53C66-30B1-4891-9E33-31F96D6590D8}.Debug|Any CPU.ActiveCfg = Debug|Any CPU
		{C0A53C66-30B1-4891-9E33-31F96D6590D8}.Debug|Any CPU.Build.0 = Debug|Any CPU
		{C0A53C66-30B1-4891-9E33-31F96D6590D8}.Debug|Mixed Platforms.ActiveCfg = Debug|Any CPU
		{C0A53C66-30B1-4891-9E33-31F96D6590D8}.Debug|Mixed Platforms.Build.0 = Debug|Any CPU
		{C0A53C66-30B1-4891-9E33-31F96D6590D8}.Debug|Win32.ActiveCfg = Debug|Any CPU
		{C0A53C66-30B1-4891-9E33-31F96D6590D8}.NDoc|Any CPU.ActiveCfg = Release|Any CPU
		{C0A53C66-30B1-4891-9E33-31F96D6590D8}.NDoc|Any CPU.Build.0 = Release|Any CPU
		{C0A53C66-30B1-4891-9E33-31F96D6590D8}.NDoc|Mixed Platforms.ActiveCfg = Release|Any CPU
		{C0A53C66-30B1-4891-9E33-31F96D6590D8}.NDoc|Mixed Platforms.Build.0 = Release|Any CPU
		{C0A53C66-30B1-4891-9E33-31F96D6590D8}.NDoc|Win32.ActiveCfg = Release|Any CPU
		{C0A53C66-30B1-4891-9E33-31F96D6590D8}.Release|Any CPU.ActiveCfg = Release|Any CPU
		{C0A53C66-30B1-4891-9E33-31F96D6590D8}.Release|Any CPU.Build.0 = Release|Any CPU
		{C0A53C66-30B1-4891-9E33-31F96D6590D8}.Release|Mixed Platforms.ActiveCfg = Release|Any CPU
		{C0A53C66-30B1-4891-9E33-31F96D6590D8}.Release|Mixed Platforms.Build.0 = Release|Any CPU
		{C0A53C66-30B1-4891-9E33-31F96D6590D8}.Release|Win32.ActiveCfg = Release|Any CPU
		{F2F59120-9F01-4910-BB19-16FA628AE56C}.Debug|Any CPU.ActiveCfg = Debug|Any CPU
		{F2F59120-9F01-4910-BB19-16FA628AE56C}.Debug|Any CPU.Build.0 = Debug|Any CPU
		{F2F59120-9F01-4910-BB19-16FA628AE56C}.Debug|Mixed Platforms.ActiveCfg = Debug|Any CPU
		{F2F59120-9F01-4910-BB19-16FA628AE56C}.Debug|Mixed Platforms.Build.0 = Debug|Any CPU
		{F2F59120-9F01-4910-BB19-16FA628AE56C}.Debug|Win32.ActiveCfg = Debug|Any CPU
		{F2F59120-9F01-4910-BB19-16FA628AE56C}.NDoc|Any CPU.ActiveCfg = NDoc|Any CPU
		{F2F59120-9F01-4910-BB19-16FA628AE56C}.NDoc|Any CPU.Build.0 = NDoc|Any CPU
		{F2F59120-9F01-4910-BB19-16FA628AE56C}.NDoc|Mixed Platforms.ActiveCfg = NDoc|Any CPU
		{F2F59120-9F01-4910-BB19-16FA628AE56C}.NDoc|Mixed Platforms.Build.0 = NDoc|Any CPU
		{F2F59120-9F01-4910-BB19-16FA628AE56C}.NDoc|Win32.ActiveCfg = NDoc|Any CPU
		{F2F59120-9F01-4910-BB19-16FA628AE56C}.Release|Any CPU.ActiveCfg = Release|Any CPU
		{F2F59120-9F01-4910-BB19-16FA628AE56C}.Release|Any CPU.Build.0 = Release|Any CPU
		{F2F59120-9F01-4910-BB19-16FA628AE56C}.Release|Mixed Platforms.ActiveCfg = Release|Any CPU
		{F2F59120-9F01-4910-BB19-16FA628AE56C}.Release|Mixed Platforms.Build.0 = Release|Any CPU
		{F2F59120-9F01-4910-BB19-16FA628AE56C}.Release|Win32.ActiveCfg = Release|Any CPU
	EndGlobalSection
	GlobalSection(SolutionProperties) = preSolution
		HideSolutionNode = FALSE
	EndGlobalSection
EndGlobal
