
Microsoft Visual Studio Solution File, Format Version 9.00
# Visual Studio 2005
Project("{FAE04EC0-301F-11D3-BF4B-00C04F79EFBC}") = "Poc1.Tools.TerrainTextures", "Source\Poc1.Tools.TerrainTextures\Poc1.Tools.TerrainTextures.csproj", "{A73F1D6A-4FED-479E-9C6B-BEFAA1E90768}"
EndProject
Project("{FAE04EC0-301F-11D3-BF4B-00C04F79EFBC}") = "Poc1.Tools.TerrainTextures.Core", "Source\Poc1.Tools.TerrainTextures.Core\Poc1.Tools.TerrainTextures.Core.csproj", "{F34331DC-90A9-4C51-B7F9-34B3B96965BD}"
EndProject
Project("{FAE04EC0-301F-11D3-BF4B-00C04F79EFBC}") = "Rb.Core", "..\..\Source\Rb.Core\Rb.Core.csproj", "{35CE14A7-E205-4B2B-ABF7-F1303673E8BA}"
EndProject
Project("{FAE04EC0-301F-11D3-BF4B-00C04F79EFBC}") = "Poc1.Tools.BuildTasks", "Source\Poc1.Tools.BuildTasks\Poc1.Tools.BuildTasks.csproj", "{7CA909BB-8BA2-4949-8228-25D54534E85B}"
EndProject
Global
	GlobalSection(SolutionConfigurationPlatforms) = preSolution
		Debug|Any CPU = Debug|Any CPU
		NDoc|Any CPU = NDoc|Any CPU
		Release|Any CPU = Release|Any CPU
	EndGlobalSection
	GlobalSection(ProjectConfigurationPlatforms) = postSolution
		{A73F1D6A-4FED-479E-9C6B-BEFAA1E90768}.Debug|Any CPU.ActiveCfg = Debug|Any CPU
		{A73F1D6A-4FED-479E-9C6B-BEFAA1E90768}.Debug|Any CPU.Build.0 = Debug|Any CPU
		{A73F1D6A-4FED-479E-9C6B-BEFAA1E90768}.NDoc|Any CPU.ActiveCfg = Release|Any CPU
		{A73F1D6A-4FED-479E-9C6B-BEFAA1E90768}.NDoc|Any CPU.Build.0 = Release|Any CPU
		{A73F1D6A-4FED-479E-9C6B-BEFAA1E90768}.Release|Any CPU.ActiveCfg = Release|Any CPU
		{A73F1D6A-4FED-479E-9C6B-BEFAA1E90768}.Release|Any CPU.Build.0 = Release|Any CPU
		{F34331DC-90A9-4C51-B7F9-34B3B96965BD}.Debug|Any CPU.ActiveCfg = Debug|Any CPU
		{F34331DC-90A9-4C51-B7F9-34B3B96965BD}.Debug|Any CPU.Build.0 = Debug|Any CPU
		{F34331DC-90A9-4C51-B7F9-34B3B96965BD}.NDoc|Any CPU.ActiveCfg = Release|Any CPU
		{F34331DC-90A9-4C51-B7F9-34B3B96965BD}.NDoc|Any CPU.Build.0 = Release|Any CPU
		{F34331DC-90A9-4C51-B7F9-34B3B96965BD}.Release|Any CPU.ActiveCfg = Release|Any CPU
		{F34331DC-90A9-4C51-B7F9-34B3B96965BD}.Release|Any CPU.Build.0 = Release|Any CPU
		{35CE14A7-E205-4B2B-ABF7-F1303673E8BA}.Debug|Any CPU.ActiveCfg = Debug|Any CPU
		{35CE14A7-E205-4B2B-ABF7-F1303673E8BA}.Debug|Any CPU.Build.0 = Debug|Any CPU
		{35CE14A7-E205-4B2B-ABF7-F1303673E8BA}.NDoc|Any CPU.ActiveCfg = NDoc|Any CPU
		{35CE14A7-E205-4B2B-ABF7-F1303673E8BA}.NDoc|Any CPU.Build.0 = NDoc|Any CPU
		{35CE14A7-E205-4B2B-ABF7-F1303673E8BA}.Release|Any CPU.ActiveCfg = Release|Any CPU
		{35CE14A7-E205-4B2B-ABF7-F1303673E8BA}.Release|Any CPU.Build.0 = Release|Any CPU
		{7CA909BB-8BA2-4949-8228-25D54534E85B}.Debug|Any CPU.ActiveCfg = Debug|Any CPU
		{7CA909BB-8BA2-4949-8228-25D54534E85B}.Debug|Any CPU.Build.0 = Debug|Any CPU
		{7CA909BB-8BA2-4949-8228-25D54534E85B}.NDoc|Any CPU.ActiveCfg = Release|Any CPU
		{7CA909BB-8BA2-4949-8228-25D54534E85B}.NDoc|Any CPU.Build.0 = Release|Any CPU
		{7CA909BB-8BA2-4949-8228-25D54534E85B}.Release|Any CPU.ActiveCfg = Release|Any CPU
		{7CA909BB-8BA2-4949-8228-25D54534E85B}.Release|Any CPU.Build.0 = Release|Any CPU
	EndGlobalSection
	GlobalSection(SolutionProperties) = preSolution
		HideSolutionNode = FALSE
	EndGlobalSection
EndGlobal
