
Microsoft Visual Studio Solution File, Format Version 9.00
# Visual Studio 2005
Project("{FAE04EC0-301F-11D3-BF4B-00C04F79EFBC}") = "Poc1.Tools.Atmosphere", "Source\Poc1.Tools.Atmosphere\Poc1.Tools.Atmosphere.csproj", "{69F536AC-32E9-4930-8B6A-A14223298222}"
EndProject
Project("{FAE04EC0-301F-11D3-BF4B-00C04F79EFBC}") = "Rb.Network", "..\..\Source\Rb.Network\Rb.Network.csproj", "{A48EA0E0-8CB6-43F0-A4C0-CAE1544BECF0}"
EndProject
Project("{2150E333-8FDC-42A3-9474-1A3956D46DE8}") = "Documentation", "Documentation", "{F295C866-E52E-49BD-978D-A07DEB5FB640}"
	ProjectSection(SolutionItems) = preProject
		..\Documentation\diaryNotes.txt = ..\Documentation\diaryNotes.txt
		..\Documentation\notes.txt = ..\Documentation\notes.txt
		..\Documentation\todo.txt = ..\Documentation\todo.txt
	EndProjectSection
EndProject
Project("{FAE04EC0-301F-11D3-BF4B-00C04F79EFBC}") = "Poc1.Universe.Interfaces", "..\Source\Poc1.Universe.Interfaces\Poc1.Universe.Interfaces.csproj", "{7C18549B-2D70-4985-852B-6A285BF4F00A}"
EndProject
Project("{FAE04EC0-301F-11D3-BF4B-00C04F79EFBC}") = "Rb.TextureAssets", "..\..\Source\Rb.TextureAssets\Rb.TextureAssets.csproj", "{2AFBAC9C-6DE3-4BBF-8004-A3F45C98BEDC}"
EndProject
Project("{FAE04EC0-301F-11D3-BF4B-00C04F79EFBC}") = "Poc1.Tools.BuildTasks", "Source\Poc1.Tools.BuildTasks\Poc1.Tools.BuildTasks.csproj", "{7CA909BB-8BA2-4949-8228-25D54534E85B}"
EndProject
Project("{FAE04EC0-301F-11D3-BF4B-00C04F79EFBC}") = "Poc1.Tools.TerrainTextures.Core", "Source\Poc1.Tools.TerrainTextures.Core\Poc1.Tools.TerrainTextures.Core.csproj", "{F34331DC-90A9-4C51-B7F9-34B3B96965BD}"
EndProject
Project("{FAE04EC0-301F-11D3-BF4B-00C04F79EFBC}") = "Rb.Core", "..\..\Source\Rb.Core\Rb.Core.csproj", "{35CE14A7-E205-4B2B-ABF7-F1303673E8BA}"
EndProject
Project("{FAE04EC0-301F-11D3-BF4B-00C04F79EFBC}") = "Rb.Rendering.OpenGl", "..\..\Source\Rb.Rendering.OpenGl\Rb.Rendering.OpenGl.csproj", "{19DCB365-3040-4431-86E9-29183FA34EF7}"
EndProject
Project("{FAE04EC0-301F-11D3-BF4B-00C04F79EFBC}") = "Poc1.Tools.StarField", "Source\Poc1.Tools.StarField\Poc1.Tools.StarField.csproj", "{711848B9-0412-4E06-8955-59DB45357E66}"
EndProject
Project("{FAE04EC0-301F-11D3-BF4B-00C04F79EFBC}") = "Rb.NiceControls", "..\..\Source\Rb.NiceControls\Rb.NiceControls.csproj", "{A4E5C0BF-B76D-425D-8439-B07EB6B29444}"
EndProject
Project("{FAE04EC0-301F-11D3-BF4B-00C04F79EFBC}") = "Rb.Core.Tests", "..\..\Testing\Rb.Core.Tests\Rb.Core.Tests.csproj", "{63BABD0F-DDAC-4B7C-A528-E57AD43B2B12}"
EndProject
Project("{FAE04EC0-301F-11D3-BF4B-00C04F79EFBC}") = "Poc1.Tools.Waves", "Source\Poc1.Tools.Waves\Poc1.Tools.Waves.csproj", "{C8DC8F1E-E722-42E0-A433-122BFF0BBD2D}"
EndProject
Project("{FAE04EC0-301F-11D3-BF4B-00C04F79EFBC}") = "Poc1.Bob", "Source\Poc1.Bob\Poc1.Bob.csproj", "{98F71271-4E9B-4E1B-9C6A-8765050998E5}"
EndProject
Project("{FAE04EC0-301F-11D3-BF4B-00C04F79EFBC}") = "Rb.Log.Controls.Vs", "..\..\Source\Rb.Log.Controls.Vs\Rb.Log.Controls.Vs.csproj", "{592DDD2E-6E38-4EB1-AD47-800193530D3B}"
EndProject
Project("{FAE04EC0-301F-11D3-BF4B-00C04F79EFBC}") = "Rb.Log.Controls", "..\..\Source\Rb.Log.Controls\Rb.Log.Controls.csproj", "{AE4AA2A9-8D98-4F63-8ADF-561B3BF14D66}"
EndProject
Project("{FAE04EC0-301F-11D3-BF4B-00C04F79EFBC}") = "Bob.Core", "..\..\Bob\Source\Bob.Core\Bob.Core.csproj", "{B199F27E-5406-4DAC-B8BE-E814DA5C0964}"
EndProject
Project("{FAE04EC0-301F-11D3-BF4B-00C04F79EFBC}") = "Bob.Core.Windows.Forms", "..\..\Bob\Source\Bob.Core.Windows.Forms\Bob.Core.Windows.Forms.csproj", "{CDD70D03-6889-4436-BE73-886A44328547}"
EndProject
Project("{FAE04EC0-301F-11D3-BF4B-00C04F79EFBC}") = "Rb.Common.Controls", "..\..\Source\Rb.Common.Controls\Rb.Common.Controls.csproj", "{14AE905B-90DB-4CE3-84C3-F12835236797}"
EndProject
Project("{FAE04EC0-301F-11D3-BF4B-00C04F79EFBC}") = "Rb.Common.Controls.Forms", "..\..\Source\Rb.Common.Controls.Forms\Rb.Common.Controls.Forms.csproj", "{879D51CE-CD23-4C7E-8640-64562CDED669}"
EndProject
Project("{FAE04EC0-301F-11D3-BF4B-00C04F79EFBC}") = "Poc1.Bob.Core", "Source\Poc1.Bob.Core\Poc1.Bob.Core.csproj", "{81D7369B-7D0F-4967-9326-AF894DD5AA3B}"
EndProject
Project("{FAE04EC0-301F-11D3-BF4B-00C04F79EFBC}") = "Rb.Interaction.Tests", "..\..\Testing\Rb.Interaction.Tests\Rb.Interaction.Tests.csproj", "{DBD8D6BF-413E-4DA2-AED0-1262C5A51468}"
EndProject
Project("{FAE04EC0-301F-11D3-BF4B-00C04F79EFBC}") = "Rb.TestUtils", "..\..\Testing\Rb.TestUtils\Rb.TestUtils.csproj", "{0C4FB95A-122E-4A08-8C55-03BE2B6ADE42}"
EndProject
Project("{FAE04EC0-301F-11D3-BF4B-00C04F79EFBC}") = "Poc1.ParticleSystemBuilder", "Source\Poc1.ParticleSystemBuilder\Poc1.ParticleSystemBuilder.csproj", "{841D6236-761F-4A3D-840C-5745F0833A4C}"
EndProject
Project("{FAE04EC0-301F-11D3-BF4B-00C04F79EFBC}") = "Poc1.Particles", "..\Source\Poc1.Particles\Poc1.Particles.csproj", "{F8D9E178-27FE-4218-BA9E-1FED20449EB9}"
EndProject
Project("{FAE04EC0-301F-11D3-BF4B-00C04F79EFBC}") = "Poc1.Core", "..\Source\Poc1.Core\Poc1.Core.csproj", "{864E3713-F680-4491-A032-E3F8C6B63C14}"
EndProject
Project("{FAE04EC0-301F-11D3-BF4B-00C04F79EFBC}") = "Rb.Rendering.Platform.DependencyBuilder", "..\..\Source\Rb.Rendering.Platform.DependencyBuilder\Rb.Rendering.Platform.DependencyBuilder.csproj", "{5DCBFCF2-E434-4151-8B59-A5431E3C22FC}"
EndProject
Project("{FAE04EC0-301F-11D3-BF4B-00C04F79EFBC}") = "Poc1.Test.PlanarReflectionTest", "..\Test\Source\Poc1.Test.PlanarReflectionTest\Poc1.Test.PlanarReflectionTest.csproj", "{23EA58F7-930E-4361-9F64-E453B8C4EC86}"
EndProject
Project("{FAE04EC0-301F-11D3-BF4B-00C04F79EFBC}") = "Poc1.Test.AtmosphereTest", "..\Test\Source\Poc1.Test.AtmosphereTest\Poc1.Test.AtmosphereTest.csproj", "{3D2BEF03-E412-4E94-91EA-B6074F4AEB10}"
EndProject
Global
	GlobalSection(SolutionConfigurationPlatforms) = preSolution
		Debug|Any CPU = Debug|Any CPU
		Debug|Mixed Platforms = Debug|Mixed Platforms
		Debug|Win32 = Debug|Win32
		NDoc|Any CPU = NDoc|Any CPU
		NDoc|Mixed Platforms = NDoc|Mixed Platforms
		NDoc|Win32 = NDoc|Win32
		Release|Any CPU = Release|Any CPU
		Release|Mixed Platforms = Release|Mixed Platforms
		Release|Win32 = Release|Win32
	EndGlobalSection
	GlobalSection(ProjectConfigurationPlatforms) = postSolution
		{69F536AC-32E9-4930-8B6A-A14223298222}.Debug|Any CPU.ActiveCfg = Debug|Any CPU
		{69F536AC-32E9-4930-8B6A-A14223298222}.Debug|Any CPU.Build.0 = Debug|Any CPU
		{69F536AC-32E9-4930-8B6A-A14223298222}.Debug|Mixed Platforms.ActiveCfg = Debug|Any CPU
		{69F536AC-32E9-4930-8B6A-A14223298222}.Debug|Mixed Platforms.Build.0 = Debug|Any CPU
		{69F536AC-32E9-4930-8B6A-A14223298222}.Debug|Win32.ActiveCfg = Debug|Any CPU
		{69F536AC-32E9-4930-8B6A-A14223298222}.NDoc|Any CPU.ActiveCfg = Release|Any CPU
		{69F536AC-32E9-4930-8B6A-A14223298222}.NDoc|Any CPU.Build.0 = Release|Any CPU
		{69F536AC-32E9-4930-8B6A-A14223298222}.NDoc|Mixed Platforms.ActiveCfg = Release|Any CPU
		{69F536AC-32E9-4930-8B6A-A14223298222}.NDoc|Mixed Platforms.Build.0 = Release|Any CPU
		{69F536AC-32E9-4930-8B6A-A14223298222}.NDoc|Win32.ActiveCfg = Release|Any CPU
		{69F536AC-32E9-4930-8B6A-A14223298222}.Release|Any CPU.ActiveCfg = Release|Any CPU
		{69F536AC-32E9-4930-8B6A-A14223298222}.Release|Any CPU.Build.0 = Release|Any CPU
		{69F536AC-32E9-4930-8B6A-A14223298222}.Release|Mixed Platforms.ActiveCfg = Release|Any CPU
		{69F536AC-32E9-4930-8B6A-A14223298222}.Release|Mixed Platforms.Build.0 = Release|Any CPU
		{69F536AC-32E9-4930-8B6A-A14223298222}.Release|Win32.ActiveCfg = Release|Any CPU
		{A48EA0E0-8CB6-43F0-A4C0-CAE1544BECF0}.Debug|Any CPU.ActiveCfg = Debug|Any CPU
		{A48EA0E0-8CB6-43F0-A4C0-CAE1544BECF0}.Debug|Any CPU.Build.0 = Debug|Any CPU
		{A48EA0E0-8CB6-43F0-A4C0-CAE1544BECF0}.Debug|Mixed Platforms.ActiveCfg = Debug|Any CPU
		{A48EA0E0-8CB6-43F0-A4C0-CAE1544BECF0}.Debug|Mixed Platforms.Build.0 = Debug|Any CPU
		{A48EA0E0-8CB6-43F0-A4C0-CAE1544BECF0}.Debug|Win32.ActiveCfg = Debug|Any CPU
		{A48EA0E0-8CB6-43F0-A4C0-CAE1544BECF0}.NDoc|Any CPU.ActiveCfg = NDoc|Any CPU
		{A48EA0E0-8CB6-43F0-A4C0-CAE1544BECF0}.NDoc|Any CPU.Build.0 = NDoc|Any CPU
		{A48EA0E0-8CB6-43F0-A4C0-CAE1544BECF0}.NDoc|Mixed Platforms.ActiveCfg = NDoc|Any CPU
		{A48EA0E0-8CB6-43F0-A4C0-CAE1544BECF0}.NDoc|Mixed Platforms.Build.0 = NDoc|Any CPU
		{A48EA0E0-8CB6-43F0-A4C0-CAE1544BECF0}.NDoc|Win32.ActiveCfg = NDoc|Any CPU
		{A48EA0E0-8CB6-43F0-A4C0-CAE1544BECF0}.Release|Any CPU.ActiveCfg = Release|Any CPU
		{A48EA0E0-8CB6-43F0-A4C0-CAE1544BECF0}.Release|Any CPU.Build.0 = Release|Any CPU
		{A48EA0E0-8CB6-43F0-A4C0-CAE1544BECF0}.Release|Mixed Platforms.ActiveCfg = Release|Any CPU
		{A48EA0E0-8CB6-43F0-A4C0-CAE1544BECF0}.Release|Mixed Platforms.Build.0 = Release|Any CPU
		{A48EA0E0-8CB6-43F0-A4C0-CAE1544BECF0}.Release|Win32.ActiveCfg = Release|Any CPU
		{7C18549B-2D70-4985-852B-6A285BF4F00A}.Debug|Any CPU.ActiveCfg = Debug|Any CPU
		{7C18549B-2D70-4985-852B-6A285BF4F00A}.Debug|Any CPU.Build.0 = Debug|Any CPU
		{7C18549B-2D70-4985-852B-6A285BF4F00A}.Debug|Mixed Platforms.ActiveCfg = Debug|Any CPU
		{7C18549B-2D70-4985-852B-6A285BF4F00A}.Debug|Mixed Platforms.Build.0 = Debug|Any CPU
		{7C18549B-2D70-4985-852B-6A285BF4F00A}.Debug|Win32.ActiveCfg = Debug|Any CPU
		{7C18549B-2D70-4985-852B-6A285BF4F00A}.NDoc|Any CPU.ActiveCfg = Release|Any CPU
		{7C18549B-2D70-4985-852B-6A285BF4F00A}.NDoc|Any CPU.Build.0 = Release|Any CPU
		{7C18549B-2D70-4985-852B-6A285BF4F00A}.NDoc|Mixed Platforms.ActiveCfg = Release|Any CPU
		{7C18549B-2D70-4985-852B-6A285BF4F00A}.NDoc|Mixed Platforms.Build.0 = Release|Any CPU
		{7C18549B-2D70-4985-852B-6A285BF4F00A}.NDoc|Win32.ActiveCfg = Release|Any CPU
		{7C18549B-2D70-4985-852B-6A285BF4F00A}.Release|Any CPU.ActiveCfg = Release|Any CPU
		{7C18549B-2D70-4985-852B-6A285BF4F00A}.Release|Any CPU.Build.0 = Release|Any CPU
		{7C18549B-2D70-4985-852B-6A285BF4F00A}.Release|Mixed Platforms.ActiveCfg = Release|Any CPU
		{7C18549B-2D70-4985-852B-6A285BF4F00A}.Release|Mixed Platforms.Build.0 = Release|Any CPU
		{7C18549B-2D70-4985-852B-6A285BF4F00A}.Release|Win32.ActiveCfg = Release|Any CPU
		{2AFBAC9C-6DE3-4BBF-8004-A3F45C98BEDC}.Debug|Any CPU.ActiveCfg = Debug|Any CPU
		{2AFBAC9C-6DE3-4BBF-8004-A3F45C98BEDC}.Debug|Any CPU.Build.0 = Debug|Any CPU
		{2AFBAC9C-6DE3-4BBF-8004-A3F45C98BEDC}.Debug|Mixed Platforms.ActiveCfg = Debug|Any CPU
		{2AFBAC9C-6DE3-4BBF-8004-A3F45C98BEDC}.Debug|Mixed Platforms.Build.0 = Debug|Any CPU
		{2AFBAC9C-6DE3-4BBF-8004-A3F45C98BEDC}.Debug|Win32.ActiveCfg = Debug|Any CPU
		{2AFBAC9C-6DE3-4BBF-8004-A3F45C98BEDC}.NDoc|Any CPU.ActiveCfg = Release|Any CPU
		{2AFBAC9C-6DE3-4BBF-8004-A3F45C98BEDC}.NDoc|Any CPU.Build.0 = Release|Any CPU
		{2AFBAC9C-6DE3-4BBF-8004-A3F45C98BEDC}.NDoc|Mixed Platforms.ActiveCfg = Release|Any CPU
		{2AFBAC9C-6DE3-4BBF-8004-A3F45C98BEDC}.NDoc|Mixed Platforms.Build.0 = Release|Any CPU
		{2AFBAC9C-6DE3-4BBF-8004-A3F45C98BEDC}.NDoc|Win32.ActiveCfg = Release|Any CPU
		{2AFBAC9C-6DE3-4BBF-8004-A3F45C98BEDC}.Release|Any CPU.ActiveCfg = Release|Any CPU
		{2AFBAC9C-6DE3-4BBF-8004-A3F45C98BEDC}.Release|Any CPU.Build.0 = Release|Any CPU
		{2AFBAC9C-6DE3-4BBF-8004-A3F45C98BEDC}.Release|Mixed Platforms.ActiveCfg = Release|Any CPU
		{2AFBAC9C-6DE3-4BBF-8004-A3F45C98BEDC}.Release|Mixed Platforms.Build.0 = Release|Any CPU
		{2AFBAC9C-6DE3-4BBF-8004-A3F45C98BEDC}.Release|Win32.ActiveCfg = Release|Any CPU
		{7CA909BB-8BA2-4949-8228-25D54534E85B}.Debug|Any CPU.ActiveCfg = Debug|Any CPU
		{7CA909BB-8BA2-4949-8228-25D54534E85B}.Debug|Any CPU.Build.0 = Debug|Any CPU
		{7CA909BB-8BA2-4949-8228-25D54534E85B}.Debug|Mixed Platforms.ActiveCfg = Debug|Any CPU
		{7CA909BB-8BA2-4949-8228-25D54534E85B}.Debug|Mixed Platforms.Build.0 = Debug|Any CPU
		{7CA909BB-8BA2-4949-8228-25D54534E85B}.Debug|Win32.ActiveCfg = Debug|Any CPU
		{7CA909BB-8BA2-4949-8228-25D54534E85B}.NDoc|Any CPU.ActiveCfg = Release|Any CPU
		{7CA909BB-8BA2-4949-8228-25D54534E85B}.NDoc|Any CPU.Build.0 = Release|Any CPU
		{7CA909BB-8BA2-4949-8228-25D54534E85B}.NDoc|Mixed Platforms.ActiveCfg = Release|Any CPU
		{7CA909BB-8BA2-4949-8228-25D54534E85B}.NDoc|Mixed Platforms.Build.0 = Release|Any CPU
		{7CA909BB-8BA2-4949-8228-25D54534E85B}.NDoc|Win32.ActiveCfg = Release|Any CPU
		{7CA909BB-8BA2-4949-8228-25D54534E85B}.Release|Any CPU.ActiveCfg = Release|Any CPU
		{7CA909BB-8BA2-4949-8228-25D54534E85B}.Release|Any CPU.Build.0 = Release|Any CPU
		{7CA909BB-8BA2-4949-8228-25D54534E85B}.Release|Mixed Platforms.ActiveCfg = Release|Any CPU
		{7CA909BB-8BA2-4949-8228-25D54534E85B}.Release|Mixed Platforms.Build.0 = Release|Any CPU
		{7CA909BB-8BA2-4949-8228-25D54534E85B}.Release|Win32.ActiveCfg = Release|Any CPU
		{F34331DC-90A9-4C51-B7F9-34B3B96965BD}.Debug|Any CPU.ActiveCfg = Debug|Any CPU
		{F34331DC-90A9-4C51-B7F9-34B3B96965BD}.Debug|Any CPU.Build.0 = Debug|Any CPU
		{F34331DC-90A9-4C51-B7F9-34B3B96965BD}.Debug|Mixed Platforms.ActiveCfg = Debug|Any CPU
		{F34331DC-90A9-4C51-B7F9-34B3B96965BD}.Debug|Mixed Platforms.Build.0 = Debug|Any CPU
		{F34331DC-90A9-4C51-B7F9-34B3B96965BD}.Debug|Win32.ActiveCfg = Debug|Any CPU
		{F34331DC-90A9-4C51-B7F9-34B3B96965BD}.NDoc|Any CPU.ActiveCfg = Release|Any CPU
		{F34331DC-90A9-4C51-B7F9-34B3B96965BD}.NDoc|Any CPU.Build.0 = Release|Any CPU
		{F34331DC-90A9-4C51-B7F9-34B3B96965BD}.NDoc|Mixed Platforms.ActiveCfg = Release|Any CPU
		{F34331DC-90A9-4C51-B7F9-34B3B96965BD}.NDoc|Mixed Platforms.Build.0 = Release|Any CPU
		{F34331DC-90A9-4C51-B7F9-34B3B96965BD}.NDoc|Win32.ActiveCfg = Release|Any CPU
		{F34331DC-90A9-4C51-B7F9-34B3B96965BD}.Release|Any CPU.ActiveCfg = Release|Any CPU
		{F34331DC-90A9-4C51-B7F9-34B3B96965BD}.Release|Any CPU.Build.0 = Release|Any CPU
		{F34331DC-90A9-4C51-B7F9-34B3B96965BD}.Release|Mixed Platforms.ActiveCfg = Release|Any CPU
		{F34331DC-90A9-4C51-B7F9-34B3B96965BD}.Release|Mixed Platforms.Build.0 = Release|Any CPU
		{F34331DC-90A9-4C51-B7F9-34B3B96965BD}.Release|Win32.ActiveCfg = Release|Any CPU
		{35CE14A7-E205-4B2B-ABF7-F1303673E8BA}.Debug|Any CPU.ActiveCfg = Debug|Any CPU
		{35CE14A7-E205-4B2B-ABF7-F1303673E8BA}.Debug|Any CPU.Build.0 = Debug|Any CPU
		{35CE14A7-E205-4B2B-ABF7-F1303673E8BA}.Debug|Mixed Platforms.ActiveCfg = Debug|Any CPU
		{35CE14A7-E205-4B2B-ABF7-F1303673E8BA}.Debug|Mixed Platforms.Build.0 = Debug|Any CPU
		{35CE14A7-E205-4B2B-ABF7-F1303673E8BA}.Debug|Win32.ActiveCfg = Debug|Any CPU
		{35CE14A7-E205-4B2B-ABF7-F1303673E8BA}.NDoc|Any CPU.ActiveCfg = NDoc|Any CPU
		{35CE14A7-E205-4B2B-ABF7-F1303673E8BA}.NDoc|Any CPU.Build.0 = NDoc|Any CPU
		{35CE14A7-E205-4B2B-ABF7-F1303673E8BA}.NDoc|Mixed Platforms.ActiveCfg = NDoc|Any CPU
		{35CE14A7-E205-4B2B-ABF7-F1303673E8BA}.NDoc|Mixed Platforms.Build.0 = NDoc|Any CPU
		{35CE14A7-E205-4B2B-ABF7-F1303673E8BA}.NDoc|Win32.ActiveCfg = NDoc|Any CPU
		{35CE14A7-E205-4B2B-ABF7-F1303673E8BA}.Release|Any CPU.ActiveCfg = Release|Any CPU
		{35CE14A7-E205-4B2B-ABF7-F1303673E8BA}.Release|Any CPU.Build.0 = Release|Any CPU
		{35CE14A7-E205-4B2B-ABF7-F1303673E8BA}.Release|Mixed Platforms.ActiveCfg = Release|Any CPU
		{35CE14A7-E205-4B2B-ABF7-F1303673E8BA}.Release|Mixed Platforms.Build.0 = Release|Any CPU
		{35CE14A7-E205-4B2B-ABF7-F1303673E8BA}.Release|Win32.ActiveCfg = Release|Any CPU
		{19DCB365-3040-4431-86E9-29183FA34EF7}.Debug|Any CPU.ActiveCfg = Debug|Any CPU
		{19DCB365-3040-4431-86E9-29183FA34EF7}.Debug|Any CPU.Build.0 = Debug|Any CPU
		{19DCB365-3040-4431-86E9-29183FA34EF7}.Debug|Mixed Platforms.ActiveCfg = Debug|Any CPU
		{19DCB365-3040-4431-86E9-29183FA34EF7}.Debug|Mixed Platforms.Build.0 = Debug|Any CPU
		{19DCB365-3040-4431-86E9-29183FA34EF7}.Debug|Win32.ActiveCfg = Debug|Any CPU
		{19DCB365-3040-4431-86E9-29183FA34EF7}.NDoc|Any CPU.ActiveCfg = NDoc|Any CPU
		{19DCB365-3040-4431-86E9-29183FA34EF7}.NDoc|Any CPU.Build.0 = NDoc|Any CPU
		{19DCB365-3040-4431-86E9-29183FA34EF7}.NDoc|Mixed Platforms.ActiveCfg = NDoc|Any CPU
		{19DCB365-3040-4431-86E9-29183FA34EF7}.NDoc|Mixed Platforms.Build.0 = NDoc|Any CPU
		{19DCB365-3040-4431-86E9-29183FA34EF7}.NDoc|Win32.ActiveCfg = NDoc|Any CPU
		{19DCB365-3040-4431-86E9-29183FA34EF7}.Release|Any CPU.ActiveCfg = Release|Any CPU
		{19DCB365-3040-4431-86E9-29183FA34EF7}.Release|Any CPU.Build.0 = Release|Any CPU
		{19DCB365-3040-4431-86E9-29183FA34EF7}.Release|Mixed Platforms.ActiveCfg = Release|Any CPU
		{19DCB365-3040-4431-86E9-29183FA34EF7}.Release|Mixed Platforms.Build.0 = Release|Any CPU
		{19DCB365-3040-4431-86E9-29183FA34EF7}.Release|Win32.ActiveCfg = Release|Any CPU
		{711848B9-0412-4E06-8955-59DB45357E66}.Debug|Any CPU.ActiveCfg = Debug|Any CPU
		{711848B9-0412-4E06-8955-59DB45357E66}.Debug|Any CPU.Build.0 = Debug|Any CPU
		{711848B9-0412-4E06-8955-59DB45357E66}.Debug|Mixed Platforms.ActiveCfg = Debug|Any CPU
		{711848B9-0412-4E06-8955-59DB45357E66}.Debug|Mixed Platforms.Build.0 = Debug|Any CPU
		{711848B9-0412-4E06-8955-59DB45357E66}.Debug|Win32.ActiveCfg = Debug|Any CPU
		{711848B9-0412-4E06-8955-59DB45357E66}.NDoc|Any CPU.ActiveCfg = Release|Any CPU
		{711848B9-0412-4E06-8955-59DB45357E66}.NDoc|Any CPU.Build.0 = Release|Any CPU
		{711848B9-0412-4E06-8955-59DB45357E66}.NDoc|Mixed Platforms.ActiveCfg = Release|Any CPU
		{711848B9-0412-4E06-8955-59DB45357E66}.NDoc|Mixed Platforms.Build.0 = Release|Any CPU
		{711848B9-0412-4E06-8955-59DB45357E66}.NDoc|Win32.ActiveCfg = Release|Any CPU
		{711848B9-0412-4E06-8955-59DB45357E66}.Release|Any CPU.ActiveCfg = Release|Any CPU
		{711848B9-0412-4E06-8955-59DB45357E66}.Release|Any CPU.Build.0 = Release|Any CPU
		{711848B9-0412-4E06-8955-59DB45357E66}.Release|Mixed Platforms.ActiveCfg = Release|Any CPU
		{711848B9-0412-4E06-8955-59DB45357E66}.Release|Mixed Platforms.Build.0 = Release|Any CPU
		{711848B9-0412-4E06-8955-59DB45357E66}.Release|Win32.ActiveCfg = Release|Any CPU
		{A4E5C0BF-B76D-425D-8439-B07EB6B29444}.Debug|Any CPU.ActiveCfg = Debug|Any CPU
		{A4E5C0BF-B76D-425D-8439-B07EB6B29444}.Debug|Any CPU.Build.0 = Debug|Any CPU
		{A4E5C0BF-B76D-425D-8439-B07EB6B29444}.Debug|Mixed Platforms.ActiveCfg = Debug|Any CPU
		{A4E5C0BF-B76D-425D-8439-B07EB6B29444}.Debug|Mixed Platforms.Build.0 = Debug|Any CPU
		{A4E5C0BF-B76D-425D-8439-B07EB6B29444}.Debug|Win32.ActiveCfg = Debug|Any CPU
		{A4E5C0BF-B76D-425D-8439-B07EB6B29444}.NDoc|Any CPU.ActiveCfg = Release|Any CPU
		{A4E5C0BF-B76D-425D-8439-B07EB6B29444}.NDoc|Any CPU.Build.0 = Release|Any CPU
		{A4E5C0BF-B76D-425D-8439-B07EB6B29444}.NDoc|Mixed Platforms.ActiveCfg = Release|Any CPU
		{A4E5C0BF-B76D-425D-8439-B07EB6B29444}.NDoc|Mixed Platforms.Build.0 = Release|Any CPU
		{A4E5C0BF-B76D-425D-8439-B07EB6B29444}.NDoc|Win32.ActiveCfg = Release|Any CPU
		{A4E5C0BF-B76D-425D-8439-B07EB6B29444}.Release|Any CPU.ActiveCfg = Release|Any CPU
		{A4E5C0BF-B76D-425D-8439-B07EB6B29444}.Release|Any CPU.Build.0 = Release|Any CPU
		{A4E5C0BF-B76D-425D-8439-B07EB6B29444}.Release|Mixed Platforms.ActiveCfg = Release|Any CPU
		{A4E5C0BF-B76D-425D-8439-B07EB6B29444}.Release|Mixed Platforms.Build.0 = Release|Any CPU
		{A4E5C0BF-B76D-425D-8439-B07EB6B29444}.Release|Win32.ActiveCfg = Release|Any CPU
		{63BABD0F-DDAC-4B7C-A528-E57AD43B2B12}.Debug|Any CPU.ActiveCfg = Debug|Any CPU
		{63BABD0F-DDAC-4B7C-A528-E57AD43B2B12}.Debug|Any CPU.Build.0 = Debug|Any CPU
		{63BABD0F-DDAC-4B7C-A528-E57AD43B2B12}.Debug|Mixed Platforms.ActiveCfg = Debug|Any CPU
		{63BABD0F-DDAC-4B7C-A528-E57AD43B2B12}.Debug|Mixed Platforms.Build.0 = Debug|Any CPU
		{63BABD0F-DDAC-4B7C-A528-E57AD43B2B12}.Debug|Win32.ActiveCfg = Debug|Any CPU
		{63BABD0F-DDAC-4B7C-A528-E57AD43B2B12}.NDoc|Any CPU.ActiveCfg = Release|Any CPU
		{63BABD0F-DDAC-4B7C-A528-E57AD43B2B12}.NDoc|Any CPU.Build.0 = Release|Any CPU
		{63BABD0F-DDAC-4B7C-A528-E57AD43B2B12}.NDoc|Mixed Platforms.ActiveCfg = Release|Any CPU
		{63BABD0F-DDAC-4B7C-A528-E57AD43B2B12}.NDoc|Mixed Platforms.Build.0 = Release|Any CPU
		{63BABD0F-DDAC-4B7C-A528-E57AD43B2B12}.NDoc|Win32.ActiveCfg = Release|Any CPU
		{63BABD0F-DDAC-4B7C-A528-E57AD43B2B12}.Release|Any CPU.ActiveCfg = Release|Any CPU
		{63BABD0F-DDAC-4B7C-A528-E57AD43B2B12}.Release|Any CPU.Build.0 = Release|Any CPU
		{63BABD0F-DDAC-4B7C-A528-E57AD43B2B12}.Release|Mixed Platforms.ActiveCfg = Release|Any CPU
		{63BABD0F-DDAC-4B7C-A528-E57AD43B2B12}.Release|Mixed Platforms.Build.0 = Release|Any CPU
		{63BABD0F-DDAC-4B7C-A528-E57AD43B2B12}.Release|Win32.ActiveCfg = Release|Any CPU
		{C8DC8F1E-E722-42E0-A433-122BFF0BBD2D}.Debug|Any CPU.ActiveCfg = Debug|Any CPU
		{C8DC8F1E-E722-42E0-A433-122BFF0BBD2D}.Debug|Any CPU.Build.0 = Debug|Any CPU
		{C8DC8F1E-E722-42E0-A433-122BFF0BBD2D}.Debug|Mixed Platforms.ActiveCfg = Debug|Any CPU
		{C8DC8F1E-E722-42E0-A433-122BFF0BBD2D}.Debug|Mixed Platforms.Build.0 = Debug|Any CPU
		{C8DC8F1E-E722-42E0-A433-122BFF0BBD2D}.Debug|Win32.ActiveCfg = Debug|Any CPU
		{C8DC8F1E-E722-42E0-A433-122BFF0BBD2D}.NDoc|Any CPU.ActiveCfg = Release|Any CPU
		{C8DC8F1E-E722-42E0-A433-122BFF0BBD2D}.NDoc|Any CPU.Build.0 = Release|Any CPU
		{C8DC8F1E-E722-42E0-A433-122BFF0BBD2D}.NDoc|Mixed Platforms.ActiveCfg = Release|Any CPU
		{C8DC8F1E-E722-42E0-A433-122BFF0BBD2D}.NDoc|Mixed Platforms.Build.0 = Release|Any CPU
		{C8DC8F1E-E722-42E0-A433-122BFF0BBD2D}.NDoc|Win32.ActiveCfg = Release|Any CPU
		{C8DC8F1E-E722-42E0-A433-122BFF0BBD2D}.Release|Any CPU.ActiveCfg = Release|Any CPU
		{C8DC8F1E-E722-42E0-A433-122BFF0BBD2D}.Release|Any CPU.Build.0 = Release|Any CPU
		{C8DC8F1E-E722-42E0-A433-122BFF0BBD2D}.Release|Mixed Platforms.ActiveCfg = Release|Any CPU
		{C8DC8F1E-E722-42E0-A433-122BFF0BBD2D}.Release|Mixed Platforms.Build.0 = Release|Any CPU
		{C8DC8F1E-E722-42E0-A433-122BFF0BBD2D}.Release|Win32.ActiveCfg = Release|Any CPU
		{98F71271-4E9B-4E1B-9C6A-8765050998E5}.Debug|Any CPU.ActiveCfg = Debug|Any CPU
		{98F71271-4E9B-4E1B-9C6A-8765050998E5}.Debug|Any CPU.Build.0 = Debug|Any CPU
		{98F71271-4E9B-4E1B-9C6A-8765050998E5}.Debug|Mixed Platforms.ActiveCfg = Debug|Any CPU
		{98F71271-4E9B-4E1B-9C6A-8765050998E5}.Debug|Mixed Platforms.Build.0 = Debug|Any CPU
		{98F71271-4E9B-4E1B-9C6A-8765050998E5}.Debug|Win32.ActiveCfg = Debug|Any CPU
		{98F71271-4E9B-4E1B-9C6A-8765050998E5}.NDoc|Any CPU.ActiveCfg = Release|Any CPU
		{98F71271-4E9B-4E1B-9C6A-8765050998E5}.NDoc|Any CPU.Build.0 = Release|Any CPU
		{98F71271-4E9B-4E1B-9C6A-8765050998E5}.NDoc|Mixed Platforms.ActiveCfg = Release|Any CPU
		{98F71271-4E9B-4E1B-9C6A-8765050998E5}.NDoc|Mixed Platforms.Build.0 = Release|Any CPU
		{98F71271-4E9B-4E1B-9C6A-8765050998E5}.NDoc|Win32.ActiveCfg = Release|Any CPU
		{98F71271-4E9B-4E1B-9C6A-8765050998E5}.Release|Any CPU.ActiveCfg = Release|Any CPU
		{98F71271-4E9B-4E1B-9C6A-8765050998E5}.Release|Any CPU.Build.0 = Release|Any CPU
		{98F71271-4E9B-4E1B-9C6A-8765050998E5}.Release|Mixed Platforms.ActiveCfg = Release|Any CPU
		{98F71271-4E9B-4E1B-9C6A-8765050998E5}.Release|Mixed Platforms.Build.0 = Release|Any CPU
		{98F71271-4E9B-4E1B-9C6A-8765050998E5}.Release|Win32.ActiveCfg = Release|Any CPU
		{592DDD2E-6E38-4EB1-AD47-800193530D3B}.Debug|Any CPU.ActiveCfg = Debug|Any CPU
		{592DDD2E-6E38-4EB1-AD47-800193530D3B}.Debug|Any CPU.Build.0 = Debug|Any CPU
		{592DDD2E-6E38-4EB1-AD47-800193530D3B}.Debug|Mixed Platforms.ActiveCfg = Debug|Any CPU
		{592DDD2E-6E38-4EB1-AD47-800193530D3B}.Debug|Mixed Platforms.Build.0 = Debug|Any CPU
		{592DDD2E-6E38-4EB1-AD47-800193530D3B}.Debug|Win32.ActiveCfg = Debug|Any CPU
		{592DDD2E-6E38-4EB1-AD47-800193530D3B}.NDoc|Any CPU.ActiveCfg = NDoc|Any CPU
		{592DDD2E-6E38-4EB1-AD47-800193530D3B}.NDoc|Any CPU.Build.0 = NDoc|Any CPU
		{592DDD2E-6E38-4EB1-AD47-800193530D3B}.NDoc|Mixed Platforms.ActiveCfg = NDoc|Any CPU
		{592DDD2E-6E38-4EB1-AD47-800193530D3B}.NDoc|Mixed Platforms.Build.0 = NDoc|Any CPU
		{592DDD2E-6E38-4EB1-AD47-800193530D3B}.NDoc|Win32.ActiveCfg = NDoc|Any CPU
		{592DDD2E-6E38-4EB1-AD47-800193530D3B}.Release|Any CPU.ActiveCfg = Release|Any CPU
		{592DDD2E-6E38-4EB1-AD47-800193530D3B}.Release|Any CPU.Build.0 = Release|Any CPU
		{592DDD2E-6E38-4EB1-AD47-800193530D3B}.Release|Mixed Platforms.ActiveCfg = Release|Any CPU
		{592DDD2E-6E38-4EB1-AD47-800193530D3B}.Release|Mixed Platforms.Build.0 = Release|Any CPU
		{592DDD2E-6E38-4EB1-AD47-800193530D3B}.Release|Win32.ActiveCfg = Release|Any CPU
		{AE4AA2A9-8D98-4F63-8ADF-561B3BF14D66}.Debug|Any CPU.ActiveCfg = Debug|Any CPU
		{AE4AA2A9-8D98-4F63-8ADF-561B3BF14D66}.Debug|Any CPU.Build.0 = Debug|Any CPU
		{AE4AA2A9-8D98-4F63-8ADF-561B3BF14D66}.Debug|Mixed Platforms.ActiveCfg = Debug|Any CPU
		{AE4AA2A9-8D98-4F63-8ADF-561B3BF14D66}.Debug|Mixed Platforms.Build.0 = Debug|Any CPU
		{AE4AA2A9-8D98-4F63-8ADF-561B3BF14D66}.Debug|Win32.ActiveCfg = Debug|Any CPU
		{AE4AA2A9-8D98-4F63-8ADF-561B3BF14D66}.NDoc|Any CPU.ActiveCfg = NDoc|Any CPU
		{AE4AA2A9-8D98-4F63-8ADF-561B3BF14D66}.NDoc|Any CPU.Build.0 = NDoc|Any CPU
		{AE4AA2A9-8D98-4F63-8ADF-561B3BF14D66}.NDoc|Mixed Platforms.ActiveCfg = NDoc|Any CPU
		{AE4AA2A9-8D98-4F63-8ADF-561B3BF14D66}.NDoc|Mixed Platforms.Build.0 = NDoc|Any CPU
		{AE4AA2A9-8D98-4F63-8ADF-561B3BF14D66}.NDoc|Win32.ActiveCfg = NDoc|Any CPU
		{AE4AA2A9-8D98-4F63-8ADF-561B3BF14D66}.Release|Any CPU.ActiveCfg = Release|Any CPU
		{AE4AA2A9-8D98-4F63-8ADF-561B3BF14D66}.Release|Any CPU.Build.0 = Release|Any CPU
		{AE4AA2A9-8D98-4F63-8ADF-561B3BF14D66}.Release|Mixed Platforms.ActiveCfg = Release|Any CPU
		{AE4AA2A9-8D98-4F63-8ADF-561B3BF14D66}.Release|Mixed Platforms.Build.0 = Release|Any CPU
		{AE4AA2A9-8D98-4F63-8ADF-561B3BF14D66}.Release|Win32.ActiveCfg = Release|Any CPU
		{B199F27E-5406-4DAC-B8BE-E814DA5C0964}.Debug|Any CPU.ActiveCfg = Debug|Any CPU
		{B199F27E-5406-4DAC-B8BE-E814DA5C0964}.Debug|Any CPU.Build.0 = Debug|Any CPU
		{B199F27E-5406-4DAC-B8BE-E814DA5C0964}.Debug|Mixed Platforms.ActiveCfg = Debug|Any CPU
		{B199F27E-5406-4DAC-B8BE-E814DA5C0964}.Debug|Mixed Platforms.Build.0 = Debug|Any CPU
		{B199F27E-5406-4DAC-B8BE-E814DA5C0964}.Debug|Win32.ActiveCfg = Debug|Any CPU
		{B199F27E-5406-4DAC-B8BE-E814DA5C0964}.NDoc|Any CPU.ActiveCfg = Release|Any CPU
		{B199F27E-5406-4DAC-B8BE-E814DA5C0964}.NDoc|Any CPU.Build.0 = Release|Any CPU
		{B199F27E-5406-4DAC-B8BE-E814DA5C0964}.NDoc|Mixed Platforms.ActiveCfg = Release|Any CPU
		{B199F27E-5406-4DAC-B8BE-E814DA5C0964}.NDoc|Mixed Platforms.Build.0 = Release|Any CPU
		{B199F27E-5406-4DAC-B8BE-E814DA5C0964}.NDoc|Win32.ActiveCfg = Release|Any CPU
		{B199F27E-5406-4DAC-B8BE-E814DA5C0964}.Release|Any CPU.ActiveCfg = Release|Any CPU
		{B199F27E-5406-4DAC-B8BE-E814DA5C0964}.Release|Any CPU.Build.0 = Release|Any CPU
		{B199F27E-5406-4DAC-B8BE-E814DA5C0964}.Release|Mixed Platforms.ActiveCfg = Release|Any CPU
		{B199F27E-5406-4DAC-B8BE-E814DA5C0964}.Release|Mixed Platforms.Build.0 = Release|Any CPU
		{B199F27E-5406-4DAC-B8BE-E814DA5C0964}.Release|Win32.ActiveCfg = Release|Any CPU
		{CDD70D03-6889-4436-BE73-886A44328547}.Debug|Any CPU.ActiveCfg = Debug|Any CPU
		{CDD70D03-6889-4436-BE73-886A44328547}.Debug|Any CPU.Build.0 = Debug|Any CPU
		{CDD70D03-6889-4436-BE73-886A44328547}.Debug|Mixed Platforms.ActiveCfg = Debug|Any CPU
		{CDD70D03-6889-4436-BE73-886A44328547}.Debug|Mixed Platforms.Build.0 = Debug|Any CPU
		{CDD70D03-6889-4436-BE73-886A44328547}.Debug|Win32.ActiveCfg = Debug|Any CPU
		{CDD70D03-6889-4436-BE73-886A44328547}.NDoc|Any CPU.ActiveCfg = Release|Any CPU
		{CDD70D03-6889-4436-BE73-886A44328547}.NDoc|Any CPU.Build.0 = Release|Any CPU
		{CDD70D03-6889-4436-BE73-886A44328547}.NDoc|Mixed Platforms.ActiveCfg = Release|Any CPU
		{CDD70D03-6889-4436-BE73-886A44328547}.NDoc|Mixed Platforms.Build.0 = Release|Any CPU
		{CDD70D03-6889-4436-BE73-886A44328547}.NDoc|Win32.ActiveCfg = Release|Any CPU
		{CDD70D03-6889-4436-BE73-886A44328547}.Release|Any CPU.ActiveCfg = Release|Any CPU
		{CDD70D03-6889-4436-BE73-886A44328547}.Release|Any CPU.Build.0 = Release|Any CPU
		{CDD70D03-6889-4436-BE73-886A44328547}.Release|Mixed Platforms.ActiveCfg = Release|Any CPU
		{CDD70D03-6889-4436-BE73-886A44328547}.Release|Mixed Platforms.Build.0 = Release|Any CPU
		{CDD70D03-6889-4436-BE73-886A44328547}.Release|Win32.ActiveCfg = Release|Any CPU
		{14AE905B-90DB-4CE3-84C3-F12835236797}.Debug|Any CPU.ActiveCfg = Debug|Any CPU
		{14AE905B-90DB-4CE3-84C3-F12835236797}.Debug|Any CPU.Build.0 = Debug|Any CPU
		{14AE905B-90DB-4CE3-84C3-F12835236797}.Debug|Mixed Platforms.ActiveCfg = Debug|Any CPU
		{14AE905B-90DB-4CE3-84C3-F12835236797}.Debug|Mixed Platforms.Build.0 = Debug|Any CPU
		{14AE905B-90DB-4CE3-84C3-F12835236797}.Debug|Win32.ActiveCfg = Debug|Any CPU
		{14AE905B-90DB-4CE3-84C3-F12835236797}.NDoc|Any CPU.ActiveCfg = Release|Any CPU
		{14AE905B-90DB-4CE3-84C3-F12835236797}.NDoc|Any CPU.Build.0 = Release|Any CPU
		{14AE905B-90DB-4CE3-84C3-F12835236797}.NDoc|Mixed Platforms.ActiveCfg = Release|Any CPU
		{14AE905B-90DB-4CE3-84C3-F12835236797}.NDoc|Mixed Platforms.Build.0 = Release|Any CPU
		{14AE905B-90DB-4CE3-84C3-F12835236797}.NDoc|Win32.ActiveCfg = Release|Any CPU
		{14AE905B-90DB-4CE3-84C3-F12835236797}.Release|Any CPU.ActiveCfg = Release|Any CPU
		{14AE905B-90DB-4CE3-84C3-F12835236797}.Release|Any CPU.Build.0 = Release|Any CPU
		{14AE905B-90DB-4CE3-84C3-F12835236797}.Release|Mixed Platforms.ActiveCfg = Release|Any CPU
		{14AE905B-90DB-4CE3-84C3-F12835236797}.Release|Mixed Platforms.Build.0 = Release|Any CPU
		{14AE905B-90DB-4CE3-84C3-F12835236797}.Release|Win32.ActiveCfg = Release|Any CPU
		{879D51CE-CD23-4C7E-8640-64562CDED669}.Debug|Any CPU.ActiveCfg = Debug|Any CPU
		{879D51CE-CD23-4C7E-8640-64562CDED669}.Debug|Any CPU.Build.0 = Debug|Any CPU
		{879D51CE-CD23-4C7E-8640-64562CDED669}.Debug|Mixed Platforms.ActiveCfg = Debug|Any CPU
		{879D51CE-CD23-4C7E-8640-64562CDED669}.Debug|Mixed Platforms.Build.0 = Debug|Any CPU
		{879D51CE-CD23-4C7E-8640-64562CDED669}.Debug|Win32.ActiveCfg = Debug|Any CPU
		{879D51CE-CD23-4C7E-8640-64562CDED669}.NDoc|Any CPU.ActiveCfg = Release|Any CPU
		{879D51CE-CD23-4C7E-8640-64562CDED669}.NDoc|Any CPU.Build.0 = Release|Any CPU
		{879D51CE-CD23-4C7E-8640-64562CDED669}.NDoc|Mixed Platforms.ActiveCfg = Release|Any CPU
		{879D51CE-CD23-4C7E-8640-64562CDED669}.NDoc|Mixed Platforms.Build.0 = Release|Any CPU
		{879D51CE-CD23-4C7E-8640-64562CDED669}.NDoc|Win32.ActiveCfg = Release|Any CPU
		{879D51CE-CD23-4C7E-8640-64562CDED669}.Release|Any CPU.ActiveCfg = Release|Any CPU
		{879D51CE-CD23-4C7E-8640-64562CDED669}.Release|Any CPU.Build.0 = Release|Any CPU
		{879D51CE-CD23-4C7E-8640-64562CDED669}.Release|Mixed Platforms.ActiveCfg = Release|Any CPU
		{879D51CE-CD23-4C7E-8640-64562CDED669}.Release|Mixed Platforms.Build.0 = Release|Any CPU
		{879D51CE-CD23-4C7E-8640-64562CDED669}.Release|Win32.ActiveCfg = Release|Any CPU
		{81D7369B-7D0F-4967-9326-AF894DD5AA3B}.Debug|Any CPU.ActiveCfg = Debug|Any CPU
		{81D7369B-7D0F-4967-9326-AF894DD5AA3B}.Debug|Any CPU.Build.0 = Debug|Any CPU
		{81D7369B-7D0F-4967-9326-AF894DD5AA3B}.Debug|Mixed Platforms.ActiveCfg = Debug|Any CPU
		{81D7369B-7D0F-4967-9326-AF894DD5AA3B}.Debug|Mixed Platforms.Build.0 = Debug|Any CPU
		{81D7369B-7D0F-4967-9326-AF894DD5AA3B}.Debug|Win32.ActiveCfg = Debug|Any CPU
		{81D7369B-7D0F-4967-9326-AF894DD5AA3B}.NDoc|Any CPU.ActiveCfg = Release|Any CPU
		{81D7369B-7D0F-4967-9326-AF894DD5AA3B}.NDoc|Any CPU.Build.0 = Release|Any CPU
		{81D7369B-7D0F-4967-9326-AF894DD5AA3B}.NDoc|Mixed Platforms.ActiveCfg = Release|Any CPU
		{81D7369B-7D0F-4967-9326-AF894DD5AA3B}.NDoc|Mixed Platforms.Build.0 = Release|Any CPU
		{81D7369B-7D0F-4967-9326-AF894DD5AA3B}.NDoc|Win32.ActiveCfg = Release|Any CPU
		{81D7369B-7D0F-4967-9326-AF894DD5AA3B}.Release|Any CPU.ActiveCfg = Release|Any CPU
		{81D7369B-7D0F-4967-9326-AF894DD5AA3B}.Release|Any CPU.Build.0 = Release|Any CPU
		{81D7369B-7D0F-4967-9326-AF894DD5AA3B}.Release|Mixed Platforms.ActiveCfg = Release|Any CPU
		{81D7369B-7D0F-4967-9326-AF894DD5AA3B}.Release|Mixed Platforms.Build.0 = Release|Any CPU
		{81D7369B-7D0F-4967-9326-AF894DD5AA3B}.Release|Win32.ActiveCfg = Release|Any CPU
		{DBD8D6BF-413E-4DA2-AED0-1262C5A51468}.Debug|Any CPU.ActiveCfg = Debug|Any CPU
		{DBD8D6BF-413E-4DA2-AED0-1262C5A51468}.Debug|Any CPU.Build.0 = Debug|Any CPU
		{DBD8D6BF-413E-4DA2-AED0-1262C5A51468}.Debug|Mixed Platforms.ActiveCfg = Debug|Any CPU
		{DBD8D6BF-413E-4DA2-AED0-1262C5A51468}.Debug|Mixed Platforms.Build.0 = Debug|Any CPU
		{DBD8D6BF-413E-4DA2-AED0-1262C5A51468}.Debug|Win32.ActiveCfg = Debug|Any CPU
		{DBD8D6BF-413E-4DA2-AED0-1262C5A51468}.NDoc|Any CPU.ActiveCfg = Release|Any CPU
		{DBD8D6BF-413E-4DA2-AED0-1262C5A51468}.NDoc|Any CPU.Build.0 = Release|Any CPU
		{DBD8D6BF-413E-4DA2-AED0-1262C5A51468}.NDoc|Mixed Platforms.ActiveCfg = Release|Any CPU
		{DBD8D6BF-413E-4DA2-AED0-1262C5A51468}.NDoc|Mixed Platforms.Build.0 = Release|Any CPU
		{DBD8D6BF-413E-4DA2-AED0-1262C5A51468}.NDoc|Win32.ActiveCfg = Release|Any CPU
		{DBD8D6BF-413E-4DA2-AED0-1262C5A51468}.Release|Any CPU.ActiveCfg = Release|Any CPU
		{DBD8D6BF-413E-4DA2-AED0-1262C5A51468}.Release|Any CPU.Build.0 = Release|Any CPU
		{DBD8D6BF-413E-4DA2-AED0-1262C5A51468}.Release|Mixed Platforms.ActiveCfg = Release|Any CPU
		{DBD8D6BF-413E-4DA2-AED0-1262C5A51468}.Release|Mixed Platforms.Build.0 = Release|Any CPU
		{DBD8D6BF-413E-4DA2-AED0-1262C5A51468}.Release|Win32.ActiveCfg = Release|Any CPU
		{0C4FB95A-122E-4A08-8C55-03BE2B6ADE42}.Debug|Any CPU.ActiveCfg = Debug|Any CPU
		{0C4FB95A-122E-4A08-8C55-03BE2B6ADE42}.Debug|Any CPU.Build.0 = Debug|Any CPU
		{0C4FB95A-122E-4A08-8C55-03BE2B6ADE42}.Debug|Mixed Platforms.ActiveCfg = Debug|Any CPU
		{0C4FB95A-122E-4A08-8C55-03BE2B6ADE42}.Debug|Mixed Platforms.Build.0 = Debug|Any CPU
		{0C4FB95A-122E-4A08-8C55-03BE2B6ADE42}.Debug|Win32.ActiveCfg = Debug|Any CPU
		{0C4FB95A-122E-4A08-8C55-03BE2B6ADE42}.NDoc|Any CPU.ActiveCfg = Release|Any CPU
		{0C4FB95A-122E-4A08-8C55-03BE2B6ADE42}.NDoc|Any CPU.Build.0 = Release|Any CPU
		{0C4FB95A-122E-4A08-8C55-03BE2B6ADE42}.NDoc|Mixed Platforms.ActiveCfg = Release|Any CPU
		{0C4FB95A-122E-4A08-8C55-03BE2B6ADE42}.NDoc|Mixed Platforms.Build.0 = Release|Any CPU
		{0C4FB95A-122E-4A08-8C55-03BE2B6ADE42}.NDoc|Win32.ActiveCfg = Release|Any CPU
		{0C4FB95A-122E-4A08-8C55-03BE2B6ADE42}.Release|Any CPU.ActiveCfg = Release|Any CPU
		{0C4FB95A-122E-4A08-8C55-03BE2B6ADE42}.Release|Any CPU.Build.0 = Release|Any CPU
		{0C4FB95A-122E-4A08-8C55-03BE2B6ADE42}.Release|Mixed Platforms.ActiveCfg = Release|Any CPU
		{0C4FB95A-122E-4A08-8C55-03BE2B6ADE42}.Release|Mixed Platforms.Build.0 = Release|Any CPU
		{0C4FB95A-122E-4A08-8C55-03BE2B6ADE42}.Release|Win32.ActiveCfg = Release|Any CPU
		{841D6236-761F-4A3D-840C-5745F0833A4C}.Debug|Any CPU.ActiveCfg = Debug|Any CPU
		{841D6236-761F-4A3D-840C-5745F0833A4C}.Debug|Any CPU.Build.0 = Debug|Any CPU
		{841D6236-761F-4A3D-840C-5745F0833A4C}.Debug|Mixed Platforms.ActiveCfg = Debug|Any CPU
		{841D6236-761F-4A3D-840C-5745F0833A4C}.Debug|Mixed Platforms.Build.0 = Debug|Any CPU
		{841D6236-761F-4A3D-840C-5745F0833A4C}.Debug|Win32.ActiveCfg = Debug|Any CPU
		{841D6236-761F-4A3D-840C-5745F0833A4C}.NDoc|Any CPU.ActiveCfg = Release|Any CPU
		{841D6236-761F-4A3D-840C-5745F0833A4C}.NDoc|Any CPU.Build.0 = Release|Any CPU
		{841D6236-761F-4A3D-840C-5745F0833A4C}.NDoc|Mixed Platforms.ActiveCfg = Release|Any CPU
		{841D6236-761F-4A3D-840C-5745F0833A4C}.NDoc|Mixed Platforms.Build.0 = Release|Any CPU
		{841D6236-761F-4A3D-840C-5745F0833A4C}.NDoc|Win32.ActiveCfg = Release|Any CPU
		{841D6236-761F-4A3D-840C-5745F0833A4C}.Release|Any CPU.ActiveCfg = Release|Any CPU
		{841D6236-761F-4A3D-840C-5745F0833A4C}.Release|Any CPU.Build.0 = Release|Any CPU
		{841D6236-761F-4A3D-840C-5745F0833A4C}.Release|Mixed Platforms.ActiveCfg = Release|Any CPU
		{841D6236-761F-4A3D-840C-5745F0833A4C}.Release|Mixed Platforms.Build.0 = Release|Any CPU
		{841D6236-761F-4A3D-840C-5745F0833A4C}.Release|Win32.ActiveCfg = Release|Any CPU
		{F8D9E178-27FE-4218-BA9E-1FED20449EB9}.Debug|Any CPU.ActiveCfg = Debug|Any CPU
		{F8D9E178-27FE-4218-BA9E-1FED20449EB9}.Debug|Any CPU.Build.0 = Debug|Any CPU
		{F8D9E178-27FE-4218-BA9E-1FED20449EB9}.Debug|Mixed Platforms.ActiveCfg = Debug|Any CPU
		{F8D9E178-27FE-4218-BA9E-1FED20449EB9}.Debug|Mixed Platforms.Build.0 = Debug|Any CPU
		{F8D9E178-27FE-4218-BA9E-1FED20449EB9}.Debug|Win32.ActiveCfg = Debug|Any CPU
		{F8D9E178-27FE-4218-BA9E-1FED20449EB9}.NDoc|Any CPU.ActiveCfg = Release|Any CPU
		{F8D9E178-27FE-4218-BA9E-1FED20449EB9}.NDoc|Any CPU.Build.0 = Release|Any CPU
		{F8D9E178-27FE-4218-BA9E-1FED20449EB9}.NDoc|Mixed Platforms.ActiveCfg = Release|Any CPU
		{F8D9E178-27FE-4218-BA9E-1FED20449EB9}.NDoc|Mixed Platforms.Build.0 = Release|Any CPU
		{F8D9E178-27FE-4218-BA9E-1FED20449EB9}.NDoc|Win32.ActiveCfg = Release|Any CPU
		{F8D9E178-27FE-4218-BA9E-1FED20449EB9}.Release|Any CPU.ActiveCfg = Release|Any CPU
		{F8D9E178-27FE-4218-BA9E-1FED20449EB9}.Release|Any CPU.Build.0 = Release|Any CPU
		{F8D9E178-27FE-4218-BA9E-1FED20449EB9}.Release|Mixed Platforms.ActiveCfg = Release|Any CPU
		{F8D9E178-27FE-4218-BA9E-1FED20449EB9}.Release|Mixed Platforms.Build.0 = Release|Any CPU
		{F8D9E178-27FE-4218-BA9E-1FED20449EB9}.Release|Win32.ActiveCfg = Release|Any CPU
		{864E3713-F680-4491-A032-E3F8C6B63C14}.Debug|Any CPU.ActiveCfg = Debug|Any CPU
		{864E3713-F680-4491-A032-E3F8C6B63C14}.Debug|Any CPU.Build.0 = Debug|Any CPU
		{864E3713-F680-4491-A032-E3F8C6B63C14}.Debug|Mixed Platforms.ActiveCfg = Debug|Any CPU
		{864E3713-F680-4491-A032-E3F8C6B63C14}.Debug|Mixed Platforms.Build.0 = Debug|Any CPU
		{864E3713-F680-4491-A032-E3F8C6B63C14}.Debug|Win32.ActiveCfg = Debug|Any CPU
		{864E3713-F680-4491-A032-E3F8C6B63C14}.NDoc|Any CPU.ActiveCfg = Release|Any CPU
		{864E3713-F680-4491-A032-E3F8C6B63C14}.NDoc|Any CPU.Build.0 = Release|Any CPU
		{864E3713-F680-4491-A032-E3F8C6B63C14}.NDoc|Mixed Platforms.ActiveCfg = Release|Any CPU
		{864E3713-F680-4491-A032-E3F8C6B63C14}.NDoc|Mixed Platforms.Build.0 = Release|Any CPU
		{864E3713-F680-4491-A032-E3F8C6B63C14}.NDoc|Win32.ActiveCfg = Release|Any CPU
		{864E3713-F680-4491-A032-E3F8C6B63C14}.Release|Any CPU.ActiveCfg = Release|Any CPU
		{864E3713-F680-4491-A032-E3F8C6B63C14}.Release|Any CPU.Build.0 = Release|Any CPU
		{864E3713-F680-4491-A032-E3F8C6B63C14}.Release|Mixed Platforms.ActiveCfg = Release|Any CPU
		{864E3713-F680-4491-A032-E3F8C6B63C14}.Release|Mixed Platforms.Build.0 = Release|Any CPU
		{864E3713-F680-4491-A032-E3F8C6B63C14}.Release|Win32.ActiveCfg = Release|Any CPU
		{5DCBFCF2-E434-4151-8B59-A5431E3C22FC}.Debug|Any CPU.ActiveCfg = Debug|Any CPU
		{5DCBFCF2-E434-4151-8B59-A5431E3C22FC}.Debug|Any CPU.Build.0 = Debug|Any CPU
		{5DCBFCF2-E434-4151-8B59-A5431E3C22FC}.Debug|Mixed Platforms.ActiveCfg = Debug|Any CPU
		{5DCBFCF2-E434-4151-8B59-A5431E3C22FC}.Debug|Mixed Platforms.Build.0 = Debug|Any CPU
		{5DCBFCF2-E434-4151-8B59-A5431E3C22FC}.Debug|Win32.ActiveCfg = Debug|Any CPU
		{5DCBFCF2-E434-4151-8B59-A5431E3C22FC}.NDoc|Any CPU.ActiveCfg = Release|Any CPU
		{5DCBFCF2-E434-4151-8B59-A5431E3C22FC}.NDoc|Any CPU.Build.0 = Release|Any CPU
		{5DCBFCF2-E434-4151-8B59-A5431E3C22FC}.NDoc|Mixed Platforms.ActiveCfg = Release|Any CPU
		{5DCBFCF2-E434-4151-8B59-A5431E3C22FC}.NDoc|Mixed Platforms.Build.0 = Release|Any CPU
		{5DCBFCF2-E434-4151-8B59-A5431E3C22FC}.NDoc|Win32.ActiveCfg = Release|Any CPU
		{5DCBFCF2-E434-4151-8B59-A5431E3C22FC}.Release|Any CPU.ActiveCfg = Release|Any CPU
		{5DCBFCF2-E434-4151-8B59-A5431E3C22FC}.Release|Any CPU.Build.0 = Release|Any CPU
		{5DCBFCF2-E434-4151-8B59-A5431E3C22FC}.Release|Mixed Platforms.ActiveCfg = Release|Any CPU
		{5DCBFCF2-E434-4151-8B59-A5431E3C22FC}.Release|Mixed Platforms.Build.0 = Release|Any CPU
		{5DCBFCF2-E434-4151-8B59-A5431E3C22FC}.Release|Win32.ActiveCfg = Release|Any CPU
		{23EA58F7-930E-4361-9F64-E453B8C4EC86}.Debug|Any CPU.ActiveCfg = Debug|Any CPU
		{23EA58F7-930E-4361-9F64-E453B8C4EC86}.Debug|Any CPU.Build.0 = Debug|Any CPU
		{23EA58F7-930E-4361-9F64-E453B8C4EC86}.Debug|Mixed Platforms.ActiveCfg = Debug|Any CPU
		{23EA58F7-930E-4361-9F64-E453B8C4EC86}.Debug|Mixed Platforms.Build.0 = Debug|Any CPU
		{23EA58F7-930E-4361-9F64-E453B8C4EC86}.Debug|Win32.ActiveCfg = Debug|Any CPU
		{23EA58F7-930E-4361-9F64-E453B8C4EC86}.NDoc|Any CPU.ActiveCfg = Release|Any CPU
		{23EA58F7-930E-4361-9F64-E453B8C4EC86}.NDoc|Any CPU.Build.0 = Release|Any CPU
		{23EA58F7-930E-4361-9F64-E453B8C4EC86}.NDoc|Mixed Platforms.ActiveCfg = Release|Any CPU
		{23EA58F7-930E-4361-9F64-E453B8C4EC86}.NDoc|Mixed Platforms.Build.0 = Release|Any CPU
		{23EA58F7-930E-4361-9F64-E453B8C4EC86}.NDoc|Win32.ActiveCfg = Release|Any CPU
		{23EA58F7-930E-4361-9F64-E453B8C4EC86}.Release|Any CPU.ActiveCfg = Release|Any CPU
		{23EA58F7-930E-4361-9F64-E453B8C4EC86}.Release|Any CPU.Build.0 = Release|Any CPU
		{23EA58F7-930E-4361-9F64-E453B8C4EC86}.Release|Mixed Platforms.ActiveCfg = Release|Any CPU
		{23EA58F7-930E-4361-9F64-E453B8C4EC86}.Release|Mixed Platforms.Build.0 = Release|Any CPU
		{23EA58F7-930E-4361-9F64-E453B8C4EC86}.Release|Win32.ActiveCfg = Release|Any CPU
		{3D2BEF03-E412-4E94-91EA-B6074F4AEB10}.Debug|Any CPU.ActiveCfg = Debug|Any CPU
		{3D2BEF03-E412-4E94-91EA-B6074F4AEB10}.Debug|Any CPU.Build.0 = Debug|Any CPU
		{3D2BEF03-E412-4E94-91EA-B6074F4AEB10}.Debug|Mixed Platforms.ActiveCfg = Debug|Any CPU
		{3D2BEF03-E412-4E94-91EA-B6074F4AEB10}.Debug|Mixed Platforms.Build.0 = Debug|Any CPU
		{3D2BEF03-E412-4E94-91EA-B6074F4AEB10}.Debug|Win32.ActiveCfg = Debug|Any CPU
		{3D2BEF03-E412-4E94-91EA-B6074F4AEB10}.NDoc|Any CPU.ActiveCfg = Release|Any CPU
		{3D2BEF03-E412-4E94-91EA-B6074F4AEB10}.NDoc|Any CPU.Build.0 = Release|Any CPU
		{3D2BEF03-E412-4E94-91EA-B6074F4AEB10}.NDoc|Mixed Platforms.ActiveCfg = Release|Any CPU
		{3D2BEF03-E412-4E94-91EA-B6074F4AEB10}.NDoc|Mixed Platforms.Build.0 = Release|Any CPU
		{3D2BEF03-E412-4E94-91EA-B6074F4AEB10}.NDoc|Win32.ActiveCfg = Release|Any CPU
		{3D2BEF03-E412-4E94-91EA-B6074F4AEB10}.Release|Any CPU.ActiveCfg = Release|Any CPU
		{3D2BEF03-E412-4E94-91EA-B6074F4AEB10}.Release|Any CPU.Build.0 = Release|Any CPU
		{3D2BEF03-E412-4E94-91EA-B6074F4AEB10}.Release|Mixed Platforms.ActiveCfg = Release|Any CPU
		{3D2BEF03-E412-4E94-91EA-B6074F4AEB10}.Release|Mixed Platforms.Build.0 = Release|Any CPU
		{3D2BEF03-E412-4E94-91EA-B6074F4AEB10}.Release|Win32.ActiveCfg = Release|Any CPU
	EndGlobalSection
	GlobalSection(SolutionProperties) = preSolution
		HideSolutionNode = FALSE
	EndGlobalSection
EndGlobal
